{
  "version": 4,
  "terraform_version": "1.15.1",
  "serial": 12,
  "lineage": "300b25e0-61e2-69dc-0489-ef1530d8d169",
  "outputs": {
    "roboshop_instances": {
      "value": [
        {
          "ami": "ami-0220d79f3f480ecf5",
          "arn": "arn:aws:ec2:us-east-1:948966750052:instance/i-0e7c8c2436dc8e9c5",
          "associate_public_ip_address": true,
          "availability_zone": "us-east-1d",
          "capacity_reservation_specification": [
            {
              "capacity_reservation_preference": "open",
              "capacity_reservation_target": []
            }
          ],
          "cpu_options": [
            {
              "amd_sev_snp": "",
              "core_count": 1,
              "nested_virtualization": "",
              "threads_per_core": 2
            }
          ],
          "credit_specification": [
            {
              "cpu_credits": "unlimited"
            }
          ],
          "disable_api_stop": false,
          "disable_api_termination": false,
          "ebs_block_device": [],
          "ebs_optimized": false,
          "enable_primary_ipv6": null,
          "enclave_options": [
            {
              "enabled": false
            }
          ],
          "ephemeral_block_device": [],
          "force_destroy": false,
          "get_password_data": false,
          "hibernation": false,
          "host_id": "",
          "host_resource_group_arn": null,
          "iam_instance_profile": "",
          "id": "i-0e7c8c2436dc8e9c5",
          "instance_initiated_shutdown_behavior": "stop",
          "instance_lifecycle": "",
          "instance_market_options": [],
          "instance_state": "running",
          "instance_type": "t3.small",
          "ipv6_address_count": 0,
          "ipv6_addresses": [],
          "key_name": "",
          "launch_template": [],
          "maintenance_options": [
            {
              "auto_recovery": "default"
            }
          ],
          "metadata_options": [
            {
              "http_endpoint": "enabled",
              "http_protocol_ipv6": "disabled",
              "http_put_response_hop_limit": 1,
              "http_tokens": "optional",
              "instance_metadata_tags": "disabled"
            }
          ],
          "monitoring": false,
          "network_interface": [],
          "outpost_arn": "",
          "password_data": "",
          "placement_group": "",
          "placement_group_id": "",
          "placement_partition_number": 0,
          "primary_network_interface": [
            {
              "delete_on_termination": true,
              "network_interface_id": "eni-04a63209de803fa9f"
            }
          ],
          "primary_network_interface_id": "eni-04a63209de803fa9f",
          "private_dns": "ip-172-31-44-6.ec2.internal",
          "private_dns_name_options": [
            {
              "enable_resource_name_dns_a_record": false,
              "enable_resource_name_dns_aaaa_record": false,
              "hostname_type": "ip-name"
            }
          ],
          "private_ip": "172.31.44.6",
          "public_dns": "ec2-34-226-218-30.compute-1.amazonaws.com",
          "public_ip": "34.226.218.30",
          "region": "us-east-1",
          "root_block_device": [
            {
              "delete_on_termination": true,
              "device_name": "/dev/sda1",
              "encrypted": false,
              "iops": 3000,
              "kms_key_id": "",
              "tags": {},
              "tags_all": {},
              "throughput": 125,
              "volume_id": "vol-0fa57b7b54322e0dd",
              "volume_size": 20,
              "volume_type": "gp3"
            }
          ],
          "secondary_network_interface": [],
          "secondary_private_ips": [],
          "security_groups": [
            "From Variables.tf file"
          ],
          "source_dest_check": true,
          "spot_instance_request_id": "",
          "subnet_id": "subnet-0d1f3e16025f18b59",
          "tags": {
            "Name": "mongodb"
          },
          "tags_all": {
            "Name": "mongodb"
          },
          "tenancy": "default",
          "timeouts": null,
          "user_data": null,
          "user_data_base64": null,
          "user_data_replace_on_change": false,
          "volume_tags": null,
          "vpc_security_group_ids": [
            "sg-0cd3fb2fb561900df"
          ]
        },
        {
          "ami": "ami-0220d79f3f480ecf5",
          "arn": "arn:aws:ec2:us-east-1:948966750052:instance/i-01f794cf1d3ba1212",
          "associate_public_ip_address": true,
          "availability_zone": "us-east-1d",
          "capacity_reservation_specification": [
            {
              "capacity_reservation_preference": "open",
              "capacity_reservation_target": []
            }
          ],
          "cpu_options": [
            {
              "amd_sev_snp": "",
              "core_count": 1,
              "nested_virtualization": "",
              "threads_per_core": 2
            }
          ],
          "credit_specification": [
            {
              "cpu_credits": "unlimited"
            }
          ],
          "disable_api_stop": false,
          "disable_api_termination": false,
          "ebs_block_device": [],
          "ebs_optimized": false,
          "enable_primary_ipv6": null,
          "enclave_options": [
            {
              "enabled": false
            }
          ],
          "ephemeral_block_device": [],
          "force_destroy": false,
          "get_password_data": false,
          "hibernation": false,
          "host_id": "",
          "host_resource_group_arn": null,
          "iam_instance_profile": "",
          "id": "i-01f794cf1d3ba1212",
          "instance_initiated_shutdown_behavior": "stop",
          "instance_lifecycle": "",
          "instance_market_options": [],
          "instance_state": "running",
          "instance_type": "t3.small",
          "ipv6_address_count": 0,
          "ipv6_addresses": [],
          "key_name": "",
          "launch_template": [],
          "maintenance_options": [
            {
              "auto_recovery": "default"
            }
          ],
          "metadata_options": [
            {
              "http_endpoint": "enabled",
              "http_protocol_ipv6": "disabled",
              "http_put_response_hop_limit": 1,
              "http_tokens": "optional",
              "instance_metadata_tags": "disabled"
            }
          ],
          "monitoring": false,
          "network_interface": [],
          "outpost_arn": "",
          "password_data": "",
          "placement_group": "",
          "placement_group_id": "",
          "placement_partition_number": 0,
          "primary_network_interface": [
            {
              "delete_on_termination": true,
              "network_interface_id": "eni-0e7e6c14412fe15b8"
            }
          ],
          "primary_network_interface_id": "eni-0e7e6c14412fe15b8",
          "private_dns": "ip-172-31-32-248.ec2.internal",
          "private_dns_name_options": [
            {
              "enable_resource_name_dns_a_record": false,
              "enable_resource_name_dns_aaaa_record": false,
              "hostname_type": "ip-name"
            }
          ],
          "private_ip": "172.31.32.248",
          "public_dns": "ec2-52-200-79-203.compute-1.amazonaws.com",
          "public_ip": "52.200.79.203",
          "region": "us-east-1",
          "root_block_device": [
            {
              "delete_on_termination": true,
              "device_name": "/dev/sda1",
              "encrypted": false,
              "iops": 3000,
              "kms_key_id": "",
              "tags": {},
              "tags_all": {},
              "throughput": 125,
              "volume_id": "vol-03f3f5fad1a85f585",
              "volume_size": 20,
              "volume_type": "gp3"
            }
          ],
          "secondary_network_interface": [],
          "secondary_private_ips": [],
          "security_groups": [
            "From Variables.tf file"
          ],
          "source_dest_check": true,
          "spot_instance_request_id": "",
          "subnet_id": "subnet-0d1f3e16025f18b59",
          "tags": {
            "Name": "mysql"
          },
          "tags_all": {
            "Name": "mysql"
          },
          "tenancy": "default",
          "timeouts": null,
          "user_data": null,
          "user_data_base64": null,
          "user_data_replace_on_change": false,
          "volume_tags": null,
          "vpc_security_group_ids": [
            "sg-0cd3fb2fb561900df"
          ]
        },
        {
          "ami": "ami-0220d79f3f480ecf5",
          "arn": "arn:aws:ec2:us-east-1:948966750052:instance/i-0eb9c9685528e425c",
          "associate_public_ip_address": true,
          "availability_zone": "us-east-1d",
          "capacity_reservation_specification": [
            {
              "capacity_reservation_preference": "open",
              "capacity_reservation_target": []
            }
          ],
          "cpu_options": [
            {
              "amd_sev_snp": "",
              "core_count": 1,
              "nested_virtualization": "",
              "threads_per_core": 2
            }
          ],
          "credit_specification": [
            {
              "cpu_credits": "unlimited"
            }
          ],
          "disable_api_stop": false,
          "disable_api_termination": false,
          "ebs_block_device": [],
          "ebs_optimized": false,
          "enable_primary_ipv6": null,
          "enclave_options": [
            {
              "enabled": false
            }
          ],
          "ephemeral_block_device": [],
          "force_destroy": false,
          "get_password_data": false,
          "hibernation": false,
          "host_id": "",
          "host_resource_group_arn": null,
          "iam_instance_profile": "",
          "id": "i-0eb9c9685528e425c",
          "instance_initiated_shutdown_behavior": "stop",
          "instance_lifecycle": "",
          "instance_market_options": [],
          "instance_state": "running",
          "instance_type": "t3.small",
          "ipv6_address_count": 0,
          "ipv6_addresses": [],
          "key_name": "",
          "launch_template": [],
          "maintenance_options": [
            {
              "auto_recovery": "default"
            }
          ],
          "metadata_options": [
            {
              "http_endpoint": "enabled",
              "http_protocol_ipv6": "disabled",
              "http_put_response_hop_limit": 1,
              "http_tokens": "optional",
              "instance_metadata_tags": "disabled"
            }
          ],
          "monitoring": false,
          "network_interface": [],
          "outpost_arn": "",
          "password_data": "",
          "placement_group": "",
          "placement_group_id": "",
          "placement_partition_number": 0,
          "primary_network_interface": [
            {
              "delete_on_termination": true,
              "network_interface_id": "eni-0a73ecc154f4776cc"
            }
          ],
          "primary_network_interface_id": "eni-0a73ecc154f4776cc",
          "private_dns": "ip-172-31-41-68.ec2.internal",
          "private_dns_name_options": [
            {
              "enable_resource_name_dns_a_record": false,
              "enable_resource_name_dns_aaaa_record": false,
              "hostname_type": "ip-name"
            }
          ],
          "private_ip": "172.31.41.68",
          "public_dns": "ec2-54-211-192-132.compute-1.amazonaws.com",
          "public_ip": "54.211.192.132",
          "region": "us-east-1",
          "root_block_device": [
            {
              "delete_on_termination": true,
              "device_name": "/dev/sda1",
              "encrypted": false,
              "iops": 3000,
              "kms_key_id": "",
              "tags": {},
              "tags_all": {},
              "throughput": 125,
              "volume_id": "vol-0b910879a39bffdf6",
              "volume_size": 20,
              "volume_type": "gp3"
            }
          ],
          "secondary_network_interface": [],
          "secondary_private_ips": [],
          "security_groups": [
            "From Variables.tf file"
          ],
          "source_dest_check": true,
          "spot_instance_request_id": "",
          "subnet_id": "subnet-0d1f3e16025f18b59",
          "tags": {
            "Name": "catalogue"
          },
          "tags_all": {
            "Name": "catalogue"
          },
          "tenancy": "default",
          "timeouts": null,
          "user_data": null,
          "user_data_base64": null,
          "user_data_replace_on_change": false,
          "volume_tags": null,
          "vpc_security_group_ids": [
            "sg-0cd3fb2fb561900df"
          ]
        },
        {
          "ami": "ami-0220d79f3f480ecf5",
          "arn": "arn:aws:ec2:us-east-1:948966750052:instance/i-0e254b93c56784d95",
          "associate_public_ip_address": true,
          "availability_zone": "us-east-1d",
          "capacity_reservation_specification": [
            {
              "capacity_reservation_preference": "open",
              "capacity_reservation_target": []
            }
          ],
          "cpu_options": [
            {
              "amd_sev_snp": "",
              "core_count": 1,
              "nested_virtualization": "",
              "threads_per_core": 2
            }
          ],
          "credit_specification": [
            {
              "cpu_credits": "unlimited"
            }
          ],
          "disable_api_stop": false,
          "disable_api_termination": false,
          "ebs_block_device": [],
          "ebs_optimized": false,
          "enable_primary_ipv6": null,
          "enclave_options": [
            {
              "enabled": false
            }
          ],
          "ephemeral_block_device": [],
          "force_destroy": false,
          "get_password_data": false,
          "hibernation": false,
          "host_id": "",
          "host_resource_group_arn": null,
          "iam_instance_profile": "",
          "id": "i-0e254b93c56784d95",
          "instance_initiated_shutdown_behavior": "stop",
          "instance_lifecycle": "",
          "instance_market_options": [],
          "instance_state": "running",
          "instance_type": "t3.small",
          "ipv6_address_count": 0,
          "ipv6_addresses": [],
          "key_name": "",
          "launch_template": [],
          "maintenance_options": [
            {
              "auto_recovery": "default"
            }
          ],
          "metadata_options": [
            {
              "http_endpoint": "enabled",
              "http_protocol_ipv6": "disabled",
              "http_put_response_hop_limit": 1,
              "http_tokens": "optional",
              "instance_metadata_tags": "disabled"
            }
          ],
          "monitoring": false,
          "network_interface": [],
          "outpost_arn": "",
          "password_data": "",
          "placement_group": "",
          "placement_group_id": "",
          "placement_partition_number": 0,
          "primary_network_interface": [
            {
              "delete_on_termination": true,
              "network_interface_id": "eni-0a4dc8fa953a8c91d"
            }
          ],
          "primary_network_interface_id": "eni-0a4dc8fa953a8c91d",
          "private_dns": "ip-172-31-37-95.ec2.internal",
          "private_dns_name_options": [
            {
              "enable_resource_name_dns_a_record": false,
              "enable_resource_name_dns_aaaa_record": false,
              "hostname_type": "ip-name"
            }
          ],
          "private_ip": "172.31.37.95",
          "public_dns": "ec2-13-217-22-175.compute-1.amazonaws.com",
          "public_ip": "13.217.22.175",
          "region": "us-east-1",
          "root_block_device": [
            {
              "delete_on_termination": true,
              "device_name": "/dev/sda1",
              "encrypted": false,
              "iops": 3000,
              "kms_key_id": "",
              "tags": {},
              "tags_all": {},
              "throughput": 125,
              "volume_id": "vol-0cfe7cf6f6294e686",
              "volume_size": 20,
              "volume_type": "gp3"
            }
          ],
          "secondary_network_interface": [],
          "secondary_private_ips": [],
          "security_groups": [
            "From Variables.tf file"
          ],
          "source_dest_check": true,
          "spot_instance_request_id": "",
          "subnet_id": "subnet-0d1f3e16025f18b59",
          "tags": {
            "Name": "redis"
          },
          "tags_all": {
            "Name": "redis"
          },
          "tenancy": "default",
          "timeouts": null,
          "user_data": null,
          "user_data_base64": null,
          "user_data_replace_on_change": false,
          "volume_tags": null,
          "vpc_security_group_ids": [
            "sg-0cd3fb2fb561900df"
          ]
        },
        {
          "ami": "ami-0220d79f3f480ecf5",
          "arn": "arn:aws:ec2:us-east-1:948966750052:instance/i-05abbfd0909080186",
          "associate_public_ip_address": true,
          "availability_zone": "us-east-1d",
          "capacity_reservation_specification": [
            {
              "capacity_reservation_preference": "open",
              "capacity_reservation_target": []
            }
          ],
          "cpu_options": [
            {
              "amd_sev_snp": "",
              "core_count": 1,
              "nested_virtualization": "",
              "threads_per_core": 2
            }
          ],
          "credit_specification": [
            {
              "cpu_credits": "unlimited"
            }
          ],
          "disable_api_stop": false,
          "disable_api_termination": false,
          "ebs_block_device": [],
          "ebs_optimized": false,
          "enable_primary_ipv6": null,
          "enclave_options": [
            {
              "enabled": false
            }
          ],
          "ephemeral_block_device": [],
          "force_destroy": false,
          "get_password_data": false,
          "hibernation": false,
          "host_id": "",
          "host_resource_group_arn": null,
          "iam_instance_profile": "",
          "id": "i-05abbfd0909080186",
          "instance_initiated_shutdown_behavior": "stop",
          "instance_lifecycle": "",
          "instance_market_options": [],
          "instance_state": "running",
          "instance_type": "t3.small",
          "ipv6_address_count": 0,
          "ipv6_addresses": [],
          "key_name": "",
          "launch_template": [],
          "maintenance_options": [
            {
              "auto_recovery": "default"
            }
          ],
          "metadata_options": [
            {
              "http_endpoint": "enabled",
              "http_protocol_ipv6": "disabled",
              "http_put_response_hop_limit": 1,
              "http_tokens": "optional",
              "instance_metadata_tags": "disabled"
            }
          ],
          "monitoring": false,
          "network_interface": [],
          "outpost_arn": "",
          "password_data": "",
          "placement_group": "",
          "placement_group_id": "",
          "placement_partition_number": 0,
          "primary_network_interface": [
            {
              "delete_on_termination": true,
              "network_interface_id": "eni-0d847dd277328a607"
            }
          ],
          "primary_network_interface_id": "eni-0d847dd277328a607",
          "private_dns": "ip-172-31-40-26.ec2.internal",
          "private_dns_name_options": [
            {
              "enable_resource_name_dns_a_record": false,
              "enable_resource_name_dns_aaaa_record": false,
              "hostname_type": "ip-name"
            }
          ],
          "private_ip": "172.31.40.26",
          "public_dns": "ec2-3-88-16-32.compute-1.amazonaws.com",
          "public_ip": "3.88.16.32",
          "region": "us-east-1",
          "root_block_device": [
            {
              "delete_on_termination": true,
              "device_name": "/dev/sda1",
              "encrypted": false,
              "iops": 3000,
              "kms_key_id": "",
              "tags": {},
              "tags_all": {},
              "throughput": 125,
              "volume_id": "vol-0c2620c7e9b013b19",
              "volume_size": 20,
              "volume_type": "gp3"
            }
          ],
          "secondary_network_interface": [],
          "secondary_private_ips": [],
          "security_groups": [
            "From Variables.tf file"
          ],
          "source_dest_check": true,
          "spot_instance_request_id": "",
          "subnet_id": "subnet-0d1f3e16025f18b59",
          "tags": {
            "Name": "rabbitmq"
          },
          "tags_all": {
            "Name": "rabbitmq"
          },
          "tenancy": "default",
          "timeouts": null,
          "user_data": null,
          "user_data_base64": null,
          "user_data_replace_on_change": false,
          "volume_tags": null,
          "vpc_security_group_ids": [
            "sg-0cd3fb2fb561900df"
          ]
        },
        {
          "ami": "ami-0220d79f3f480ecf5",
          "arn": "arn:aws:ec2:us-east-1:948966750052:instance/i-0d4d077ebd8c19957",
          "associate_public_ip_address": true,
          "availability_zone": "us-east-1d",
          "capacity_reservation_specification": [
            {
              "capacity_reservation_preference": "open",
              "capacity_reservation_target": []
            }
          ],
          "cpu_options": [
            {
              "amd_sev_snp": "",
              "core_count": 1,
              "nested_virtualization": "",
              "threads_per_core": 2
            }
          ],
          "credit_specification": [
            {
              "cpu_credits": "unlimited"
            }
          ],
          "disable_api_stop": false,
          "disable_api_termination": false,
          "ebs_block_device": [],
          "ebs_optimized": false,
          "enable_primary_ipv6": null,
          "enclave_options": [
            {
              "enabled": false
            }
          ],
          "ephemeral_block_device": [],
          "force_destroy": false,
          "get_password_data": false,
          "hibernation": false,
          "host_id": "",
          "host_resource_group_arn": null,
          "iam_instance_profile": "",
          "id": "i-0d4d077ebd8c19957",
          "instance_initiated_shutdown_behavior": "stop",
          "instance_lifecycle": "",
          "instance_market_options": [],
          "instance_state": "running",
          "instance_type": "t3.small",
          "ipv6_address_count": 0,
          "ipv6_addresses": [],
          "key_name": "",
          "launch_template": [],
          "maintenance_options": [
            {
              "auto_recovery": "default"
            }
          ],
          "metadata_options": [
            {
              "http_endpoint": "enabled",
              "http_protocol_ipv6": "disabled",
              "http_put_response_hop_limit": 1,
              "http_tokens": "optional",
              "instance_metadata_tags": "disabled"
            }
          ],
          "monitoring": false,
          "network_interface": [],
          "outpost_arn": "",
          "password_data": "",
          "placement_group": "",
          "placement_group_id": "",
          "placement_partition_number": 0,
          "primary_network_interface": [
            {
              "delete_on_termination": true,
              "network_interface_id": "eni-0aeb4aa3c6cb5544c"
            }
          ],
          "primary_network_interface_id": "eni-0aeb4aa3c6cb5544c",
          "private_dns": "ip-172-31-40-36.ec2.internal",
          "private_dns_name_options": [
            {
              "enable_resource_name_dns_a_record": false,
              "enable_resource_name_dns_aaaa_record": false,
              "hostname_type": "ip-name"
            }
          ],
          "private_ip": "172.31.40.36",
          "public_dns": "ec2-54-209-107-84.compute-1.amazonaws.com",
          "public_ip": "54.209.107.84",
          "region": "us-east-1",
          "root_block_device": [
            {
              "delete_on_termination": true,
              "device_name": "/dev/sda1",
              "encrypted": false,
              "iops": 3000,
              "kms_key_id": "",
              "tags": {},
              "tags_all": {},
              "throughput": 125,
              "volume_id": "vol-08288f8a020711fde",
              "volume_size": 20,
              "volume_type": "gp3"
            }
          ],
          "secondary_network_interface": [],
          "secondary_private_ips": [],
          "security_groups": [
            "From Variables.tf file"
          ],
          "source_dest_check": true,
          "spot_instance_request_id": "",
          "subnet_id": "subnet-0d1f3e16025f18b59",
          "tags": {
            "Name": "user"
          },
          "tags_all": {
            "Name": "user"
          },
          "tenancy": "default",
          "timeouts": null,
          "user_data": null,
          "user_data_base64": null,
          "user_data_replace_on_change": false,
          "volume_tags": null,
          "vpc_security_group_ids": [
            "sg-0cd3fb2fb561900df"
          ]
        },
        {
          "ami": "ami-0220d79f3f480ecf5",
          "arn": "arn:aws:ec2:us-east-1:948966750052:instance/i-0069af0b921dac6ed",
          "associate_public_ip_address": true,
          "availability_zone": "us-east-1d",
          "capacity_reservation_specification": [
            {
              "capacity_reservation_preference": "open",
              "capacity_reservation_target": []
            }
          ],
          "cpu_options": [
            {
              "amd_sev_snp": "",
              "core_count": 1,
              "nested_virtualization": "",
              "threads_per_core": 2
            }
          ],
          "credit_specification": [
            {
              "cpu_credits": "unlimited"
            }
          ],
          "disable_api_stop": false,
          "disable_api_termination": false,
          "ebs_block_device": [],
          "ebs_optimized": false,
          "enable_primary_ipv6": null,
          "enclave_options": [
            {
              "enabled": false
            }
          ],
          "ephemeral_block_device": [],
          "force_destroy": false,
          "get_password_data": false,
          "hibernation": false,
          "host_id": "",
          "host_resource_group_arn": null,
          "iam_instance_profile": "",
          "id": "i-0069af0b921dac6ed",
          "instance_initiated_shutdown_behavior": "stop",
          "instance_lifecycle": "",
          "instance_market_options": [],
          "instance_state": "running",
          "instance_type": "t3.small",
          "ipv6_address_count": 0,
          "ipv6_addresses": [],
          "key_name": "",
          "launch_template": [],
          "maintenance_options": [
            {
              "auto_recovery": "default"
            }
          ],
          "metadata_options": [
            {
              "http_endpoint": "enabled",
              "http_protocol_ipv6": "disabled",
              "http_put_response_hop_limit": 1,
              "http_tokens": "optional",
              "instance_metadata_tags": "disabled"
            }
          ],
          "monitoring": false,
          "network_interface": [],
          "outpost_arn": "",
          "password_data": "",
          "placement_group": "",
          "placement_group_id": "",
          "placement_partition_number": 0,
          "primary_network_interface": [
            {
              "delete_on_termination": true,
              "network_interface_id": "eni-065511635ac6c3faf"
            }
          ],
          "primary_network_interface_id": "eni-065511635ac6c3faf",
          "private_dns": "ip-172-31-44-254.ec2.internal",
          "private_dns_name_options": [
            {
              "enable_resource_name_dns_a_record": false,
              "enable_resource_name_dns_aaaa_record": false,
              "hostname_type": "ip-name"
            }
          ],
          "private_ip": "172.31.44.254",
          "public_dns": "ec2-13-221-194-8.compute-1.amazonaws.com",
          "public_ip": "13.221.194.8",
          "region": "us-east-1",
          "root_block_device": [
            {
              "delete_on_termination": true,
              "device_name": "/dev/sda1",
              "encrypted": false,
              "iops": 3000,
              "kms_key_id": "",
              "tags": {},
              "tags_all": {},
              "throughput": 125,
              "volume_id": "vol-000939c94e879f123",
              "volume_size": 20,
              "volume_type": "gp3"
            }
          ],
          "secondary_network_interface": [],
          "secondary_private_ips": [],
          "security_groups": [
            "From Variables.tf file"
          ],
          "source_dest_check": true,
          "spot_instance_request_id": "",
          "subnet_id": "subnet-0d1f3e16025f18b59",
          "tags": {
            "Name": "cart"
          },
          "tags_all": {
            "Name": "cart"
          },
          "tenancy": "default",
          "timeouts": null,
          "user_data": null,
          "user_data_base64": null,
          "user_data_replace_on_change": false,
          "volume_tags": null,
          "vpc_security_group_ids": [
            "sg-0cd3fb2fb561900df"
          ]
        },
        {
          "ami": "ami-0220d79f3f480ecf5",
          "arn": "arn:aws:ec2:us-east-1:948966750052:instance/i-051bf51c1070e4515",
          "associate_public_ip_address": true,
          "availability_zone": "us-east-1d",
          "capacity_reservation_specification": [
            {
              "capacity_reservation_preference": "open",
              "capacity_reservation_target": []
            }
          ],
          "cpu_options": [
            {
              "amd_sev_snp": "",
              "core_count": 1,
              "nested_virtualization": "",
              "threads_per_core": 2
            }
          ],
          "credit_specification": [
            {
              "cpu_credits": "unlimited"
            }
          ],
          "disable_api_stop": false,
          "disable_api_termination": false,
          "ebs_block_device": [],
          "ebs_optimized": false,
          "enable_primary_ipv6": null,
          "enclave_options": [
            {
              "enabled": false
            }
          ],
          "ephemeral_block_device": [],
          "force_destroy": false,
          "get_password_data": false,
          "hibernation": false,
          "host_id": "",
          "host_resource_group_arn": null,
          "iam_instance_profile": "",
          "id": "i-051bf51c1070e4515",
          "instance_initiated_shutdown_behavior": "stop",
          "instance_lifecycle": "",
          "instance_market_options": [],
          "instance_state": "running",
          "instance_type": "t3.small",
          "ipv6_address_count": 0,
          "ipv6_addresses": [],
          "key_name": "",
          "launch_template": [],
          "maintenance_options": [
            {
              "auto_recovery": "default"
            }
          ],
          "metadata_options": [
            {
              "http_endpoint": "enabled",
              "http_protocol_ipv6": "disabled",
              "http_put_response_hop_limit": 1,
              "http_tokens": "optional",
              "instance_metadata_tags": "disabled"
            }
          ],
          "monitoring": false,
          "network_interface": [],
          "outpost_arn": "",
          "password_data": "",
          "placement_group": "",
          "placement_group_id": "",
          "placement_partition_number": 0,
          "primary_network_interface": [
            {
              "delete_on_termination": true,
              "network_interface_id": "eni-0964de99f1d68ea70"
            }
          ],
          "primary_network_interface_id": "eni-0964de99f1d68ea70",
          "private_dns": "ip-172-31-43-236.ec2.internal",
          "private_dns_name_options": [
            {
              "enable_resource_name_dns_a_record": false,
              "enable_resource_name_dns_aaaa_record": false,
              "hostname_type": "ip-name"
            }
          ],
          "private_ip": "172.31.43.236",
          "public_dns": "ec2-98-86-221-36.compute-1.amazonaws.com",
          "public_ip": "98.86.221.36",
          "region": "us-east-1",
          "root_block_device": [
            {
              "delete_on_termination": true,
              "device_name": "/dev/sda1",
              "encrypted": false,
              "iops": 3000,
              "kms_key_id": "",
              "tags": {},
              "tags_all": {},
              "throughput": 125,
              "volume_id": "vol-03ff6651bf02c71b1",
              "volume_size": 20,
              "volume_type": "gp3"
            }
          ],
          "secondary_network_interface": [],
          "secondary_private_ips": [],
          "security_groups": [
            "From Variables.tf file"
          ],
          "source_dest_check": true,
          "spot_instance_request_id": "",
          "subnet_id": "subnet-0d1f3e16025f18b59",
          "tags": {
            "Name": "shipping"
          },
          "tags_all": {
            "Name": "shipping"
          },
          "tenancy": "default",
          "timeouts": null,
          "user_data": null,
          "user_data_base64": null,
          "user_data_replace_on_change": false,
          "volume_tags": null,
          "vpc_security_group_ids": [
            "sg-0cd3fb2fb561900df"
          ]
        },
        {
          "ami": "ami-0220d79f3f480ecf5",
          "arn": "arn:aws:ec2:us-east-1:948966750052:instance/i-0dd3ed4440d95b7bf",
          "associate_public_ip_address": true,
          "availability_zone": "us-east-1d",
          "capacity_reservation_specification": [
            {
              "capacity_reservation_preference": "open",
              "capacity_reservation_target": []
            }
          ],
          "cpu_options": [
            {
              "amd_sev_snp": "",
              "core_count": 1,
              "nested_virtualization": "",
              "threads_per_core": 2
            }
          ],
          "credit_specification": [
            {
              "cpu_credits": "unlimited"
            }
          ],
          "disable_api_stop": false,
          "disable_api_termination": false,
          "ebs_block_device": [],
          "ebs_optimized": false,
          "enable_primary_ipv6": null,
          "enclave_options": [
            {
              "enabled": false
            }
          ],
          "ephemeral_block_device": [],
          "force_destroy": false,
          "get_password_data": false,
          "hibernation": false,
          "host_id": "",
          "host_resource_group_arn": null,
          "iam_instance_profile": "",
          "id": "i-0dd3ed4440d95b7bf",
          "instance_initiated_shutdown_behavior": "stop",
          "instance_lifecycle": "",
          "instance_market_options": [],
          "instance_state": "running",
          "instance_type": "t3.small",
          "ipv6_address_count": 0,
          "ipv6_addresses": [],
          "key_name": "",
          "launch_template": [],
          "maintenance_options": [
            {
              "auto_recovery": "default"
            }
          ],
          "metadata_options": [
            {
              "http_endpoint": "enabled",
              "http_protocol_ipv6": "disabled",
              "http_put_response_hop_limit": 1,
              "http_tokens": "optional",
              "instance_metadata_tags": "disabled"
            }
          ],
          "monitoring": false,
          "network_interface": [],
          "outpost_arn": "",
          "password_data": "",
          "placement_group": "",
          "placement_group_id": "",
          "placement_partition_number": 0,
          "primary_network_interface": [
            {
              "delete_on_termination": true,
              "network_interface_id": "eni-015abbfed246ac751"
            }
          ],
          "primary_network_interface_id": "eni-015abbfed246ac751",
          "private_dns": "ip-172-31-45-38.ec2.internal",
          "private_dns_name_options": [
            {
              "enable_resource_name_dns_a_record": false,
              "enable_resource_name_dns_aaaa_record": false,
              "hostname_type": "ip-name"
            }
          ],
          "private_ip": "172.31.45.38",
          "public_dns": "ec2-54-159-121-1.compute-1.amazonaws.com",
          "public_ip": "54.159.121.1",
          "region": "us-east-1",
          "root_block_device": [
            {
              "delete_on_termination": true,
              "device_name": "/dev/sda1",
              "encrypted": false,
              "iops": 3000,
              "kms_key_id": "",
              "tags": {},
              "tags_all": {},
              "throughput": 125,
              "volume_id": "vol-0a9daeb58ca550563",
              "volume_size": 20,
              "volume_type": "gp3"
            }
          ],
          "secondary_network_interface": [],
          "secondary_private_ips": [],
          "security_groups": [
            "From Variables.tf file"
          ],
          "source_dest_check": true,
          "spot_instance_request_id": "",
          "subnet_id": "subnet-0d1f3e16025f18b59",
          "tags": {
            "Name": "payment"
          },
          "tags_all": {
            "Name": "payment"
          },
          "tenancy": "default",
          "timeouts": null,
          "user_data": null,
          "user_data_base64": null,
          "user_data_replace_on_change": false,
          "volume_tags": null,
          "vpc_security_group_ids": [
            "sg-0cd3fb2fb561900df"
          ]
        },
        {
          "ami": "ami-0220d79f3f480ecf5",
          "arn": "arn:aws:ec2:us-east-1:948966750052:instance/i-0ef2d2d980be7bdd2",
          "associate_public_ip_address": true,
          "availability_zone": "us-east-1d",
          "capacity_reservation_specification": [
            {
              "capacity_reservation_preference": "open",
              "capacity_reservation_target": []
            }
          ],
          "cpu_options": [
            {
              "amd_sev_snp": "",
              "core_count": 1,
              "nested_virtualization": "",
              "threads_per_core": 2
            }
          ],
          "credit_specification": [
            {
              "cpu_credits": "unlimited"
            }
          ],
          "disable_api_stop": false,
          "disable_api_termination": false,
          "ebs_block_device": [],
          "ebs_optimized": false,
          "enable_primary_ipv6": null,
          "enclave_options": [
            {
              "enabled": false
            }
          ],
          "ephemeral_block_device": [],
          "force_destroy": false,
          "get_password_data": false,
          "hibernation": false,
          "host_id": "",
          "host_resource_group_arn": null,
          "iam_instance_profile": "",
          "id": "i-0ef2d2d980be7bdd2",
          "instance_initiated_shutdown_behavior": "stop",
          "instance_lifecycle": "",
          "instance_market_options": [],
          "instance_state": "running",
          "instance_type": "t3.small",
          "ipv6_address_count": 0,
          "ipv6_addresses": [],
          "key_name": "",
          "launch_template": [],
          "maintenance_options": [
            {
              "auto_recovery": "default"
            }
          ],
          "metadata_options": [
            {
              "http_endpoint": "enabled",
              "http_protocol_ipv6": "disabled",
              "http_put_response_hop_limit": 1,
              "http_tokens": "optional",
              "instance_metadata_tags": "disabled"
            }
          ],
          "monitoring": false,
          "network_interface": [],
          "outpost_arn": "",
          "password_data": "",
          "placement_group": "",
          "placement_group_id": "",
          "placement_partition_number": 0,
          "primary_network_interface": [
            {
              "delete_on_termination": true,
              "network_interface_id": "eni-06ff12b0b7e323971"
            }
          ],
          "primary_network_interface_id": "eni-06ff12b0b7e323971",
          "private_dns": "ip-172-31-45-122.ec2.internal",
          "private_dns_name_options": [
            {
              "enable_resource_name_dns_a_record": false,
              "enable_resource_name_dns_aaaa_record": false,
              "hostname_type": "ip-name"
            }
          ],
          "private_ip": "172.31.45.122",
          "public_dns": "ec2-54-196-97-1.compute-1.amazonaws.com",
          "public_ip": "54.196.97.1",
          "region": "us-east-1",
          "root_block_device": [
            {
              "delete_on_termination": true,
              "device_name": "/dev/sda1",
              "encrypted": false,
              "iops": 3000,
              "kms_key_id": "",
              "tags": {},
              "tags_all": {},
              "throughput": 125,
              "volume_id": "vol-07d3fdf1ded5d9ea3",
              "volume_size": 20,
              "volume_type": "gp3"
            }
          ],
          "secondary_network_interface": [],
          "secondary_private_ips": [],
          "security_groups": [
            "From Variables.tf file"
          ],
          "source_dest_check": true,
          "spot_instance_request_id": "",
          "subnet_id": "subnet-0d1f3e16025f18b59",
          "tags": {
            "Name": "frontend"
          },
          "tags_all": {
            "Name": "frontend"
          },
          "tenancy": "default",
          "timeouts": null,
          "user_data": null,
          "user_data_base64": null,
          "user_data_replace_on_change": false,
          "volume_tags": null,
          "vpc_security_group_ids": [
            "sg-0cd3fb2fb561900df"
          ]
        }
      ],
      "type": [
        "tuple",
        [
          [
            "object",
            {
              "ami": "string",
              "arn": "string",
              "associate_public_ip_address": "bool",
              "availability_zone": "string",
              "capacity_reservation_specification": [
                "list",
                [
                  "object",
                  {
                    "capacity_reservation_preference": "string",
                    "capacity_reservation_target": [
                      "list",
                      [
                        "object",
                        {
                          "capacity_reservation_id": "string",
                          "capacity_reservation_resource_group_arn": "string"
                        }
                      ]
                    ]
                  }
                ]
              ],
              "cpu_options": [
                "list",
                [
                  "object",
                  {
                    "amd_sev_snp": "string",
                    "core_count": "number",
                    "nested_virtualization": "string",
                    "threads_per_core": "number"
                  }
                ]
              ],
              "credit_specification": [
                "list",
                [
                  "object",
                  {
                    "cpu_credits": "string"
                  }
                ]
              ],
              "disable_api_stop": "bool",
              "disable_api_termination": "bool",
              "ebs_block_device": [
                "set",
                [
                  "object",
                  {
                    "delete_on_termination": "bool",
                    "device_name": "string",
                    "encrypted": "bool",
                    "iops": "number",
                    "kms_key_id": "string",
                    "snapshot_id": "string",
                    "tags": [
                      "map",
                      "string"
                    ],
                    "tags_all": [
                      "map",
                      "string"
                    ],
                    "throughput": "number",
                    "volume_id": "string",
                    "volume_size": "number",
                    "volume_type": "string"
                  }
                ]
              ],
              "ebs_optimized": "bool",
              "enable_primary_ipv6": "bool",
              "enclave_options": [
                "list",
                [
                  "object",
                  {
                    "enabled": "bool"
                  }
                ]
              ],
              "ephemeral_block_device": [
                "set",
                [
                  "object",
                  {
                    "device_name": "string",
                    "no_device": "bool",
                    "virtual_name": "string"
                  }
                ]
              ],
              "force_destroy": "bool",
              "get_password_data": "bool",
              "hibernation": "bool",
              "host_id": "string",
              "host_resource_group_arn": "string",
              "iam_instance_profile": "string",
              "id": "string",
              "instance_initiated_shutdown_behavior": "string",
              "instance_lifecycle": "string",
              "instance_market_options": [
                "list",
                [
                  "object",
                  {
                    "market_type": "string",
                    "spot_options": [
                      "list",
                      [
                        "object",
                        {
                          "instance_interruption_behavior": "string",
                          "max_price": "string",
                          "spot_instance_type": "string",
                          "valid_until": "string"
                        }
                      ]
                    ]
                  }
                ]
              ],
              "instance_state": "string",
              "instance_type": "string",
              "ipv6_address_count": "number",
              "ipv6_addresses": [
                "list",
                "string"
              ],
              "key_name": "string",
              "launch_template": [
                "list",
                [
                  "object",
                  {
                    "id": "string",
                    "name": "string",
                    "version": "string"
                  }
                ]
              ],
              "maintenance_options": [
                "list",
                [
                  "object",
                  {
                    "auto_recovery": "string"
                  }
                ]
              ],
              "metadata_options": [
                "list",
                [
                  "object",
                  {
                    "http_endpoint": "string",
                    "http_protocol_ipv6": "string",
                    "http_put_response_hop_limit": "number",
                    "http_tokens": "string",
                    "instance_metadata_tags": "string"
                  }
                ]
              ],
              "monitoring": "bool",
              "network_interface": [
                "set",
                [
                  "object",
                  {
                    "delete_on_termination": "bool",
                    "device_index": "number",
                    "network_card_index": "number",
                    "network_interface_id": "string"
                  }
                ]
              ],
              "outpost_arn": "string",
              "password_data": "string",
              "placement_group": "string",
              "placement_group_id": "string",
              "placement_partition_number": "number",
              "primary_network_interface": [
                "list",
                [
                  "object",
                  {
                    "delete_on_termination": "bool",
                    "network_interface_id": "string"
                  }
                ]
              ],
              "primary_network_interface_id": "string",
              "private_dns": "string",
              "private_dns_name_options": [
                "list",
                [
                  "object",
                  {
                    "enable_resource_name_dns_a_record": "bool",
                    "enable_resource_name_dns_aaaa_record": "bool",
                    "hostname_type": "string"
                  }
                ]
              ],
              "private_ip": "string",
              "public_dns": "string",
              "public_ip": "string",
              "region": "string",
              "root_block_device": [
                "list",
                [
                  "object",
                  {
                    "delete_on_termination": "bool",
                    "device_name": "string",
                    "encrypted": "bool",
                    "iops": "number",
                    "kms_key_id": "string",
                    "tags": [
                      "map",
                      "string"
                    ],
                    "tags_all": [
                      "map",
                      "string"
                    ],
                    "throughput": "number",
                    "volume_id": "string",
                    "volume_size": "number",
                    "volume_type": "string"
                  }
                ]
              ],
              "secondary_network_interface": [
                "set",
                [
                  "object",
                  {
                    "delete_on_termination": "bool",
                    "device_index": "number",
                    "interface_type": "string",
                    "mac_address": "string",
                    "network_card_index": "number",
                    "private_ip_address_count": "number",
                    "private_ip_addresses": [
                      "list",
                      "string"
                    ],
                    "secondary_interface_id": "string",
                    "secondary_network_id": "string",
                    "secondary_subnet_id": "string",
                    "source_dest_check": "bool",
                    "status": "string"
                  }
                ]
              ],
              "secondary_private_ips": [
                "set",
                "string"
              ],
              "security_groups": [
                "set",
                "string"
              ],
              "source_dest_check": "bool",
              "spot_instance_request_id": "string",
              "subnet_id": "string",
              "tags": [
                "map",
                "string"
              ],
              "tags_all": [
                "map",
                "string"
              ],
              "tenancy": "string",
              "timeouts": [
                "object",
                {
                  "create": "string",
                  "delete": "string",
                  "read": "string",
                  "update": "string"
                }
              ],
              "user_data": "string",
              "user_data_base64": "string",
              "user_data_replace_on_change": "bool",
              "volume_tags": [
                "map",
                "string"
              ],
              "vpc_security_group_ids": [
                "set",
                "string"
              ]
            }
          ],
          [
            "object",
            {
              "ami": "string",
              "arn": "string",
              "associate_public_ip_address": "bool",
              "availability_zone": "string",
              "capacity_reservation_specification": [
                "list",
                [
                  "object",
                  {
                    "capacity_reservation_preference": "string",
                    "capacity_reservation_target": [
                      "list",
                      [
                        "object",
                        {
                          "capacity_reservation_id": "string",
                          "capacity_reservation_resource_group_arn": "string"
                        }
                      ]
                    ]
                  }
                ]
              ],
              "cpu_options": [
                "list",
                [
                  "object",
                  {
                    "amd_sev_snp": "string",
                    "core_count": "number",
                    "nested_virtualization": "string",
                    "threads_per_core": "number"
                  }
                ]
              ],
              "credit_specification": [
                "list",
                [
                  "object",
                  {
                    "cpu_credits": "string"
                  }
                ]
              ],
              "disable_api_stop": "bool",
              "disable_api_termination": "bool",
              "ebs_block_device": [
                "set",
                [
                  "object",
                  {
                    "delete_on_termination": "bool",
                    "device_name": "string",
                    "encrypted": "bool",
                    "iops": "number",
                    "kms_key_id": "string",
                    "snapshot_id": "string",
                    "tags": [
                      "map",
                      "string"
                    ],
                    "tags_all": [
                      "map",
                      "string"
                    ],
                    "throughput": "number",
                    "volume_id": "string",
                    "volume_size": "number",
                    "volume_type": "string"
                  }
                ]
              ],
              "ebs_optimized": "bool",
              "enable_primary_ipv6": "bool",
              "enclave_options": [
                "list",
                [
                  "object",
                  {
                    "enabled": "bool"
                  }
                ]
              ],
              "ephemeral_block_device": [
                "set",
                [
                  "object",
                  {
                    "device_name": "string",
                    "no_device": "bool",
                    "virtual_name": "string"
                  }
                ]
              ],
              "force_destroy": "bool",
              "get_password_data": "bool",
              "hibernation": "bool",
              "host_id": "string",
              "host_resource_group_arn": "string",
              "iam_instance_profile": "string",
              "id": "string",
              "instance_initiated_shutdown_behavior": "string",
              "instance_lifecycle": "string",
              "instance_market_options": [
                "list",
                [
                  "object",
                  {
                    "market_type": "string",
                    "spot_options": [
                      "list",
                      [
                        "object",
                        {
                          "instance_interruption_behavior": "string",
                          "max_price": "string",
                          "spot_instance_type": "string",
                          "valid_until": "string"
                        }
                      ]
                    ]
                  }
                ]
              ],
              "instance_state": "string",
              "instance_type": "string",
              "ipv6_address_count": "number",
              "ipv6_addresses": [
                "list",
                "string"
              ],
              "key_name": "string",
              "launch_template": [
                "list",
                [
                  "object",
                  {
                    "id": "string",
                    "name": "string",
                    "version": "string"
                  }
                ]
              ],
              "maintenance_options": [
                "list",
                [
                  "object",
                  {
                    "auto_recovery": "string"
                  }
                ]
              ],
              "metadata_options": [
                "list",
                [
                  "object",
                  {
                    "http_endpoint": "string",
                    "http_protocol_ipv6": "string",
                    "http_put_response_hop_limit": "number",
                    "http_tokens": "string",
                    "instance_metadata_tags": "string"
                  }
                ]
              ],
              "monitoring": "bool",
              "network_interface": [
                "set",
                [
                  "object",
                  {
                    "delete_on_termination": "bool",
                    "device_index": "number",
                    "network_card_index": "number",
                    "network_interface_id": "string"
                  }
                ]
              ],
              "outpost_arn": "string",
              "password_data": "string",
              "placement_group": "string",
              "placement_group_id": "string",
              "placement_partition_number": "number",
              "primary_network_interface": [
                "list",
                [
                  "object",
                  {
                    "delete_on_termination": "bool",
                    "network_interface_id": "string"
                  }
                ]
              ],
              "primary_network_interface_id": "string",
              "private_dns": "string",
              "private_dns_name_options": [
                "list",
                [
                  "object",
                  {
                    "enable_resource_name_dns_a_record": "bool",
                    "enable_resource_name_dns_aaaa_record": "bool",
                    "hostname_type": "string"
                  }
                ]
              ],
              "private_ip": "string",
              "public_dns": "string",
              "public_ip": "string",
              "region": "string",
              "root_block_device": [
                "list",
                [
                  "object",
                  {
                    "delete_on_termination": "bool",
                    "device_name": "string",
                    "encrypted": "bool",
                    "iops": "number",
                    "kms_key_id": "string",
                    "tags": [
                      "map",
                      "string"
                    ],
                    "tags_all": [
                      "map",
                      "string"
                    ],
                    "throughput": "number",
                    "volume_id": "string",
                    "volume_size": "number",
                    "volume_type": "string"
                  }
                ]
              ],
              "secondary_network_interface": [
                "set",
                [
                  "object",
                  {
                    "delete_on_termination": "bool",
                    "device_index": "number",
                    "interface_type": "string",
                    "mac_address": "string",
                    "network_card_index": "number",
                    "private_ip_address_count": "number",
                    "private_ip_addresses": [
                      "list",
                      "string"
                    ],
                    "secondary_interface_id": "string",
                    "secondary_network_id": "string",
                    "secondary_subnet_id": "string",
                    "source_dest_check": "bool",
                    "status": "string"
                  }
                ]
              ],
              "secondary_private_ips": [
                "set",
                "string"
              ],
              "security_groups": [
                "set",
                "string"
              ],
              "source_dest_check": "bool",
              "spot_instance_request_id": "string",
              "subnet_id": "string",
              "tags": [
                "map",
                "string"
              ],
              "tags_all": [
                "map",
                "string"
              ],
              "tenancy": "string",
              "timeouts": [
                "object",
                {
                  "create": "string",
                  "delete": "string",
                  "read": "string",
                  "update": "string"
                }
              ],
              "user_data": "string",
              "user_data_base64": "string",
              "user_data_replace_on_change": "bool",
              "volume_tags": [
                "map",
                "string"
              ],
              "vpc_security_group_ids": [
                "set",
                "string"
              ]
            }
          ],
          [
            "object",
            {
              "ami": "string",
              "arn": "string",
              "associate_public_ip_address": "bool",
              "availability_zone": "string",
              "capacity_reservation_specification": [
                "list",
                [
                  "object",
                  {
                    "capacity_reservation_preference": "string",
                    "capacity_reservation_target": [
                      "list",
                      [
                        "object",
                        {
                          "capacity_reservation_id": "string",
                          "capacity_reservation_resource_group_arn": "string"
                        }
                      ]
                    ]
                  }
                ]
              ],
              "cpu_options": [
                "list",
                [
                  "object",
                  {
                    "amd_sev_snp": "string",
                    "core_count": "number",
                    "nested_virtualization": "string",
                    "threads_per_core": "number"
                  }
                ]
              ],
              "credit_specification": [
                "list",
                [
                  "object",
                  {
                    "cpu_credits": "string"
                  }
                ]
              ],
              "disable_api_stop": "bool",
              "disable_api_termination": "bool",
              "ebs_block_device": [
                "set",
                [
                  "object",
                  {
                    "delete_on_termination": "bool",
                    "device_name": "string",
                    "encrypted": "bool",
                    "iops": "number",
                    "kms_key_id": "string",
                    "snapshot_id": "string",
                    "tags": [
                      "map",
                      "string"
                    ],
                    "tags_all": [
                      "map",
                      "string"
                    ],
                    "throughput": "number",
                    "volume_id": "string",
                    "volume_size": "number",
                    "volume_type": "string"
                  }
                ]
              ],
              "ebs_optimized": "bool",
              "enable_primary_ipv6": "bool",
              "enclave_options": [
                "list",
                [
                  "object",
                  {
                    "enabled": "bool"
                  }
                ]
              ],
              "ephemeral_block_device": [
                "set",
                [
                  "object",
                  {
                    "device_name": "string",
                    "no_device": "bool",
                    "virtual_name": "string"
                  }
                ]
              ],
              "force_destroy": "bool",
              "get_password_data": "bool",
              "hibernation": "bool",
              "host_id": "string",
              "host_resource_group_arn": "string",
              "iam_instance_profile": "string",
              "id": "string",
              "instance_initiated_shutdown_behavior": "string",
              "instance_lifecycle": "string",
              "instance_market_options": [
                "list",
                [
                  "object",
                  {
                    "market_type": "string",
                    "spot_options": [
                      "list",
                      [
                        "object",
                        {
                          "instance_interruption_behavior": "string",
                          "max_price": "string",
                          "spot_instance_type": "string",
                          "valid_until": "string"
                        }
                      ]
                    ]
                  }
                ]
              ],
              "instance_state": "string",
              "instance_type": "string",
              "ipv6_address_count": "number",
              "ipv6_addresses": [
                "list",
                "string"
              ],
              "key_name": "string",
              "launch_template": [
                "list",
                [
                  "object",
                  {
                    "id": "string",
                    "name": "string",
                    "version": "string"
                  }
                ]
              ],
              "maintenance_options": [
                "list",
                [
                  "object",
                  {
                    "auto_recovery": "string"
                  }
                ]
              ],
              "metadata_options": [
                "list",
                [
                  "object",
                  {
                    "http_endpoint": "string",
                    "http_protocol_ipv6": "string",
                    "http_put_response_hop_limit": "number",
                    "http_tokens": "string",
                    "instance_metadata_tags": "string"
                  }
                ]
              ],
              "monitoring": "bool",
              "network_interface": [
                "set",
                [
                  "object",
                  {
                    "delete_on_termination": "bool",
                    "device_index": "number",
                    "network_card_index": "number",
                    "network_interface_id": "string"
                  }
                ]
              ],
              "outpost_arn": "string",
              "password_data": "string",
              "placement_group": "string",
              "placement_group_id": "string",
              "placement_partition_number": "number",
              "primary_network_interface": [
                "list",
                [
                  "object",
                  {
                    "delete_on_termination": "bool",
                    "network_interface_id": "string"
                  }
                ]
              ],
              "primary_network_interface_id": "string",
              "private_dns": "string",
              "private_dns_name_options": [
                "list",
                [
                  "object",
                  {
                    "enable_resource_name_dns_a_record": "bool",
                    "enable_resource_name_dns_aaaa_record": "bool",
                    "hostname_type": "string"
                  }
                ]
              ],
              "private_ip": "string",
              "public_dns": "string",
              "public_ip": "string",
              "region": "string",
              "root_block_device": [
                "list",
                [
                  "object",
                  {
                    "delete_on_termination": "bool",
                    "device_name": "string",
                    "encrypted": "bool",
                    "iops": "number",
                    "kms_key_id": "string",
                    "tags": [
                      "map",
                      "string"
                    ],
                    "tags_all": [
                      "map",
                      "string"
                    ],
                    "throughput": "number",
                    "volume_id": "string",
                    "volume_size": "number",
                    "volume_type": "string"
                  }
                ]
              ],
              "secondary_network_interface": [
                "set",
                [
                  "object",
                  {
                    "delete_on_termination": "bool",
                    "device_index": "number",
                    "interface_type": "string",
                    "mac_address": "string",
                    "network_card_index": "number",
                    "private_ip_address_count": "number",
                    "private_ip_addresses": [
                      "list",
                      "string"
                    ],
                    "secondary_interface_id": "string",
                    "secondary_network_id": "string",
                    "secondary_subnet_id": "string",
                    "source_dest_check": "bool",
                    "status": "string"
                  }
                ]
              ],
              "secondary_private_ips": [
                "set",
                "string"
              ],
              "security_groups": [
                "set",
                "string"
              ],
              "source_dest_check": "bool",
              "spot_instance_request_id": "string",
              "subnet_id": "string",
              "tags": [
                "map",
                "string"
              ],
              "tags_all": [
                "map",
                "string"
              ],
              "tenancy": "string",
              "timeouts": [
                "object",
                {
                  "create": "string",
                  "delete": "string",
                  "read": "string",
                  "update": "string"
                }
              ],
              "user_data": "string",
              "user_data_base64": "string",
              "user_data_replace_on_change": "bool",
              "volume_tags": [
                "map",
                "string"
              ],
              "vpc_security_group_ids": [
                "set",
                "string"
              ]
            }
          ],
          [
            "object",
            {
              "ami": "string",
              "arn": "string",
              "associate_public_ip_address": "bool",
              "availability_zone": "string",
              "capacity_reservation_specification": [
                "list",
                [
                  "object",
                  {
                    "capacity_reservation_preference": "string",
                    "capacity_reservation_target": [
                      "list",
                      [
                        "object",
                        {
                          "capacity_reservation_id": "string",
                          "capacity_reservation_resource_group_arn": "string"
                        }
                      ]
                    ]
                  }
                ]
              ],
              "cpu_options": [
                "list",
                [
                  "object",
                  {
                    "amd_sev_snp": "string",
                    "core_count": "number",
                    "nested_virtualization": "string",
                    "threads_per_core": "number"
                  }
                ]
              ],
              "credit_specification": [
                "list",
                [
                  "object",
                  {
                    "cpu_credits": "string"
                  }
                ]
              ],
              "disable_api_stop": "bool",
              "disable_api_termination": "bool",
              "ebs_block_device": [
                "set",
                [
                  "object",
                  {
                    "delete_on_termination": "bool",
                    "device_name": "string",
                    "encrypted": "bool",
                    "iops": "number",
                    "kms_key_id": "string",
                    "snapshot_id": "string",
                    "tags": [
                      "map",
                      "string"
                    ],
                    "tags_all": [
                      "map",
                      "string"
                    ],
                    "throughput": "number",
                    "volume_id": "string",
                    "volume_size": "number",
                    "volume_type": "string"
                  }
                ]
              ],
              "ebs_optimized": "bool",
              "enable_primary_ipv6": "bool",
              "enclave_options": [
                "list",
                [
                  "object",
                  {
                    "enabled": "bool"
                  }
                ]
              ],
              "ephemeral_block_device": [
                "set",
                [
                  "object",
                  {
                    "device_name": "string",
                    "no_device": "bool",
                    "virtual_name": "string"
                  }
                ]
              ],
              "force_destroy": "bool",
              "get_password_data": "bool",
              "hibernation": "bool",
              "host_id": "string",
              "host_resource_group_arn": "string",
              "iam_instance_profile": "string",
              "id": "string",
              "instance_initiated_shutdown_behavior": "string",
              "instance_lifecycle": "string",
              "instance_market_options": [
                "list",
                [
                  "object",
                  {
                    "market_type": "string",
                    "spot_options": [
                      "list",
                      [
                        "object",
                        {
                          "instance_interruption_behavior": "string",
                          "max_price": "string",
                          "spot_instance_type": "string",
                          "valid_until": "string"
                        }
                      ]
                    ]
                  }
                ]
              ],
              "instance_state": "string",
              "instance_type": "string",
              "ipv6_address_count": "number",
              "ipv6_addresses": [
                "list",
                "string"
              ],
              "key_name": "string",
              "launch_template": [
                "list",
                [
                  "object",
                  {
                    "id": "string",
                    "name": "string",
                    "version": "string"
                  }
                ]
              ],
              "maintenance_options": [
                "list",
                [
                  "object",
                  {
                    "auto_recovery": "string"
                  }
                ]
              ],
              "metadata_options": [
                "list",
                [
                  "object",
                  {
                    "http_endpoint": "string",
                    "http_protocol_ipv6": "string",
                    "http_put_response_hop_limit": "number",
                    "http_tokens": "string",
                    "instance_metadata_tags": "string"
                  }
                ]
              ],
              "monitoring": "bool",
              "network_interface": [
                "set",
                [
                  "object",
                  {
                    "delete_on_termination": "bool",
                    "device_index": "number",
                    "network_card_index": "number",
                    "network_interface_id": "string"
                  }
                ]
              ],
              "outpost_arn": "string",
              "password_data": "string",
              "placement_group": "string",
              "placement_group_id": "string",
              "placement_partition_number": "number",
              "primary_network_interface": [
                "list",
                [
                  "object",
                  {
                    "delete_on_termination": "bool",
                    "network_interface_id": "string"
                  }
                ]
              ],
              "primary_network_interface_id": "string",
              "private_dns": "string",
              "private_dns_name_options": [
                "list",
                [
                  "object",
                  {
                    "enable_resource_name_dns_a_record": "bool",
                    "enable_resource_name_dns_aaaa_record": "bool",
                    "hostname_type": "string"
                  }
                ]
              ],
              "private_ip": "string",
              "public_dns": "string",
              "public_ip": "string",
              "region": "string",
              "root_block_device": [
                "list",
                [
                  "object",
                  {
                    "delete_on_termination": "bool",
                    "device_name": "string",
                    "encrypted": "bool",
                    "iops": "number",
                    "kms_key_id": "string",
                    "tags": [
                      "map",
                      "string"
                    ],
                    "tags_all": [
                      "map",
                      "string"
                    ],
                    "throughput": "number",
                    "volume_id": "string",
                    "volume_size": "number",
                    "volume_type": "string"
                  }
                ]
              ],
              "secondary_network_interface": [
                "set",
                [
                  "object",
                  {
                    "delete_on_termination": "bool",
                    "device_index": "number",
                    "interface_type": "string",
                    "mac_address": "string",
                    "network_card_index": "number",
                    "private_ip_address_count": "number",
                    "private_ip_addresses": [
                      "list",
                      "string"
                    ],
                    "secondary_interface_id": "string",
                    "secondary_network_id": "string",
                    "secondary_subnet_id": "string",
                    "source_dest_check": "bool",
                    "status": "string"
                  }
                ]
              ],
              "secondary_private_ips": [
                "set",
                "string"
              ],
              "security_groups": [
                "set",
                "string"
              ],
              "source_dest_check": "bool",
              "spot_instance_request_id": "string",
              "subnet_id": "string",
              "tags": [
                "map",
                "string"
              ],
              "tags_all": [
                "map",
                "string"
              ],
              "tenancy": "string",
              "timeouts": [
                "object",
                {
                  "create": "string",
                  "delete": "string",
                  "read": "string",
                  "update": "string"
                }
              ],
              "user_data": "string",
              "user_data_base64": "string",
              "user_data_replace_on_change": "bool",
              "volume_tags": [
                "map",
                "string"
              ],
              "vpc_security_group_ids": [
                "set",
                "string"
              ]
            }
          ],
          [
            "object",
            {
              "ami": "string",
              "arn": "string",
              "associate_public_ip_address": "bool",
              "availability_zone": "string",
              "capacity_reservation_specification": [
                "list",
                [
                  "object",
                  {
                    "capacity_reservation_preference": "string",
                    "capacity_reservation_target": [
                      "list",
                      [
                        "object",
                        {
                          "capacity_reservation_id": "string",
                          "capacity_reservation_resource_group_arn": "string"
                        }
                      ]
                    ]
                  }
                ]
              ],
              "cpu_options": [
                "list",
                [
                  "object",
                  {
                    "amd_sev_snp": "string",
                    "core_count": "number",
                    "nested_virtualization": "string",
                    "threads_per_core": "number"
                  }
                ]
              ],
              "credit_specification": [
                "list",
                [
                  "object",
                  {
                    "cpu_credits": "string"
                  }
                ]
              ],
              "disable_api_stop": "bool",
              "disable_api_termination": "bool",
              "ebs_block_device": [
                "set",
                [
                  "object",
                  {
                    "delete_on_termination": "bool",
                    "device_name": "string",
                    "encrypted": "bool",
                    "iops": "number",
                    "kms_key_id": "string",
                    "snapshot_id": "string",
                    "tags": [
                      "map",
                      "string"
                    ],
                    "tags_all": [
                      "map",
                      "string"
                    ],
                    "throughput": "number",
                    "volume_id": "string",
                    "volume_size": "number",
                    "volume_type": "string"
                  }
                ]
              ],
              "ebs_optimized": "bool",
              "enable_primary_ipv6": "bool",
              "enclave_options": [
                "list",
                [
                  "object",
                  {
                    "enabled": "bool"
                  }
                ]
              ],
              "ephemeral_block_device": [
                "set",
                [
                  "object",
                  {
                    "device_name": "string",
                    "no_device": "bool",
                    "virtual_name": "string"
                  }
                ]
              ],
              "force_destroy": "bool",
              "get_password_data": "bool",
              "hibernation": "bool",
              "host_id": "string",
              "host_resource_group_arn": "string",
              "iam_instance_profile": "string",
              "id": "string",
              "instance_initiated_shutdown_behavior": "string",
              "instance_lifecycle": "string",
              "instance_market_options": [
                "list",
                [
                  "object",
                  {
                    "market_type": "string",
                    "spot_options": [
                      "list",
                      [
                        "object",
                        {
                          "instance_interruption_behavior": "string",
                          "max_price": "string",
                          "spot_instance_type": "string",
                          "valid_until": "string"
                        }
                      ]
                    ]
                  }
                ]
              ],
              "instance_state": "string",
              "instance_type": "string",
              "ipv6_address_count": "number",
              "ipv6_addresses": [
                "list",
                "string"
              ],
              "key_name": "string",
              "launch_template": [
                "list",
                [
                  "object",
                  {
                    "id": "string",
                    "name": "string",
                    "version": "string"
                  }
                ]
              ],
              "maintenance_options": [
                "list",
                [
                  "object",
                  {
                    "auto_recovery": "string"
                  }
                ]
              ],
              "metadata_options": [
                "list",
                [
                  "object",
                  {
                    "http_endpoint": "string",
                    "http_protocol_ipv6": "string",
                    "http_put_response_hop_limit": "number",
                    "http_tokens": "string",
                    "instance_metadata_tags": "string"
                  }
                ]
              ],
              "monitoring": "bool",
              "network_interface": [
                "set",
                [
                  "object",
                  {
                    "delete_on_termination": "bool",
                    "device_index": "number",
                    "network_card_index": "number",
                    "network_interface_id": "string"
                  }
                ]
              ],
              "outpost_arn": "string",
              "password_data": "string",
              "placement_group": "string",
              "placement_group_id": "string",
              "placement_partition_number": "number",
              "primary_network_interface": [
                "list",
                [
                  "object",
                  {
                    "delete_on_termination": "bool",
                    "network_interface_id": "string"
                  }
                ]
              ],
              "primary_network_interface_id": "string",
              "private_dns": "string",
              "private_dns_name_options": [
                "list",
                [
                  "object",
                  {
                    "enable_resource_name_dns_a_record": "bool",
                    "enable_resource_name_dns_aaaa_record": "bool",
                    "hostname_type": "string"
                  }
                ]
              ],
              "private_ip": "string",
              "public_dns": "string",
              "public_ip": "string",
              "region": "string",
              "root_block_device": [
                "list",
                [
                  "object",
                  {
                    "delete_on_termination": "bool",
                    "device_name": "string",
                    "encrypted": "bool",
                    "iops": "number",
                    "kms_key_id": "string",
                    "tags": [
                      "map",
                      "string"
                    ],
                    "tags_all": [
                      "map",
                      "string"
                    ],
                    "throughput": "number",
                    "volume_id": "string",
                    "volume_size": "number",
                    "volume_type": "string"
                  }
                ]
              ],
              "secondary_network_interface": [
                "set",
                [
                  "object",
                  {
                    "delete_on_termination": "bool",
                    "device_index": "number",
                    "interface_type": "string",
                    "mac_address": "string",
                    "network_card_index": "number",
                    "private_ip_address_count": "number",
                    "private_ip_addresses": [
                      "list",
                      "string"
                    ],
                    "secondary_interface_id": "string",
                    "secondary_network_id": "string",
                    "secondary_subnet_id": "string",
                    "source_dest_check": "bool",
                    "status": "string"
                  }
                ]
              ],
              "secondary_private_ips": [
                "set",
                "string"
              ],
              "security_groups": [
                "set",
                "string"
              ],
              "source_dest_check": "bool",
              "spot_instance_request_id": "string",
              "subnet_id": "string",
              "tags": [
                "map",
                "string"
              ],
              "tags_all": [
                "map",
                "string"
              ],
              "tenancy": "string",
              "timeouts": [
                "object",
                {
                  "create": "string",
                  "delete": "string",
                  "read": "string",
                  "update": "string"
                }
              ],
              "user_data": "string",
              "user_data_base64": "string",
              "user_data_replace_on_change": "bool",
              "volume_tags": [
                "map",
                "string"
              ],
              "vpc_security_group_ids": [
                "set",
                "string"
              ]
            }
          ],
          [
            "object",
            {
              "ami": "string",
              "arn": "string",
              "associate_public_ip_address": "bool",
              "availability_zone": "string",
              "capacity_reservation_specification": [
                "list",
                [
                  "object",
                  {
                    "capacity_reservation_preference": "string",
                    "capacity_reservation_target": [
                      "list",
                      [
                        "object",
                        {
                          "capacity_reservation_id": "string",
                          "capacity_reservation_resource_group_arn": "string"
                        }
                      ]
                    ]
                  }
                ]
              ],
              "cpu_options": [
                "list",
                [
                  "object",
                  {
                    "amd_sev_snp": "string",
                    "core_count": "number",
                    "nested_virtualization": "string",
                    "threads_per_core": "number"
                  }
                ]
              ],
              "credit_specification": [
                "list",
                [
                  "object",
                  {
                    "cpu_credits": "string"
                  }
                ]
              ],
              "disable_api_stop": "bool",
              "disable_api_termination": "bool",
              "ebs_block_device": [
                "set",
                [
                  "object",
                  {
                    "delete_on_termination": "bool",
                    "device_name": "string",
                    "encrypted": "bool",
                    "iops": "number",
                    "kms_key_id": "string",
                    "snapshot_id": "string",
                    "tags": [
                      "map",
                      "string"
                    ],
                    "tags_all": [
                      "map",
                      "string"
                    ],
                    "throughput": "number",
                    "volume_id": "string",
                    "volume_size": "number",
                    "volume_type": "string"
                  }
                ]
              ],
              "ebs_optimized": "bool",
              "enable_primary_ipv6": "bool",
              "enclave_options": [
                "list",
                [
                  "object",
                  {
                    "enabled": "bool"
                  }
                ]
              ],
              "ephemeral_block_device": [
                "set",
                [
                  "object",
                  {
                    "device_name": "string",
                    "no_device": "bool",
                    "virtual_name": "string"
                  }
                ]
              ],
              "force_destroy": "bool",
              "get_password_data": "bool",
              "hibernation": "bool",
              "host_id": "string",
              "host_resource_group_arn": "string",
              "iam_instance_profile": "string",
              "id": "string",
              "instance_initiated_shutdown_behavior": "string",
              "instance_lifecycle": "string",
              "instance_market_options": [
                "list",
                [
                  "object",
                  {
                    "market_type": "string",
                    "spot_options": [
                      "list",
                      [
                        "object",
                        {
                          "instance_interruption_behavior": "string",
                          "max_price": "string",
                          "spot_instance_type": "string",
                          "valid_until": "string"
                        }
                      ]
                    ]
                  }
                ]
              ],
              "instance_state": "string",
              "instance_type": "string",
              "ipv6_address_count": "number",
              "ipv6_addresses": [
                "list",
                "string"
              ],
              "key_name": "string",
              "launch_template": [
                "list",
                [
                  "object",
                  {
                    "id": "string",
                    "name": "string",
                    "version": "string"
                  }
                ]
              ],
              "maintenance_options": [
                "list",
                [
                  "object",
                  {
                    "auto_recovery": "string"
                  }
                ]
              ],
              "metadata_options": [
                "list",
                [
                  "object",
                  {
                    "http_endpoint": "string",
                    "http_protocol_ipv6": "string",
                    "http_put_response_hop_limit": "number",
                    "http_tokens": "string",
                    "instance_metadata_tags": "string"
                  }
                ]
              ],
              "monitoring": "bool",
              "network_interface": [
                "set",
                [
                  "object",
                  {
                    "delete_on_termination": "bool",
                    "device_index": "number",
                    "network_card_index": "number",
                    "network_interface_id": "string"
                  }
                ]
              ],
              "outpost_arn": "string",
              "password_data": "string",
              "placement_group": "string",
              "placement_group_id": "string",
              "placement_partition_number": "number",
              "primary_network_interface": [
                "list",
                [
                  "object",
                  {
                    "delete_on_termination": "bool",
                    "network_interface_id": "string"
                  }
                ]
              ],
              "primary_network_interface_id": "string",
              "private_dns": "string",
              "private_dns_name_options": [
                "list",
                [
                  "object",
                  {
                    "enable_resource_name_dns_a_record": "bool",
                    "enable_resource_name_dns_aaaa_record": "bool",
                    "hostname_type": "string"
                  }
                ]
              ],
              "private_ip": "string",
              "public_dns": "string",
              "public_ip": "string",
              "region": "string",
              "root_block_device": [
                "list",
                [
                  "object",
                  {
                    "delete_on_termination": "bool",
                    "device_name": "string",
                    "encrypted": "bool",
                    "iops": "number",
                    "kms_key_id": "string",
                    "tags": [
                      "map",
                      "string"
                    ],
                    "tags_all": [
                      "map",
                      "string"
                    ],
                    "throughput": "number",
                    "volume_id": "string",
                    "volume_size": "number",
                    "volume_type": "string"
                  }
                ]
              ],
              "secondary_network_interface": [
                "set",
                [
                  "object",
                  {
                    "delete_on_termination": "bool",
                    "device_index": "number",
                    "interface_type": "string",
                    "mac_address": "string",
                    "network_card_index": "number",
                    "private_ip_address_count": "number",
                    "private_ip_addresses": [
                      "list",
                      "string"
                    ],
                    "secondary_interface_id": "string",
                    "secondary_network_id": "string",
                    "secondary_subnet_id": "string",
                    "source_dest_check": "bool",
                    "status": "string"
                  }
                ]
              ],
              "secondary_private_ips": [
                "set",
                "string"
              ],
              "security_groups": [
                "set",
                "string"
              ],
              "source_dest_check": "bool",
              "spot_instance_request_id": "string",
              "subnet_id": "string",
              "tags": [
                "map",
                "string"
              ],
              "tags_all": [
                "map",
                "string"
              ],
              "tenancy": "string",
              "timeouts": [
                "object",
                {
                  "create": "string",
                  "delete": "string",
                  "read": "string",
                  "update": "string"
                }
              ],
              "user_data": "string",
              "user_data_base64": "string",
              "user_data_replace_on_change": "bool",
              "volume_tags": [
                "map",
                "string"
              ],
              "vpc_security_group_ids": [
                "set",
                "string"
              ]
            }
          ],
          [
            "object",
            {
              "ami": "string",
              "arn": "string",
              "associate_public_ip_address": "bool",
              "availability_zone": "string",
              "capacity_reservation_specification": [
                "list",
                [
                  "object",
                  {
                    "capacity_reservation_preference": "string",
                    "capacity_reservation_target": [
                      "list",
                      [
                        "object",
                        {
                          "capacity_reservation_id": "string",
                          "capacity_reservation_resource_group_arn": "string"
                        }
                      ]
                    ]
                  }
                ]
              ],
              "cpu_options": [
                "list",
                [
                  "object",
                  {
                    "amd_sev_snp": "string",
                    "core_count": "number",
                    "nested_virtualization": "string",
                    "threads_per_core": "number"
                  }
                ]
              ],
              "credit_specification": [
                "list",
                [
                  "object",
                  {
                    "cpu_credits": "string"
                  }
                ]
              ],
              "disable_api_stop": "bool",
              "disable_api_termination": "bool",
              "ebs_block_device": [
                "set",
                [
                  "object",
                  {
                    "delete_on_termination": "bool",
                    "device_name": "string",
                    "encrypted": "bool",
                    "iops": "number",
                    "kms_key_id": "string",
                    "snapshot_id": "string",
                    "tags": [
                      "map",
                      "string"
                    ],
                    "tags_all": [
                      "map",
                      "string"
                    ],
                    "throughput": "number",
                    "volume_id": "string",
                    "volume_size": "number",
                    "volume_type": "string"
                  }
                ]
              ],
              "ebs_optimized": "bool",
              "enable_primary_ipv6": "bool",
              "enclave_options": [
                "list",
                [
                  "object",
                  {
                    "enabled": "bool"
                  }
                ]
              ],
              "ephemeral_block_device": [
                "set",
                [
                  "object",
                  {
                    "device_name": "string",
                    "no_device": "bool",
                    "virtual_name": "string"
                  }
                ]
              ],
              "force_destroy": "bool",
              "get_password_data": "bool",
              "hibernation": "bool",
              "host_id": "string",
              "host_resource_group_arn": "string",
              "iam_instance_profile": "string",
              "id": "string",
              "instance_initiated_shutdown_behavior": "string",
              "instance_lifecycle": "string",
              "instance_market_options": [
                "list",
                [
                  "object",
                  {
                    "market_type": "string",
                    "spot_options": [
                      "list",
                      [
                        "object",
                        {
                          "instance_interruption_behavior": "string",
                          "max_price": "string",
                          "spot_instance_type": "string",
                          "valid_until": "string"
                        }
                      ]
                    ]
                  }
                ]
              ],
              "instance_state": "string",
              "instance_type": "string",
              "ipv6_address_count": "number",
              "ipv6_addresses": [
                "list",
                "string"
              ],
              "key_name": "string",
              "launch_template": [
                "list",
                [
                  "object",
                  {
                    "id": "string",
                    "name": "string",
                    "version": "string"
                  }
                ]
              ],
              "maintenance_options": [
                "list",
                [
                  "object",
                  {
                    "auto_recovery": "string"
                  }
                ]
              ],
              "metadata_options": [
                "list",
                [
                  "object",
                  {
                    "http_endpoint": "string",
                    "http_protocol_ipv6": "string",
                    "http_put_response_hop_limit": "number",
                    "http_tokens": "string",
                    "instance_metadata_tags": "string"
                  }
                ]
              ],
              "monitoring": "bool",
              "network_interface": [
                "set",
                [
                  "object",
                  {
                    "delete_on_termination": "bool",
                    "device_index": "number",
                    "network_card_index": "number",
                    "network_interface_id": "string"
                  }
                ]
              ],
              "outpost_arn": "string",
              "password_data": "string",
              "placement_group": "string",
              "placement_group_id": "string",
              "placement_partition_number": "number",
              "primary_network_interface": [
                "list",
                [
                  "object",
                  {
                    "delete_on_termination": "bool",
                    "network_interface_id": "string"
                  }
                ]
              ],
              "primary_network_interface_id": "string",
              "private_dns": "string",
              "private_dns_name_options": [
                "list",
                [
                  "object",
                  {
                    "enable_resource_name_dns_a_record": "bool",
                    "enable_resource_name_dns_aaaa_record": "bool",
                    "hostname_type": "string"
                  }
                ]
              ],
              "private_ip": "string",
              "public_dns": "string",
              "public_ip": "string",
              "region": "string",
              "root_block_device": [
                "list",
                [
                  "object",
                  {
                    "delete_on_termination": "bool",
                    "device_name": "string",
                    "encrypted": "bool",
                    "iops": "number",
                    "kms_key_id": "string",
                    "tags": [
                      "map",
                      "string"
                    ],
                    "tags_all": [
                      "map",
                      "string"
                    ],
                    "throughput": "number",
                    "volume_id": "string",
                    "volume_size": "number",
                    "volume_type": "string"
                  }
                ]
              ],
              "secondary_network_interface": [
                "set",
                [
                  "object",
                  {
                    "delete_on_termination": "bool",
                    "device_index": "number",
                    "interface_type": "string",
                    "mac_address": "string",
                    "network_card_index": "number",
                    "private_ip_address_count": "number",
                    "private_ip_addresses": [
                      "list",
                      "string"
                    ],
                    "secondary_interface_id": "string",
                    "secondary_network_id": "string",
                    "secondary_subnet_id": "string",
                    "source_dest_check": "bool",
                    "status": "string"
                  }
                ]
              ],
              "secondary_private_ips": [
                "set",
                "string"
              ],
              "security_groups": [
                "set",
                "string"
              ],
              "source_dest_check": "bool",
              "spot_instance_request_id": "string",
              "subnet_id": "string",
              "tags": [
                "map",
                "string"
              ],
              "tags_all": [
                "map",
                "string"
              ],
              "tenancy": "string",
              "timeouts": [
                "object",
                {
                  "create": "string",
                  "delete": "string",
                  "read": "string",
                  "update": "string"
                }
              ],
              "user_data": "string",
              "user_data_base64": "string",
              "user_data_replace_on_change": "bool",
              "volume_tags": [
                "map",
                "string"
              ],
              "vpc_security_group_ids": [
                "set",
                "string"
              ]
            }
          ],
          [
            "object",
            {
              "ami": "string",
              "arn": "string",
              "associate_public_ip_address": "bool",
              "availability_zone": "string",
              "capacity_reservation_specification": [
                "list",
                [
                  "object",
                  {
                    "capacity_reservation_preference": "string",
                    "capacity_reservation_target": [
                      "list",
                      [
                        "object",
                        {
                          "capacity_reservation_id": "string",
                          "capacity_reservation_resource_group_arn": "string"
                        }
                      ]
                    ]
                  }
                ]
              ],
              "cpu_options": [
                "list",
                [
                  "object",
                  {
                    "amd_sev_snp": "string",
                    "core_count": "number",
                    "nested_virtualization": "string",
                    "threads_per_core": "number"
                  }
                ]
              ],
              "credit_specification": [
                "list",
                [
                  "object",
                  {
                    "cpu_credits": "string"
                  }
                ]
              ],
              "disable_api_stop": "bool",
              "disable_api_termination": "bool",
              "ebs_block_device": [
                "set",
                [
                  "object",
                  {
                    "delete_on_termination": "bool",
                    "device_name": "string",
                    "encrypted": "bool",
                    "iops": "number",
                    "kms_key_id": "string",
                    "snapshot_id": "string",
                    "tags": [
                      "map",
                      "string"
                    ],
                    "tags_all": [
                      "map",
                      "string"
                    ],
                    "throughput": "number",
                    "volume_id": "string",
                    "volume_size": "number",
                    "volume_type": "string"
                  }
                ]
              ],
              "ebs_optimized": "bool",
              "enable_primary_ipv6": "bool",
              "enclave_options": [
                "list",
                [
                  "object",
                  {
                    "enabled": "bool"
                  }
                ]
              ],
              "ephemeral_block_device": [
                "set",
                [
                  "object",
                  {
                    "device_name": "string",
                    "no_device": "bool",
                    "virtual_name": "string"
                  }
                ]
              ],
              "force_destroy": "bool",
              "get_password_data": "bool",
              "hibernation": "bool",
              "host_id": "string",
              "host_resource_group_arn": "string",
              "iam_instance_profile": "string",
              "id": "string",
              "instance_initiated_shutdown_behavior": "string",
              "instance_lifecycle": "string",
              "instance_market_options": [
                "list",
                [
                  "object",
                  {
                    "market_type": "string",
                    "spot_options": [
                      "list",
                      [
                        "object",
                        {
                          "instance_interruption_behavior": "string",
                          "max_price": "string",
                          "spot_instance_type": "string",
                          "valid_until": "string"
                        }
                      ]
                    ]
                  }
                ]
              ],
              "instance_state": "string",
              "instance_type": "string",
              "ipv6_address_count": "number",
              "ipv6_addresses": [
                "list",
                "string"
              ],
              "key_name": "string",
              "launch_template": [
                "list",
                [
                  "object",
                  {
                    "id": "string",
                    "name": "string",
                    "version": "string"
                  }
                ]
              ],
              "maintenance_options": [
                "list",
                [
                  "object",
                  {
                    "auto_recovery": "string"
                  }
                ]
              ],
              "metadata_options": [
                "list",
                [
                  "object",
                  {
                    "http_endpoint": "string",
                    "http_protocol_ipv6": "string",
                    "http_put_response_hop_limit": "number",
                    "http_tokens": "string",
                    "instance_metadata_tags": "string"
                  }
                ]
              ],
              "monitoring": "bool",
              "network_interface": [
                "set",
                [
                  "object",
                  {
                    "delete_on_termination": "bool",
                    "device_index": "number",
                    "network_card_index": "number",
                    "network_interface_id": "string"
                  }
                ]
              ],
              "outpost_arn": "string",
              "password_data": "string",
              "placement_group": "string",
              "placement_group_id": "string",
              "placement_partition_number": "number",
              "primary_network_interface": [
                "list",
                [
                  "object",
                  {
                    "delete_on_termination": "bool",
                    "network_interface_id": "string"
                  }
                ]
              ],
              "primary_network_interface_id": "string",
              "private_dns": "string",
              "private_dns_name_options": [
                "list",
                [
                  "object",
                  {
                    "enable_resource_name_dns_a_record": "bool",
                    "enable_resource_name_dns_aaaa_record": "bool",
                    "hostname_type": "string"
                  }
                ]
              ],
              "private_ip": "string",
              "public_dns": "string",
              "public_ip": "string",
              "region": "string",
              "root_block_device": [
                "list",
                [
                  "object",
                  {
                    "delete_on_termination": "bool",
                    "device_name": "string",
                    "encrypted": "bool",
                    "iops": "number",
                    "kms_key_id": "string",
                    "tags": [
                      "map",
                      "string"
                    ],
                    "tags_all": [
                      "map",
                      "string"
                    ],
                    "throughput": "number",
                    "volume_id": "string",
                    "volume_size": "number",
                    "volume_type": "string"
                  }
                ]
              ],
              "secondary_network_interface": [
                "set",
                [
                  "object",
                  {
                    "delete_on_termination": "bool",
                    "device_index": "number",
                    "interface_type": "string",
                    "mac_address": "string",
                    "network_card_index": "number",
                    "private_ip_address_count": "number",
                    "private_ip_addresses": [
                      "list",
                      "string"
                    ],
                    "secondary_interface_id": "string",
                    "secondary_network_id": "string",
                    "secondary_subnet_id": "string",
                    "source_dest_check": "bool",
                    "status": "string"
                  }
                ]
              ],
              "secondary_private_ips": [
                "set",
                "string"
              ],
              "security_groups": [
                "set",
                "string"
              ],
              "source_dest_check": "bool",
              "spot_instance_request_id": "string",
              "subnet_id": "string",
              "tags": [
                "map",
                "string"
              ],
              "tags_all": [
                "map",
                "string"
              ],
              "tenancy": "string",
              "timeouts": [
                "object",
                {
                  "create": "string",
                  "delete": "string",
                  "read": "string",
                  "update": "string"
                }
              ],
              "user_data": "string",
              "user_data_base64": "string",
              "user_data_replace_on_change": "bool",
              "volume_tags": [
                "map",
                "string"
              ],
              "vpc_security_group_ids": [
                "set",
                "string"
              ]
            }
          ],
          [
            "object",
            {
              "ami": "string",
              "arn": "string",
              "associate_public_ip_address": "bool",
              "availability_zone": "string",
              "capacity_reservation_specification": [
                "list",
                [
                  "object",
                  {
                    "capacity_reservation_preference": "string",
                    "capacity_reservation_target": [
                      "list",
                      [
                        "object",
                        {
                          "capacity_reservation_id": "string",
                          "capacity_reservation_resource_group_arn": "string"
                        }
                      ]
                    ]
                  }
                ]
              ],
              "cpu_options": [
                "list",
                [
                  "object",
                  {
                    "amd_sev_snp": "string",
                    "core_count": "number",
                    "nested_virtualization": "string",
                    "threads_per_core": "number"
                  }
                ]
              ],
              "credit_specification": [
                "list",
                [
                  "object",
                  {
                    "cpu_credits": "string"
                  }
                ]
              ],
              "disable_api_stop": "bool",
              "disable_api_termination": "bool",
              "ebs_block_device": [
                "set",
                [
                  "object",
                  {
                    "delete_on_termination": "bool",
                    "device_name": "string",
                    "encrypted": "bool",
                    "iops": "number",
                    "kms_key_id": "string",
                    "snapshot_id": "string",
                    "tags": [
                      "map",
                      "string"
                    ],
                    "tags_all": [
                      "map",
                      "string"
                    ],
                    "throughput": "number",
                    "volume_id": "string",
                    "volume_size": "number",
                    "volume_type": "string"
                  }
                ]
              ],
              "ebs_optimized": "bool",
              "enable_primary_ipv6": "bool",
              "enclave_options": [
                "list",
                [
                  "object",
                  {
                    "enabled": "bool"
                  }
                ]
              ],
              "ephemeral_block_device": [
                "set",
                [
                  "object",
                  {
                    "device_name": "string",
                    "no_device": "bool",
                    "virtual_name": "string"
                  }
                ]
              ],
              "force_destroy": "bool",
              "get_password_data": "bool",
              "hibernation": "bool",
              "host_id": "string",
              "host_resource_group_arn": "string",
              "iam_instance_profile": "string",
              "id": "string",
              "instance_initiated_shutdown_behavior": "string",
              "instance_lifecycle": "string",
              "instance_market_options": [
                "list",
                [
                  "object",
                  {
                    "market_type": "string",
                    "spot_options": [
                      "list",
                      [
                        "object",
                        {
                          "instance_interruption_behavior": "string",
                          "max_price": "string",
                          "spot_instance_type": "string",
                          "valid_until": "string"
                        }
                      ]
                    ]
                  }
                ]
              ],
              "instance_state": "string",
              "instance_type": "string",
              "ipv6_address_count": "number",
              "ipv6_addresses": [
                "list",
                "string"
              ],
              "key_name": "string",
              "launch_template": [
                "list",
                [
                  "object",
                  {
                    "id": "string",
                    "name": "string",
                    "version": "string"
                  }
                ]
              ],
              "maintenance_options": [
                "list",
                [
                  "object",
                  {
                    "auto_recovery": "string"
                  }
                ]
              ],
              "metadata_options": [
                "list",
                [
                  "object",
                  {
                    "http_endpoint": "string",
                    "http_protocol_ipv6": "string",
                    "http_put_response_hop_limit": "number",
                    "http_tokens": "string",
                    "instance_metadata_tags": "string"
                  }
                ]
              ],
              "monitoring": "bool",
              "network_interface": [
                "set",
                [
                  "object",
                  {
                    "delete_on_termination": "bool",
                    "device_index": "number",
                    "network_card_index": "number",
                    "network_interface_id": "string"
                  }
                ]
              ],
              "outpost_arn": "string",
              "password_data": "string",
              "placement_group": "string",
              "placement_group_id": "string",
              "placement_partition_number": "number",
              "primary_network_interface": [
                "list",
                [
                  "object",
                  {
                    "delete_on_termination": "bool",
                    "network_interface_id": "string"
                  }
                ]
              ],
              "primary_network_interface_id": "string",
              "private_dns": "string",
              "private_dns_name_options": [
                "list",
                [
                  "object",
                  {
                    "enable_resource_name_dns_a_record": "bool",
                    "enable_resource_name_dns_aaaa_record": "bool",
                    "hostname_type": "string"
                  }
                ]
              ],
              "private_ip": "string",
              "public_dns": "string",
              "public_ip": "string",
              "region": "string",
              "root_block_device": [
                "list",
                [
                  "object",
                  {
                    "delete_on_termination": "bool",
                    "device_name": "string",
                    "encrypted": "bool",
                    "iops": "number",
                    "kms_key_id": "string",
                    "tags": [
                      "map",
                      "string"
                    ],
                    "tags_all": [
                      "map",
                      "string"
                    ],
                    "throughput": "number",
                    "volume_id": "string",
                    "volume_size": "number",
                    "volume_type": "string"
                  }
                ]
              ],
              "secondary_network_interface": [
                "set",
                [
                  "object",
                  {
                    "delete_on_termination": "bool",
                    "device_index": "number",
                    "interface_type": "string",
                    "mac_address": "string",
                    "network_card_index": "number",
                    "private_ip_address_count": "number",
                    "private_ip_addresses": [
                      "list",
                      "string"
                    ],
                    "secondary_interface_id": "string",
                    "secondary_network_id": "string",
                    "secondary_subnet_id": "string",
                    "source_dest_check": "bool",
                    "status": "string"
                  }
                ]
              ],
              "secondary_private_ips": [
                "set",
                "string"
              ],
              "security_groups": [
                "set",
                "string"
              ],
              "source_dest_check": "bool",
              "spot_instance_request_id": "string",
              "subnet_id": "string",
              "tags": [
                "map",
                "string"
              ],
              "tags_all": [
                "map",
                "string"
              ],
              "tenancy": "string",
              "timeouts": [
                "object",
                {
                  "create": "string",
                  "delete": "string",
                  "read": "string",
                  "update": "string"
                }
              ],
              "user_data": "string",
              "user_data_base64": "string",
              "user_data_replace_on_change": "bool",
              "volume_tags": [
                "map",
                "string"
              ],
              "vpc_security_group_ids": [
                "set",
                "string"
              ]
            }
          ],
          [
            "object",
            {
              "ami": "string",
              "arn": "string",
              "associate_public_ip_address": "bool",
              "availability_zone": "string",
              "capacity_reservation_specification": [
                "list",
                [
                  "object",
                  {
                    "capacity_reservation_preference": "string",
                    "capacity_reservation_target": [
                      "list",
                      [
                        "object",
                        {
                          "capacity_reservation_id": "string",
                          "capacity_reservation_resource_group_arn": "string"
                        }
                      ]
                    ]
                  }
                ]
              ],
              "cpu_options": [
                "list",
                [
                  "object",
                  {
                    "amd_sev_snp": "string",
                    "core_count": "number",
                    "nested_virtualization": "string",
                    "threads_per_core": "number"
                  }
                ]
              ],
              "credit_specification": [
                "list",
                [
                  "object",
                  {
                    "cpu_credits": "string"
                  }
                ]
              ],
              "disable_api_stop": "bool",
              "disable_api_termination": "bool",
              "ebs_block_device": [
                "set",
                [
                  "object",
                  {
                    "delete_on_termination": "bool",
                    "device_name": "string",
                    "encrypted": "bool",
                    "iops": "number",
                    "kms_key_id": "string",
                    "snapshot_id": "string",
                    "tags": [
                      "map",
                      "string"
                    ],
                    "tags_all": [
                      "map",
                      "string"
                    ],
                    "throughput": "number",
                    "volume_id": "string",
                    "volume_size": "number",
                    "volume_type": "string"
                  }
                ]
              ],
              "ebs_optimized": "bool",
              "enable_primary_ipv6": "bool",
              "enclave_options": [
                "list",
                [
                  "object",
                  {
                    "enabled": "bool"
                  }
                ]
              ],
              "ephemeral_block_device": [
                "set",
                [
                  "object",
                  {
                    "device_name": "string",
                    "no_device": "bool",
                    "virtual_name": "string"
                  }
                ]
              ],
              "force_destroy": "bool",
              "get_password_data": "bool",
              "hibernation": "bool",
              "host_id": "string",
              "host_resource_group_arn": "string",
              "iam_instance_profile": "string",
              "id": "string",
              "instance_initiated_shutdown_behavior": "string",
              "instance_lifecycle": "string",
              "instance_market_options": [
                "list",
                [
                  "object",
                  {
                    "market_type": "string",
                    "spot_options": [
                      "list",
                      [
                        "object",
                        {
                          "instance_interruption_behavior": "string",
                          "max_price": "string",
                          "spot_instance_type": "string",
                          "valid_until": "string"
                        }
                      ]
                    ]
                  }
                ]
              ],
              "instance_state": "string",
              "instance_type": "string",
              "ipv6_address_count": "number",
              "ipv6_addresses": [
                "list",
                "string"
              ],
              "key_name": "string",
              "launch_template": [
                "list",
                [
                  "object",
                  {
                    "id": "string",
                    "name": "string",
                    "version": "string"
                  }
                ]
              ],
              "maintenance_options": [
                "list",
                [
                  "object",
                  {
                    "auto_recovery": "string"
                  }
                ]
              ],
              "metadata_options": [
                "list",
                [
                  "object",
                  {
                    "http_endpoint": "string",
                    "http_protocol_ipv6": "string",
                    "http_put_response_hop_limit": "number",
                    "http_tokens": "string",
                    "instance_metadata_tags": "string"
                  }
                ]
              ],
              "monitoring": "bool",
              "network_interface": [
                "set",
                [
                  "object",
                  {
                    "delete_on_termination": "bool",
                    "device_index": "number",
                    "network_card_index": "number",
                    "network_interface_id": "string"
                  }
                ]
              ],
              "outpost_arn": "string",
              "password_data": "string",
              "placement_group": "string",
              "placement_group_id": "string",
              "placement_partition_number": "number",
              "primary_network_interface": [
                "list",
                [
                  "object",
                  {
                    "delete_on_termination": "bool",
                    "network_interface_id": "string"
                  }
                ]
              ],
              "primary_network_interface_id": "string",
              "private_dns": "string",
              "private_dns_name_options": [
                "list",
                [
                  "object",
                  {
                    "enable_resource_name_dns_a_record": "bool",
                    "enable_resource_name_dns_aaaa_record": "bool",
                    "hostname_type": "string"
                  }
                ]
              ],
              "private_ip": "string",
              "public_dns": "string",
              "public_ip": "string",
              "region": "string",
              "root_block_device": [
                "list",
                [
                  "object",
                  {
                    "delete_on_termination": "bool",
                    "device_name": "string",
                    "encrypted": "bool",
                    "iops": "number",
                    "kms_key_id": "string",
                    "tags": [
                      "map",
                      "string"
                    ],
                    "tags_all": [
                      "map",
                      "string"
                    ],
                    "throughput": "number",
                    "volume_id": "string",
                    "volume_size": "number",
                    "volume_type": "string"
                  }
                ]
              ],
              "secondary_network_interface": [
                "set",
                [
                  "object",
                  {
                    "delete_on_termination": "bool",
                    "device_index": "number",
                    "interface_type": "string",
                    "mac_address": "string",
                    "network_card_index": "number",
                    "private_ip_address_count": "number",
                    "private_ip_addresses": [
                      "list",
                      "string"
                    ],
                    "secondary_interface_id": "string",
                    "secondary_network_id": "string",
                    "secondary_subnet_id": "string",
                    "source_dest_check": "bool",
                    "status": "string"
                  }
                ]
              ],
              "secondary_private_ips": [
                "set",
                "string"
              ],
              "security_groups": [
                "set",
                "string"
              ],
              "source_dest_check": "bool",
              "spot_instance_request_id": "string",
              "subnet_id": "string",
              "tags": [
                "map",
                "string"
              ],
              "tags_all": [
                "map",
                "string"
              ],
              "tenancy": "string",
              "timeouts": [
                "object",
                {
                  "create": "string",
                  "delete": "string",
                  "read": "string",
                  "update": "string"
                }
              ],
              "user_data": "string",
              "user_data_base64": "string",
              "user_data_replace_on_change": "bool",
              "volume_tags": [
                "map",
                "string"
              ],
              "vpc_security_group_ids": [
                "set",
                "string"
              ]
            }
          ]
        ]
      ]
    }
  },
  "resources": [
    {
      "mode": "managed",
      "type": "aws_instance",
      "name": "testserver01",
      "provider": "provider[\"registry.terraform.io/hashicorp/aws\"]",
      "instances": [
        {
          "index_key": 0,
          "schema_version": 2,
          "attributes": {
            "ami": "ami-0220d79f3f480ecf5",
            "arn": "arn:aws:ec2:us-east-1:948966750052:instance/i-0e7c8c2436dc8e9c5",
            "associate_public_ip_address": true,
            "availability_zone": "us-east-1d",
            "capacity_reservation_specification": [
              {
                "capacity_reservation_preference": "open",
                "capacity_reservation_target": []
              }
            ],
            "cpu_options": [
              {
                "amd_sev_snp": "",
                "core_count": 1,
                "nested_virtualization": "",
                "threads_per_core": 2
              }
            ],
            "credit_specification": [
              {
                "cpu_credits": "unlimited"
              }
            ],
            "disable_api_stop": false,
            "disable_api_termination": false,
            "ebs_block_device": [],
            "ebs_optimized": false,
            "enable_primary_ipv6": null,
            "enclave_options": [
              {
                "enabled": false
              }
            ],
            "ephemeral_block_device": [],
            "force_destroy": false,
            "get_password_data": false,
            "hibernation": false,
            "host_id": "",
            "host_resource_group_arn": null,
            "iam_instance_profile": "",
            "id": "i-0e7c8c2436dc8e9c5",
            "instance_initiated_shutdown_behavior": "stop",
            "instance_lifecycle": "",
            "instance_market_options": [],
            "instance_state": "running",
            "instance_type": "t3.small",
            "ipv6_address_count": 0,
            "ipv6_addresses": [],
            "key_name": "",
            "launch_template": [],
            "maintenance_options": [
              {
                "auto_recovery": "default"
              }
            ],
            "metadata_options": [
              {
                "http_endpoint": "enabled",
                "http_protocol_ipv6": "disabled",
                "http_put_response_hop_limit": 1,
                "http_tokens": "optional",
                "instance_metadata_tags": "disabled"
              }
            ],
            "monitoring": false,
            "network_interface": [],
            "outpost_arn": "",
            "password_data": "",
            "placement_group": "",
            "placement_group_id": "",
            "placement_partition_number": 0,
            "primary_network_interface": [
              {
                "delete_on_termination": true,
                "network_interface_id": "eni-04a63209de803fa9f"
              }
            ],
            "primary_network_interface_id": "eni-04a63209de803fa9f",
            "private_dns": "ip-172-31-44-6.ec2.internal",
            "private_dns_name_options": [
              {
                "enable_resource_name_dns_a_record": false,
                "enable_resource_name_dns_aaaa_record": false,
                "hostname_type": "ip-name"
              }
            ],
            "private_ip": "172.31.44.6",
            "public_dns": "ec2-34-226-218-30.compute-1.amazonaws.com",
            "public_ip": "34.226.218.30",
            "region": "us-east-1",
            "root_block_device": [
              {
                "delete_on_termination": true,
                "device_name": "/dev/sda1",
                "encrypted": false,
                "iops": 3000,
                "kms_key_id": "",
                "tags": {},
                "tags_all": {},
                "throughput": 125,
                "volume_id": "vol-0fa57b7b54322e0dd",
                "volume_size": 20,
                "volume_type": "gp3"
              }
            ],
            "secondary_network_interface": [],
            "secondary_private_ips": [],
            "security_groups": [
              "From Variables.tf file"
            ],
            "source_dest_check": true,
            "spot_instance_request_id": "",
            "subnet_id": "subnet-0d1f3e16025f18b59",
            "tags": {
              "Name": "mongodb"
            },
            "tags_all": {
              "Name": "mongodb"
            },
            "tenancy": "default",
            "timeouts": null,
            "user_data": null,
            "user_data_base64": null,
            "user_data_replace_on_change": false,
            "volume_tags": null,
            "vpc_security_group_ids": [
              "sg-0cd3fb2fb561900df"
            ]
          },
          "sensitive_attributes": [],
          "identity_schema_version": 0,
          "identity": {
            "account_id": "948966750052",
            "id": "i-0e7c8c2436dc8e9c5",
            "region": "us-east-1"
          },
          "private": "eyJlMmJmYjczMC1lY2FhLTExZTYtOGY4OC0zNDM2M2JjN2M0YzAiOnsiY3JlYXRlIjo2MDAwMDAwMDAwMDAsImRlbGV0ZSI6MTIwMDAwMDAwMDAwMCwicmVhZCI6OTAwMDAwMDAwMDAwLCJ1cGRhdGUiOjYwMDAwMDAwMDAwMH0sInNjaGVtYV92ZXJzaW9uIjoiMiJ9",
          "dependencies": [
            "aws_security_group.testserver_sg"
          ]
        },
        {
          "index_key": 1,
          "schema_version": 2,
          "attributes": {
            "ami": "ami-0220d79f3f480ecf5",
            "arn": "arn:aws:ec2:us-east-1:948966750052:instance/i-01f794cf1d3ba1212",
            "associate_public_ip_address": true,
            "availability_zone": "us-east-1d",
            "capacity_reservation_specification": [
              {
                "capacity_reservation_preference": "open",
                "capacity_reservation_target": []
              }
            ],
            "cpu_options": [
              {
                "amd_sev_snp": "",
                "core_count": 1,
                "nested_virtualization": "",
                "threads_per_core": 2
              }
            ],
            "credit_specification": [
              {
                "cpu_credits": "unlimited"
              }
            ],
            "disable_api_stop": false,
            "disable_api_termination": false,
            "ebs_block_device": [],
            "ebs_optimized": false,
            "enable_primary_ipv6": null,
            "enclave_options": [
              {
                "enabled": false
              }
            ],
            "ephemeral_block_device": [],
            "force_destroy": false,
            "get_password_data": false,
            "hibernation": false,
            "host_id": "",
            "host_resource_group_arn": null,
            "iam_instance_profile": "",
            "id": "i-01f794cf1d3ba1212",
            "instance_initiated_shutdown_behavior": "stop",
            "instance_lifecycle": "",
            "instance_market_options": [],
            "instance_state": "running",
            "instance_type": "t3.small",
            "ipv6_address_count": 0,
            "ipv6_addresses": [],
            "key_name": "",
            "launch_template": [],
            "maintenance_options": [
              {
                "auto_recovery": "default"
              }
            ],
            "metadata_options": [
              {
                "http_endpoint": "enabled",
                "http_protocol_ipv6": "disabled",
                "http_put_response_hop_limit": 1,
                "http_tokens": "optional",
                "instance_metadata_tags": "disabled"
              }
            ],
            "monitoring": false,
            "network_interface": [],
            "outpost_arn": "",
            "password_data": "",
            "placement_group": "",
            "placement_group_id": "",
            "placement_partition_number": 0,
            "primary_network_interface": [
              {
                "delete_on_termination": true,
                "network_interface_id": "eni-0e7e6c14412fe15b8"
              }
            ],
            "primary_network_interface_id": "eni-0e7e6c14412fe15b8",
            "private_dns": "ip-172-31-32-248.ec2.internal",
            "private_dns_name_options": [
              {
                "enable_resource_name_dns_a_record": false,
                "enable_resource_name_dns_aaaa_record": false,
                "hostname_type": "ip-name"
              }
            ],
            "private_ip": "172.31.32.248",
            "public_dns": "ec2-52-200-79-203.compute-1.amazonaws.com",
            "public_ip": "52.200.79.203",
            "region": "us-east-1",
            "root_block_device": [
              {
                "delete_on_termination": true,
                "device_name": "/dev/sda1",
                "encrypted": false,
                "iops": 3000,
                "kms_key_id": "",
                "tags": {},
                "tags_all": {},
                "throughput": 125,
                "volume_id": "vol-03f3f5fad1a85f585",
                "volume_size": 20,
                "volume_type": "gp3"
              }
            ],
            "secondary_network_interface": [],
            "secondary_private_ips": [],
            "security_groups": [
              "From Variables.tf file"
            ],
            "source_dest_check": true,
            "spot_instance_request_id": "",
            "subnet_id": "subnet-0d1f3e16025f18b59",
            "tags": {
              "Name": "mysql"
            },
            "tags_all": {
              "Name": "mysql"
            },
            "tenancy": "default",
            "timeouts": null,
            "user_data": null,
            "user_data_base64": null,
            "user_data_replace_on_change": false,
            "volume_tags": null,
            "vpc_security_group_ids": [
              "sg-0cd3fb2fb561900df"
            ]
          },
          "sensitive_attributes": [],
          "identity_schema_version": 0,
          "identity": {
            "account_id": "948966750052",
            "id": "i-01f794cf1d3ba1212",
            "region": "us-east-1"
          },
          "private": "eyJlMmJmYjczMC1lY2FhLTExZTYtOGY4OC0zNDM2M2JjN2M0YzAiOnsiY3JlYXRlIjo2MDAwMDAwMDAwMDAsImRlbGV0ZSI6MTIwMDAwMDAwMDAwMCwicmVhZCI6OTAwMDAwMDAwMDAwLCJ1cGRhdGUiOjYwMDAwMDAwMDAwMH0sInNjaGVtYV92ZXJzaW9uIjoiMiJ9",
          "dependencies": [
            "aws_security_group.testserver_sg"
          ]
        },
        {
          "index_key": 2,
          "schema_version": 2,
          "attributes": {
            "ami": "ami-0220d79f3f480ecf5",
            "arn": "arn:aws:ec2:us-east-1:948966750052:instance/i-0eb9c9685528e425c",
            "associate_public_ip_address": true,
            "availability_zone": "us-east-1d",
            "capacity_reservation_specification": [
              {
                "capacity_reservation_preference": "open",
                "capacity_reservation_target": []
              }
            ],
            "cpu_options": [
              {
                "amd_sev_snp": "",
                "core_count": 1,
                "nested_virtualization": "",
                "threads_per_core": 2
              }
            ],
            "credit_specification": [
              {
                "cpu_credits": "unlimited"
              }
            ],
            "disable_api_stop": false,
            "disable_api_termination": false,
            "ebs_block_device": [],
            "ebs_optimized": false,
            "enable_primary_ipv6": null,
            "enclave_options": [
              {
                "enabled": false
              }
            ],
            "ephemeral_block_device": [],
            "force_destroy": false,
            "get_password_data": false,
            "hibernation": false,
            "host_id": "",
            "host_resource_group_arn": null,
            "iam_instance_profile": "",
            "id": "i-0eb9c9685528e425c",
            "instance_initiated_shutdown_behavior": "stop",
            "instance_lifecycle": "",
            "instance_market_options": [],
            "instance_state": "running",
            "instance_type": "t3.small",
            "ipv6_address_count": 0,
            "ipv6_addresses": [],
            "key_name": "",
            "launch_template": [],
            "maintenance_options": [
              {
                "auto_recovery": "default"
              }
            ],
            "metadata_options": [
              {
                "http_endpoint": "enabled",
                "http_protocol_ipv6": "disabled",
                "http_put_response_hop_limit": 1,
                "http_tokens": "optional",
                "instance_metadata_tags": "disabled"
              }
            ],
            "monitoring": false,
            "network_interface": [],
            "outpost_arn": "",
            "password_data": "",
            "placement_group": "",
            "placement_group_id": "",
            "placement_partition_number": 0,
            "primary_network_interface": [
              {
                "delete_on_termination": true,
                "network_interface_id": "eni-0a73ecc154f4776cc"
              }
            ],
            "primary_network_interface_id": "eni-0a73ecc154f4776cc",
            "private_dns": "ip-172-31-41-68.ec2.internal",
            "private_dns_name_options": [
              {
                "enable_resource_name_dns_a_record": false,
                "enable_resource_name_dns_aaaa_record": false,
                "hostname_type": "ip-name"
              }
            ],
            "private_ip": "172.31.41.68",
            "public_dns": "ec2-54-211-192-132.compute-1.amazonaws.com",
            "public_ip": "54.211.192.132",
            "region": "us-east-1",
            "root_block_device": [
              {
                "delete_on_termination": true,
                "device_name": "/dev/sda1",
                "encrypted": false,
                "iops": 3000,
                "kms_key_id": "",
                "tags": {},
                "tags_all": {},
                "throughput": 125,
                "volume_id": "vol-0b910879a39bffdf6",
                "volume_size": 20,
                "volume_type": "gp3"
              }
            ],
            "secondary_network_interface": [],
            "secondary_private_ips": [],
            "security_groups": [
              "From Variables.tf file"
            ],
            "source_dest_check": true,
            "spot_instance_request_id": "",
            "subnet_id": "subnet-0d1f3e16025f18b59",
            "tags": {
              "Name": "catalogue"
            },
            "tags_all": {
              "Name": "catalogue"
            },
            "tenancy": "default",
            "timeouts": null,
            "user_data": null,
            "user_data_base64": null,
            "user_data_replace_on_change": false,
            "volume_tags": null,
            "vpc_security_group_ids": [
              "sg-0cd3fb2fb561900df"
            ]
          },
          "sensitive_attributes": [],
          "identity_schema_version": 0,
          "identity": {
            "account_id": "948966750052",
            "id": "i-0eb9c9685528e425c",
            "region": "us-east-1"
          },
          "private": "eyJlMmJmYjczMC1lY2FhLTExZTYtOGY4OC0zNDM2M2JjN2M0YzAiOnsiY3JlYXRlIjo2MDAwMDAwMDAwMDAsImRlbGV0ZSI6MTIwMDAwMDAwMDAwMCwicmVhZCI6OTAwMDAwMDAwMDAwLCJ1cGRhdGUiOjYwMDAwMDAwMDAwMH0sInNjaGVtYV92ZXJzaW9uIjoiMiJ9",
          "dependencies": [
            "aws_security_group.testserver_sg"
          ]
        },
        {
          "index_key": 3,
          "schema_version": 2,
          "attributes": {
            "ami": "ami-0220d79f3f480ecf5",
            "arn": "arn:aws:ec2:us-east-1:948966750052:instance/i-0e254b93c56784d95",
            "associate_public_ip_address": true,
            "availability_zone": "us-east-1d",
            "capacity_reservation_specification": [
              {
                "capacity_reservation_preference": "open",
                "capacity_reservation_target": []
              }
            ],
            "cpu_options": [
              {
                "amd_sev_snp": "",
                "core_count": 1,
                "nested_virtualization": "",
                "threads_per_core": 2
              }
            ],
            "credit_specification": [
              {
                "cpu_credits": "unlimited"
              }
            ],
            "disable_api_stop": false,
            "disable_api_termination": false,
            "ebs_block_device": [],
            "ebs_optimized": false,
            "enable_primary_ipv6": null,
            "enclave_options": [
              {
                "enabled": false
              }
            ],
            "ephemeral_block_device": [],
            "force_destroy": false,
            "get_password_data": false,
            "hibernation": false,
            "host_id": "",
            "host_resource_group_arn": null,
            "iam_instance_profile": "",
            "id": "i-0e254b93c56784d95",
            "instance_initiated_shutdown_behavior": "stop",
            "instance_lifecycle": "",
            "instance_market_options": [],
            "instance_state": "running",
            "instance_type": "t3.small",
            "ipv6_address_count": 0,
            "ipv6_addresses": [],
            "key_name": "",
            "launch_template": [],
            "maintenance_options": [
              {
                "auto_recovery": "default"
              }
            ],
            "metadata_options": [
              {
                "http_endpoint": "enabled",
                "http_protocol_ipv6": "disabled",
                "http_put_response_hop_limit": 1,
                "http_tokens": "optional",
                "instance_metadata_tags": "disabled"
              }
            ],
            "monitoring": false,
            "network_interface": [],
            "outpost_arn": "",
            "password_data": "",
            "placement_group": "",
            "placement_group_id": "",
            "placement_partition_number": 0,
            "primary_network_interface": [
              {
                "delete_on_termination": true,
                "network_interface_id": "eni-0a4dc8fa953a8c91d"
              }
            ],
            "primary_network_interface_id": "eni-0a4dc8fa953a8c91d",
            "private_dns": "ip-172-31-37-95.ec2.internal",
            "private_dns_name_options": [
              {
                "enable_resource_name_dns_a_record": false,
                "enable_resource_name_dns_aaaa_record": false,
                "hostname_type": "ip-name"
              }
            ],
            "private_ip": "172.31.37.95",
            "public_dns": "ec2-13-217-22-175.compute-1.amazonaws.com",
            "public_ip": "13.217.22.175",
            "region": "us-east-1",
            "root_block_device": [
              {
                "delete_on_termination": true,
                "device_name": "/dev/sda1",
                "encrypted": false,
                "iops": 3000,
                "kms_key_id": "",
                "tags": {},
                "tags_all": {},
                "throughput": 125,
                "volume_id": "vol-0cfe7cf6f6294e686",
                "volume_size": 20,
                "volume_type": "gp3"
              }
            ],
            "secondary_network_interface": [],
            "secondary_private_ips": [],
            "security_groups": [
              "From Variables.tf file"
            ],
            "source_dest_check": true,
            "spot_instance_request_id": "",
            "subnet_id": "subnet-0d1f3e16025f18b59",
            "tags": {
              "Name": "redis"
            },
            "tags_all": {
              "Name": "redis"
            },
            "tenancy": "default",
            "timeouts": null,
            "user_data": null,
            "user_data_base64": null,
            "user_data_replace_on_change": false,
            "volume_tags": null,
            "vpc_security_group_ids": [
              "sg-0cd3fb2fb561900df"
            ]
          },
          "sensitive_attributes": [],
          "identity_schema_version": 0,
          "identity": {
            "account_id": "948966750052",
            "id": "i-0e254b93c56784d95",
            "region": "us-east-1"
          },
          "private": "eyJlMmJmYjczMC1lY2FhLTExZTYtOGY4OC0zNDM2M2JjN2M0YzAiOnsiY3JlYXRlIjo2MDAwMDAwMDAwMDAsImRlbGV0ZSI6MTIwMDAwMDAwMDAwMCwicmVhZCI6OTAwMDAwMDAwMDAwLCJ1cGRhdGUiOjYwMDAwMDAwMDAwMH0sInNjaGVtYV92ZXJzaW9uIjoiMiJ9",
          "dependencies": [
            "aws_security_group.testserver_sg"
          ]
        },
        {
          "index_key": 4,
          "schema_version": 2,
          "attributes": {
            "ami": "ami-0220d79f3f480ecf5",
            "arn": "arn:aws:ec2:us-east-1:948966750052:instance/i-05abbfd0909080186",
            "associate_public_ip_address": true,
            "availability_zone": "us-east-1d",
            "capacity_reservation_specification": [
              {
                "capacity_reservation_preference": "open",
                "capacity_reservation_target": []
              }
            ],
            "cpu_options": [
              {
                "amd_sev_snp": "",
                "core_count": 1,
                "nested_virtualization": "",
                "threads_per_core": 2
              }
            ],
            "credit_specification": [
              {
                "cpu_credits": "unlimited"
              }
            ],
            "disable_api_stop": false,
            "disable_api_termination": false,
            "ebs_block_device": [],
            "ebs_optimized": false,
            "enable_primary_ipv6": null,
            "enclave_options": [
              {
                "enabled": false
              }
            ],
            "ephemeral_block_device": [],
            "force_destroy": false,
            "get_password_data": false,
            "hibernation": false,
            "host_id": "",
            "host_resource_group_arn": null,
            "iam_instance_profile": "",
            "id": "i-05abbfd0909080186",
            "instance_initiated_shutdown_behavior": "stop",
            "instance_lifecycle": "",
            "instance_market_options": [],
            "instance_state": "running",
            "instance_type": "t3.small",
            "ipv6_address_count": 0,
            "ipv6_addresses": [],
            "key_name": "",
            "launch_template": [],
            "maintenance_options": [
              {
                "auto_recovery": "default"
              }
            ],
            "metadata_options": [
              {
                "http_endpoint": "enabled",
                "http_protocol_ipv6": "disabled",
                "http_put_response_hop_limit": 1,
                "http_tokens": "optional",
                "instance_metadata_tags": "disabled"
              }
            ],
            "monitoring": false,
            "network_interface": [],
            "outpost_arn": "",
            "password_data": "",
            "placement_group": "",
            "placement_group_id": "",
            "placement_partition_number": 0,
            "primary_network_interface": [
              {
                "delete_on_termination": true,
                "network_interface_id": "eni-0d847dd277328a607"
              }
            ],
            "primary_network_interface_id": "eni-0d847dd277328a607",
            "private_dns": "ip-172-31-40-26.ec2.internal",
            "private_dns_name_options": [
              {
                "enable_resource_name_dns_a_record": false,
                "enable_resource_name_dns_aaaa_record": false,
                "hostname_type": "ip-name"
              }
            ],
            "private_ip": "172.31.40.26",
            "public_dns": "ec2-3-88-16-32.compute-1.amazonaws.com",
            "public_ip": "3.88.16.32",
            "region": "us-east-1",
            "root_block_device": [
              {
                "delete_on_termination": true,
                "device_name": "/dev/sda1",
                "encrypted": false,
                "iops": 3000,
                "kms_key_id": "",
                "tags": {},
                "tags_all": {},
                "throughput": 125,
                "volume_id": "vol-0c2620c7e9b013b19",
                "volume_size": 20,
                "volume_type": "gp3"
              }
            ],
            "secondary_network_interface": [],
            "secondary_private_ips": [],
            "security_groups": [
              "From Variables.tf file"
            ],
            "source_dest_check": true,
            "spot_instance_request_id": "",
            "subnet_id": "subnet-0d1f3e16025f18b59",
            "tags": {
              "Name": "rabbitmq"
            },
            "tags_all": {
              "Name": "rabbitmq"
            },
            "tenancy": "default",
            "timeouts": null,
            "user_data": null,
            "user_data_base64": null,
            "user_data_replace_on_change": false,
            "volume_tags": null,
            "vpc_security_group_ids": [
              "sg-0cd3fb2fb561900df"
            ]
          },
          "sensitive_attributes": [],
          "identity_schema_version": 0,
          "identity": {
            "account_id": "948966750052",
            "id": "i-05abbfd0909080186",
            "region": "us-east-1"
          },
          "private": "eyJlMmJmYjczMC1lY2FhLTExZTYtOGY4OC0zNDM2M2JjN2M0YzAiOnsiY3JlYXRlIjo2MDAwMDAwMDAwMDAsImRlbGV0ZSI6MTIwMDAwMDAwMDAwMCwicmVhZCI6OTAwMDAwMDAwMDAwLCJ1cGRhdGUiOjYwMDAwMDAwMDAwMH0sInNjaGVtYV92ZXJzaW9uIjoiMiJ9",
          "dependencies": [
            "aws_security_group.testserver_sg"
          ]
        },
        {
          "index_key": 5,
          "schema_version": 2,
          "attributes": {
            "ami": "ami-0220d79f3f480ecf5",
            "arn": "arn:aws:ec2:us-east-1:948966750052:instance/i-0d4d077ebd8c19957",
            "associate_public_ip_address": true,
            "availability_zone": "us-east-1d",
            "capacity_reservation_specification": [
              {
                "capacity_reservation_preference": "open",
                "capacity_reservation_target": []
              }
            ],
            "cpu_options": [
              {
                "amd_sev_snp": "",
                "core_count": 1,
                "nested_virtualization": "",
                "threads_per_core": 2
              }
            ],
            "credit_specification": [
              {
                "cpu_credits": "unlimited"
              }
            ],
            "disable_api_stop": false,
            "disable_api_termination": false,
            "ebs_block_device": [],
            "ebs_optimized": false,
            "enable_primary_ipv6": null,
            "enclave_options": [
              {
                "enabled": false
              }
            ],
            "ephemeral_block_device": [],
            "force_destroy": false,
            "get_password_data": false,
            "hibernation": false,
            "host_id": "",
            "host_resource_group_arn": null,
            "iam_instance_profile": "",
            "id": "i-0d4d077ebd8c19957",
            "instance_initiated_shutdown_behavior": "stop",
            "instance_lifecycle": "",
            "instance_market_options": [],
            "instance_state": "running",
            "instance_type": "t3.small",
            "ipv6_address_count": 0,
            "ipv6_addresses": [],
            "key_name": "",
            "launch_template": [],
            "maintenance_options": [
              {
                "auto_recovery": "default"
              }
            ],
            "metadata_options": [
              {
                "http_endpoint": "enabled",
                "http_protocol_ipv6": "disabled",
                "http_put_response_hop_limit": 1,
                "http_tokens": "optional",
                "instance_metadata_tags": "disabled"
              }
            ],
            "monitoring": false,
            "network_interface": [],
            "outpost_arn": "",
            "password_data": "",
            "placement_group": "",
            "placement_group_id": "",
            "placement_partition_number": 0,
            "primary_network_interface": [
              {
                "delete_on_termination": true,
                "network_interface_id": "eni-0aeb4aa3c6cb5544c"
              }
            ],
            "primary_network_interface_id": "eni-0aeb4aa3c6cb5544c",
            "private_dns": "ip-172-31-40-36.ec2.internal",
            "private_dns_name_options": [
              {
                "enable_resource_name_dns_a_record": false,
                "enable_resource_name_dns_aaaa_record": false,
                "hostname_type": "ip-name"
              }
            ],
            "private_ip": "172.31.40.36",
            "public_dns": "ec2-54-209-107-84.compute-1.amazonaws.com",
            "public_ip": "54.209.107.84",
            "region": "us-east-1",
            "root_block_device": [
              {
                "delete_on_termination": true,
                "device_name": "/dev/sda1",
                "encrypted": false,
                "iops": 3000,
                "kms_key_id": "",
                "tags": {},
                "tags_all": {},
                "throughput": 125,
                "volume_id": "vol-08288f8a020711fde",
                "volume_size": 20,
                "volume_type": "gp3"
              }
            ],
            "secondary_network_interface": [],
            "secondary_private_ips": [],
            "security_groups": [
              "From Variables.tf file"
            ],
            "source_dest_check": true,
            "spot_instance_request_id": "",
            "subnet_id": "subnet-0d1f3e16025f18b59",
            "tags": {
              "Name": "user"
            },
            "tags_all": {
              "Name": "user"
            },
            "tenancy": "default",
            "timeouts": null,
            "user_data": null,
            "user_data_base64": null,
            "user_data_replace_on_change": false,
            "volume_tags": null,
            "vpc_security_group_ids": [
              "sg-0cd3fb2fb561900df"
            ]
          },
          "sensitive_attributes": [],
          "identity_schema_version": 0,
          "identity": {
            "account_id": "948966750052",
            "id": "i-0d4d077ebd8c19957",
            "region": "us-east-1"
          },
          "private": "eyJlMmJmYjczMC1lY2FhLTExZTYtOGY4OC0zNDM2M2JjN2M0YzAiOnsiY3JlYXRlIjo2MDAwMDAwMDAwMDAsImRlbGV0ZSI6MTIwMDAwMDAwMDAwMCwicmVhZCI6OTAwMDAwMDAwMDAwLCJ1cGRhdGUiOjYwMDAwMDAwMDAwMH0sInNjaGVtYV92ZXJzaW9uIjoiMiJ9",
          "dependencies": [
            "aws_security_group.testserver_sg"
          ]
        },
        {
          "index_key": 6,
          "schema_version": 2,
          "attributes": {
            "ami": "ami-0220d79f3f480ecf5",
            "arn": "arn:aws:ec2:us-east-1:948966750052:instance/i-0069af0b921dac6ed",
            "associate_public_ip_address": true,
            "availability_zone": "us-east-1d",
            "capacity_reservation_specification": [
              {
                "capacity_reservation_preference": "open",
                "capacity_reservation_target": []
              }
            ],
            "cpu_options": [
              {
                "amd_sev_snp": "",
                "core_count": 1,
                "nested_virtualization": "",
                "threads_per_core": 2
              }
            ],
            "credit_specification": [
              {
                "cpu_credits": "unlimited"
              }
            ],
            "disable_api_stop": false,
            "disable_api_termination": false,
            "ebs_block_device": [],
            "ebs_optimized": false,
            "enable_primary_ipv6": null,
            "enclave_options": [
              {
                "enabled": false
              }
            ],
            "ephemeral_block_device": [],
            "force_destroy": false,
            "get_password_data": false,
            "hibernation": false,
            "host_id": "",
            "host_resource_group_arn": null,
            "iam_instance_profile": "",
            "id": "i-0069af0b921dac6ed",
            "instance_initiated_shutdown_behavior": "stop",
            "instance_lifecycle": "",
            "instance_market_options": [],
            "instance_state": "running",
            "instance_type": "t3.small",
            "ipv6_address_count": 0,
            "ipv6_addresses": [],
            "key_name": "",
            "launch_template": [],
            "maintenance_options": [
              {
                "auto_recovery": "default"
              }
            ],
            "metadata_options": [
              {
                "http_endpoint": "enabled",
                "http_protocol_ipv6": "disabled",
                "http_put_response_hop_limit": 1,
                "http_tokens": "optional",
                "instance_metadata_tags": "disabled"
              }
            ],
            "monitoring": false,
            "network_interface": [],
            "outpost_arn": "",
            "password_data": "",
            "placement_group": "",
            "placement_group_id": "",
            "placement_partition_number": 0,
            "primary_network_interface": [
              {
                "delete_on_termination": true,
                "network_interface_id": "eni-065511635ac6c3faf"
              }
            ],
            "primary_network_interface_id": "eni-065511635ac6c3faf",
            "private_dns": "ip-172-31-44-254.ec2.internal",
            "private_dns_name_options": [
              {
                "enable_resource_name_dns_a_record": false,
                "enable_resource_name_dns_aaaa_record": false,
                "hostname_type": "ip-name"
              }
            ],
            "private_ip": "172.31.44.254",
            "public_dns": "ec2-13-221-194-8.compute-1.amazonaws.com",
            "public_ip": "13.221.194.8",
            "region": "us-east-1",
            "root_block_device": [
              {
                "delete_on_termination": true,
                "device_name": "/dev/sda1",
                "encrypted": false,
                "iops": 3000,
                "kms_key_id": "",
                "tags": {},
                "tags_all": {},
                "throughput": 125,
                "volume_id": "vol-000939c94e879f123",
                "volume_size": 20,
                "volume_type": "gp3"
              }
            ],
            "secondary_network_interface": [],
            "secondary_private_ips": [],
            "security_groups": [
              "From Variables.tf file"
            ],
            "source_dest_check": true,
            "spot_instance_request_id": "",
            "subnet_id": "subnet-0d1f3e16025f18b59",
            "tags": {
              "Name": "cart"
            },
            "tags_all": {
              "Name": "cart"
            },
            "tenancy": "default",
            "timeouts": null,
            "user_data": null,
            "user_data_base64": null,
            "user_data_replace_on_change": false,
            "volume_tags": null,
            "vpc_security_group_ids": [
              "sg-0cd3fb2fb561900df"
            ]
          },
          "sensitive_attributes": [],
          "identity_schema_version": 0,
          "identity": {
            "account_id": "948966750052",
            "id": "i-0069af0b921dac6ed",
            "region": "us-east-1"
          },
          "private": "eyJlMmJmYjczMC1lY2FhLTExZTYtOGY4OC0zNDM2M2JjN2M0YzAiOnsiY3JlYXRlIjo2MDAwMDAwMDAwMDAsImRlbGV0ZSI6MTIwMDAwMDAwMDAwMCwicmVhZCI6OTAwMDAwMDAwMDAwLCJ1cGRhdGUiOjYwMDAwMDAwMDAwMH0sInNjaGVtYV92ZXJzaW9uIjoiMiJ9",
          "dependencies": [
            "aws_security_group.testserver_sg"
          ]
        },
        {
          "index_key": 7,
          "schema_version": 2,
          "attributes": {
            "ami": "ami-0220d79f3f480ecf5",
            "arn": "arn:aws:ec2:us-east-1:948966750052:instance/i-051bf51c1070e4515",
            "associate_public_ip_address": true,
            "availability_zone": "us-east-1d",
            "capacity_reservation_specification": [
              {
                "capacity_reservation_preference": "open",
                "capacity_reservation_target": []
              }
            ],
            "cpu_options": [
              {
                "amd_sev_snp": "",
                "core_count": 1,
                "nested_virtualization": "",
                "threads_per_core": 2
              }
            ],
            "credit_specification": [
              {
                "cpu_credits": "unlimited"
              }
            ],
            "disable_api_stop": false,
            "disable_api_termination": false,
            "ebs_block_device": [],
            "ebs_optimized": false,
            "enable_primary_ipv6": null,
            "enclave_options": [
              {
                "enabled": false
              }
            ],
            "ephemeral_block_device": [],
            "force_destroy": false,
            "get_password_data": false,
            "hibernation": false,
            "host_id": "",
            "host_resource_group_arn": null,
            "iam_instance_profile": "",
            "id": "i-051bf51c1070e4515",
            "instance_initiated_shutdown_behavior": "stop",
            "instance_lifecycle": "",
            "instance_market_options": [],
            "instance_state": "running",
            "instance_type": "t3.small",
            "ipv6_address_count": 0,
            "ipv6_addresses": [],
            "key_name": "",
            "launch_template": [],
            "maintenance_options": [
              {
                "auto_recovery": "default"
              }
            ],
            "metadata_options": [
              {
                "http_endpoint": "enabled",
                "http_protocol_ipv6": "disabled",
                "http_put_response_hop_limit": 1,
                "http_tokens": "optional",
                "instance_metadata_tags": "disabled"
              }
            ],
            "monitoring": false,
            "network_interface": [],
            "outpost_arn": "",
            "password_data": "",
            "placement_group": "",
            "placement_group_id": "",
            "placement_partition_number": 0,
            "primary_network_interface": [
              {
                "delete_on_termination": true,
                "network_interface_id": "eni-0964de99f1d68ea70"
              }
            ],
            "primary_network_interface_id": "eni-0964de99f1d68ea70",
            "private_dns": "ip-172-31-43-236.ec2.internal",
            "private_dns_name_options": [
              {
                "enable_resource_name_dns_a_record": false,
                "enable_resource_name_dns_aaaa_record": false,
                "hostname_type": "ip-name"
              }
            ],
            "private_ip": "172.31.43.236",
            "public_dns": "ec2-98-86-221-36.compute-1.amazonaws.com",
            "public_ip": "98.86.221.36",
            "region": "us-east-1",
            "root_block_device": [
              {
                "delete_on_termination": true,
                "device_name": "/dev/sda1",
                "encrypted": false,
                "iops": 3000,
                "kms_key_id": "",
                "tags": {},
                "tags_all": {},
                "throughput": 125,
                "volume_id": "vol-03ff6651bf02c71b1",
                "volume_size": 20,
                "volume_type": "gp3"
              }
            ],
            "secondary_network_interface": [],
            "secondary_private_ips": [],
            "security_groups": [
              "From Variables.tf file"
            ],
            "source_dest_check": true,
            "spot_instance_request_id": "",
            "subnet_id": "subnet-0d1f3e16025f18b59",
            "tags": {
              "Name": "shipping"
            },
            "tags_all": {
              "Name": "shipping"
            },
            "tenancy": "default",
            "timeouts": null,
            "user_data": null,
            "user_data_base64": null,
            "user_data_replace_on_change": false,
            "volume_tags": null,
            "vpc_security_group_ids": [
              "sg-0cd3fb2fb561900df"
            ]
          },
          "sensitive_attributes": [],
          "identity_schema_version": 0,
          "identity": {
            "account_id": "948966750052",
            "id": "i-051bf51c1070e4515",
            "region": "us-east-1"
          },
          "private": "eyJlMmJmYjczMC1lY2FhLTExZTYtOGY4OC0zNDM2M2JjN2M0YzAiOnsiY3JlYXRlIjo2MDAwMDAwMDAwMDAsImRlbGV0ZSI6MTIwMDAwMDAwMDAwMCwicmVhZCI6OTAwMDAwMDAwMDAwLCJ1cGRhdGUiOjYwMDAwMDAwMDAwMH0sInNjaGVtYV92ZXJzaW9uIjoiMiJ9",
          "dependencies": [
            "aws_security_group.testserver_sg"
          ]
        },
        {
          "index_key": 8,
          "schema_version": 2,
          "attributes": {
            "ami": "ami-0220d79f3f480ecf5",
            "arn": "arn:aws:ec2:us-east-1:948966750052:instance/i-0dd3ed4440d95b7bf",
            "associate_public_ip_address": true,
            "availability_zone": "us-east-1d",
            "capacity_reservation_specification": [
              {
                "capacity_reservation_preference": "open",
                "capacity_reservation_target": []
              }
            ],
            "cpu_options": [
              {
                "amd_sev_snp": "",
                "core_count": 1,
                "nested_virtualization": "",
                "threads_per_core": 2
              }
            ],
            "credit_specification": [
              {
                "cpu_credits": "unlimited"
              }
            ],
            "disable_api_stop": false,
            "disable_api_termination": false,
            "ebs_block_device": [],
            "ebs_optimized": false,
            "enable_primary_ipv6": null,
            "enclave_options": [
              {
                "enabled": false
              }
            ],
            "ephemeral_block_device": [],
            "force_destroy": false,
            "get_password_data": false,
            "hibernation": false,
            "host_id": "",
            "host_resource_group_arn": null,
            "iam_instance_profile": "",
            "id": "i-0dd3ed4440d95b7bf",
            "instance_initiated_shutdown_behavior": "stop",
            "instance_lifecycle": "",
            "instance_market_options": [],
            "instance_state": "running",
            "instance_type": "t3.small",
            "ipv6_address_count": 0,
            "ipv6_addresses": [],
            "key_name": "",
            "launch_template": [],
            "maintenance_options": [
              {
                "auto_recovery": "default"
              }
            ],
            "metadata_options": [
              {
                "http_endpoint": "enabled",
                "http_protocol_ipv6": "disabled",
                "http_put_response_hop_limit": 1,
                "http_tokens": "optional",
                "instance_metadata_tags": "disabled"
              }
            ],
            "monitoring": false,
            "network_interface": [],
            "outpost_arn": "",
            "password_data": "",
            "placement_group": "",
            "placement_group_id": "",
            "placement_partition_number": 0,
            "primary_network_interface": [
              {
                "delete_on_termination": true,
                "network_interface_id": "eni-015abbfed246ac751"
              }
            ],
            "primary_network_interface_id": "eni-015abbfed246ac751",
            "private_dns": "ip-172-31-45-38.ec2.internal",
            "private_dns_name_options": [
              {
                "enable_resource_name_dns_a_record": false,
                "enable_resource_name_dns_aaaa_record": false,
                "hostname_type": "ip-name"
              }
            ],
            "private_ip": "172.31.45.38",
            "public_dns": "ec2-54-159-121-1.compute-1.amazonaws.com",
            "public_ip": "54.159.121.1",
            "region": "us-east-1",
            "root_block_device": [
              {
                "delete_on_termination": true,
                "device_name": "/dev/sda1",
                "encrypted": false,
                "iops": 3000,
                "kms_key_id": "",
                "tags": {},
                "tags_all": {},
                "throughput": 125,
                "volume_id": "vol-0a9daeb58ca550563",
                "volume_size": 20,
                "volume_type": "gp3"
              }
            ],
            "secondary_network_interface": [],
            "secondary_private_ips": [],
            "security_groups": [
              "From Variables.tf file"
            ],
            "source_dest_check": true,
            "spot_instance_request_id": "",
            "subnet_id": "subnet-0d1f3e16025f18b59",
            "tags": {
              "Name": "payment"
            },
            "tags_all": {
              "Name": "payment"
            },
            "tenancy": "default",
            "timeouts": null,
            "user_data": null,
            "user_data_base64": null,
            "user_data_replace_on_change": false,
            "volume_tags": null,
            "vpc_security_group_ids": [
              "sg-0cd3fb2fb561900df"
            ]
          },
          "sensitive_attributes": [],
          "identity_schema_version": 0,
          "identity": {
            "account_id": "948966750052",
            "id": "i-0dd3ed4440d95b7bf",
            "region": "us-east-1"
          },
          "private": "eyJlMmJmYjczMC1lY2FhLTExZTYtOGY4OC0zNDM2M2JjN2M0YzAiOnsiY3JlYXRlIjo2MDAwMDAwMDAwMDAsImRlbGV0ZSI6MTIwMDAwMDAwMDAwMCwicmVhZCI6OTAwMDAwMDAwMDAwLCJ1cGRhdGUiOjYwMDAwMDAwMDAwMH0sInNjaGVtYV92ZXJzaW9uIjoiMiJ9",
          "dependencies": [
            "aws_security_group.testserver_sg"
          ]
        },
        {
          "index_key": 9,
          "schema_version": 2,
          "attributes": {
            "ami": "ami-0220d79f3f480ecf5",
            "arn": "arn:aws:ec2:us-east-1:948966750052:instance/i-0ef2d2d980be7bdd2",
            "associate_public_ip_address": true,
            "availability_zone": "us-east-1d",
            "capacity_reservation_specification": [
              {
                "capacity_reservation_preference": "open",
                "capacity_reservation_target": []
              }
            ],
            "cpu_options": [
              {
                "amd_sev_snp": "",
                "core_count": 1,
                "nested_virtualization": "",
                "threads_per_core": 2
              }
            ],
            "credit_specification": [
              {
                "cpu_credits": "unlimited"
              }
            ],
            "disable_api_stop": false,
            "disable_api_termination": false,
            "ebs_block_device": [],
            "ebs_optimized": false,
            "enable_primary_ipv6": null,
            "enclave_options": [
              {
                "enabled": false
              }
            ],
            "ephemeral_block_device": [],
            "force_destroy": false,
            "get_password_data": false,
            "hibernation": false,
            "host_id": "",
            "host_resource_group_arn": null,
            "iam_instance_profile": "",
            "id": "i-0ef2d2d980be7bdd2",
            "instance_initiated_shutdown_behavior": "stop",
            "instance_lifecycle": "",
            "instance_market_options": [],
            "instance_state": "running",
            "instance_type": "t3.small",
            "ipv6_address_count": 0,
            "ipv6_addresses": [],
            "key_name": "",
            "launch_template": [],
            "maintenance_options": [
              {
                "auto_recovery": "default"
              }
            ],
            "metadata_options": [
              {
                "http_endpoint": "enabled",
                "http_protocol_ipv6": "disabled",
                "http_put_response_hop_limit": 1,
                "http_tokens": "optional",
                "instance_metadata_tags": "disabled"
              }
            ],
            "monitoring": false,
            "network_interface": [],
            "outpost_arn": "",
            "password_data": "",
            "placement_group": "",
            "placement_group_id": "",
            "placement_partition_number": 0,
            "primary_network_interface": [
              {
                "delete_on_termination": true,
                "network_interface_id": "eni-06ff12b0b7e323971"
              }
            ],
            "primary_network_interface_id": "eni-06ff12b0b7e323971",
            "private_dns": "ip-172-31-45-122.ec2.internal",
            "private_dns_name_options": [
              {
                "enable_resource_name_dns_a_record": false,
                "enable_resource_name_dns_aaaa_record": false,
                "hostname_type": "ip-name"
              }
            ],
            "private_ip": "172.31.45.122",
            "public_dns": "ec2-54-196-97-1.compute-1.amazonaws.com",
            "public_ip": "54.196.97.1",
            "region": "us-east-1",
            "root_block_device": [
              {
                "delete_on_termination": true,
                "device_name": "/dev/sda1",
                "encrypted": false,
                "iops": 3000,
                "kms_key_id": "",
                "tags": {},
                "tags_all": {},
                "throughput": 125,
                "volume_id": "vol-07d3fdf1ded5d9ea3",
                "volume_size": 20,
                "volume_type": "gp3"
              }
            ],
            "secondary_network_interface": [],
            "secondary_private_ips": [],
            "security_groups": [
              "From Variables.tf file"
            ],
            "source_dest_check": true,
            "spot_instance_request_id": "",
            "subnet_id": "subnet-0d1f3e16025f18b59",
            "tags": {
              "Name": "frontend"
            },
            "tags_all": {
              "Name": "frontend"
            },
            "tenancy": "default",
            "timeouts": null,
            "user_data": null,
            "user_data_base64": null,
            "user_data_replace_on_change": false,
            "volume_tags": null,
            "vpc_security_group_ids": [
              "sg-0cd3fb2fb561900df"
            ]
          },
          "sensitive_attributes": [],
          "identity_schema_version": 0,
          "identity": {
            "account_id": "948966750052",
            "id": "i-0ef2d2d980be7bdd2",
            "region": "us-east-1"
          },
          "private": "eyJlMmJmYjczMC1lY2FhLTExZTYtOGY4OC0zNDM2M2JjN2M0YzAiOnsiY3JlYXRlIjo2MDAwMDAwMDAwMDAsImRlbGV0ZSI6MTIwMDAwMDAwMDAwMCwicmVhZCI6OTAwMDAwMDAwMDAwLCJ1cGRhdGUiOjYwMDAwMDAwMDAwMH0sInNjaGVtYV92ZXJzaW9uIjoiMiJ9",
          "dependencies": [
            "aws_security_group.testserver_sg"
          ]
        }
      ]
    },
    {
      "mode": "managed",
      "type": "aws_security_group",
      "name": "testserver_sg",
      "provider": "provider[\"registry.terraform.io/hashicorp/aws\"]",
      "instances": [
        {
          "schema_version": 1,
          "attributes": {
            "arn": "arn:aws:ec2:us-east-1:948966750052:security-group/sg-0cd3fb2fb561900df",
            "description": "Allow all traffic",
            "egress": [
              {
                "cidr_blocks": [
                  "0.0.0.0/0"
                ],
                "description": "",
                "from_port": 0,
                "ipv6_cidr_blocks": [
                  "::/0"
                ],
                "prefix_list_ids": [],
                "protocol": "-1",
                "security_groups": [],
                "self": false,
                "to_port": 0
              }
            ],
            "id": "sg-0cd3fb2fb561900df",
            "ingress": [
              {
                "cidr_blocks": [
                  "0.0.0.0/0"
                ],
                "description": "",
                "from_port": 0,
                "ipv6_cidr_blocks": [
                  "::/0"
                ],
                "prefix_list_ids": [],
                "protocol": "-1",
                "security_groups": [],
                "self": false,
                "to_port": 0
              }
            ],
            "name": "From Variables.tf file",
            "name_prefix": "",
            "owner_id": "948966750052",
            "region": "us-east-1",
            "revoke_rules_on_delete": false,
            "tags": {
              "Name": "testserver01",
              "terraform": "true"
            },
            "tags_all": {
              "Name": "testserver01",
              "terraform": "true"
            },
            "timeouts": null,
            "vpc_id": "vpc-00d9de542572a13ec"
          },
          "sensitive_attributes": [],
          "identity_schema_version": 0,
          "identity": {
            "account_id": "948966750052",
            "id": "sg-0cd3fb2fb561900df",
            "region": "us-east-1"
          },
          "private": "eyJlMmJmYjczMC1lY2FhLTExZTYtOGY4OC0zNDM2M2JjN2M0YzAiOnsiY3JlYXRlIjo2MDAwMDAwMDAwMDAsImRlbGV0ZSI6OTAwMDAwMDAwMDAwfSwic2NoZW1hX3ZlcnNpb24iOiIxIn0=",
          "create_before_destroy": true
        }
      ]
    }
  ],
  "check_results": null
}
