{
  "version": 4,
  "terraform_version": "1.15.1",
  "serial": 46,
  "lineage": "300b25e0-61e2-69dc-0489-ef1530d8d169",
  "outputs": {
    "roboshop_instances": {
      "value": [
        {
          "ami": "ami-0220d79f3f480ecf5",
          "arn": "arn:aws:ec2:us-east-1:948966750052:instance/i-0cf26add177bca0fc",
          "associate_public_ip_address": true,
          "availability_zone": "us-east-1d",
          "capacity_reservation_specification": [
            {
              "capacity_reservation_preference": "open",
              "capacity_reservation_target": []
            }
          ],
          "cpu_options": [
            {
              "amd_sev_snp": "",
              "core_count": 1,
              "nested_virtualization": "",
              "threads_per_core": 2
            }
          ],
          "credit_specification": [
            {
              "cpu_credits": "unlimited"
            }
          ],
          "disable_api_stop": false,
          "disable_api_termination": false,
          "ebs_block_device": [],
          "ebs_optimized": false,
          "enable_primary_ipv6": null,
          "enclave_options": [
            {
              "enabled": false
            }
          ],
          "ephemeral_block_device": [],
          "force_destroy": false,
          "get_password_data": false,
          "hibernation": false,
          "host_id": "",
          "host_resource_group_arn": null,
          "iam_instance_profile": "",
          "id": "i-0cf26add177bca0fc",
          "instance_initiated_shutdown_behavior": "stop",
          "instance_lifecycle": "",
          "instance_market_options": [],
          "instance_state": "running",
          "instance_type": "t3.micro",
          "ipv6_address_count": 0,
          "ipv6_addresses": [],
          "key_name": "",
          "launch_template": [],
          "maintenance_options": [
            {
              "auto_recovery": "default"
            }
          ],
          "metadata_options": [
            {
              "http_endpoint": "enabled",
              "http_protocol_ipv6": "disabled",
              "http_put_response_hop_limit": 1,
              "http_tokens": "optional",
              "instance_metadata_tags": "disabled"
            }
          ],
          "monitoring": false,
          "network_interface": [],
          "outpost_arn": "",
          "password_data": "",
          "placement_group": "",
          "placement_group_id": "",
          "placement_partition_number": 0,
          "primary_network_interface": [
            {
              "delete_on_termination": true,
              "network_interface_id": "eni-0fc74876e1a8dc4c5"
            }
          ],
          "primary_network_interface_id": "eni-0fc74876e1a8dc4c5",
          "private_dns": "ip-172-31-45-119.ec2.internal",
          "private_dns_name_options": [
            {
              "enable_resource_name_dns_a_record": false,
              "enable_resource_name_dns_aaaa_record": false,
              "hostname_type": "ip-name"
            }
          ],
          "private_ip": "172.31.45.119",
          "public_dns": "ec2-98-91-174-196.compute-1.amazonaws.com",
          "public_ip": "98.91.174.196",
          "region": "us-east-1",
          "root_block_device": [
            {
              "delete_on_termination": true,
              "device_name": "/dev/sda1",
              "encrypted": false,
              "iops": 3000,
              "kms_key_id": "",
              "tags": {},
              "tags_all": {},
              "throughput": 125,
              "volume_id": "vol-0d3b3919f754f5a24",
              "volume_size": 20,
              "volume_type": "gp3"
            }
          ],
          "secondary_network_interface": [],
          "secondary_private_ips": [],
          "security_groups": [
            "From Variables.tf file"
          ],
          "source_dest_check": true,
          "spot_instance_request_id": "",
          "subnet_id": "subnet-0d1f3e16025f18b59",
          "tags": {
            "Name": "mongodb"
          },
          "tags_all": {
            "Name": "mongodb"
          },
          "tenancy": "default",
          "timeouts": null,
          "user_data": null,
          "user_data_base64": null,
          "user_data_replace_on_change": false,
          "volume_tags": null,
          "vpc_security_group_ids": [
            "sg-0aae8942eb6f8581a"
          ]
        },
        {
          "ami": "ami-0220d79f3f480ecf5",
          "arn": "arn:aws:ec2:us-east-1:948966750052:instance/i-04f958b1df9143537",
          "associate_public_ip_address": true,
          "availability_zone": "us-east-1d",
          "capacity_reservation_specification": [
            {
              "capacity_reservation_preference": "open",
              "capacity_reservation_target": []
            }
          ],
          "cpu_options": [
            {
              "amd_sev_snp": "",
              "core_count": 1,
              "nested_virtualization": "",
              "threads_per_core": 2
            }
          ],
          "credit_specification": [
            {
              "cpu_credits": "unlimited"
            }
          ],
          "disable_api_stop": false,
          "disable_api_termination": false,
          "ebs_block_device": [],
          "ebs_optimized": false,
          "enable_primary_ipv6": null,
          "enclave_options": [
            {
              "enabled": false
            }
          ],
          "ephemeral_block_device": [],
          "force_destroy": false,
          "get_password_data": false,
          "hibernation": false,
          "host_id": "",
          "host_resource_group_arn": null,
          "iam_instance_profile": "",
          "id": "i-04f958b1df9143537",
          "instance_initiated_shutdown_behavior": "stop",
          "instance_lifecycle": "",
          "instance_market_options": [],
          "instance_state": "running",
          "instance_type": "t3.micro",
          "ipv6_address_count": 0,
          "ipv6_addresses": [],
          "key_name": "",
          "launch_template": [],
          "maintenance_options": [
            {
              "auto_recovery": "default"
            }
          ],
          "metadata_options": [
            {
              "http_endpoint": "enabled",
              "http_protocol_ipv6": "disabled",
              "http_put_response_hop_limit": 1,
              "http_tokens": "optional",
              "instance_metadata_tags": "disabled"
            }
          ],
          "monitoring": false,
          "network_interface": [],
          "outpost_arn": "",
          "password_data": "",
          "placement_group": "",
          "placement_group_id": "",
          "placement_partition_number": 0,
          "primary_network_interface": [
            {
              "delete_on_termination": true,
              "network_interface_id": "eni-0c209724e5160e105"
            }
          ],
          "primary_network_interface_id": "eni-0c209724e5160e105",
          "private_dns": "ip-172-31-41-45.ec2.internal",
          "private_dns_name_options": [
            {
              "enable_resource_name_dns_a_record": false,
              "enable_resource_name_dns_aaaa_record": false,
              "hostname_type": "ip-name"
            }
          ],
          "private_ip": "172.31.41.45",
          "public_dns": "ec2-54-161-26-218.compute-1.amazonaws.com",
          "public_ip": "54.161.26.218",
          "region": "us-east-1",
          "root_block_device": [
            {
              "delete_on_termination": true,
              "device_name": "/dev/sda1",
              "encrypted": false,
              "iops": 3000,
              "kms_key_id": "",
              "tags": {},
              "tags_all": {},
              "throughput": 125,
              "volume_id": "vol-094337b2a7e431c04",
              "volume_size": 20,
              "volume_type": "gp3"
            }
          ],
          "secondary_network_interface": [],
          "secondary_private_ips": [],
          "security_groups": [
            "From Variables.tf file"
          ],
          "source_dest_check": true,
          "spot_instance_request_id": "",
          "subnet_id": "subnet-0d1f3e16025f18b59",
          "tags": {
            "Name": "mysql"
          },
          "tags_all": {
            "Name": "mysql"
          },
          "tenancy": "default",
          "timeouts": null,
          "user_data": null,
          "user_data_base64": null,
          "user_data_replace_on_change": false,
          "volume_tags": null,
          "vpc_security_group_ids": [
            "sg-0aae8942eb6f8581a"
          ]
        },
        {
          "ami": "ami-0220d79f3f480ecf5",
          "arn": "arn:aws:ec2:us-east-1:948966750052:instance/i-089da7901ee0d4811",
          "associate_public_ip_address": true,
          "availability_zone": "us-east-1d",
          "capacity_reservation_specification": [
            {
              "capacity_reservation_preference": "open",
              "capacity_reservation_target": []
            }
          ],
          "cpu_options": [
            {
              "amd_sev_snp": "",
              "core_count": 1,
              "nested_virtualization": "",
              "threads_per_core": 2
            }
          ],
          "credit_specification": [
            {
              "cpu_credits": "unlimited"
            }
          ],
          "disable_api_stop": false,
          "disable_api_termination": false,
          "ebs_block_device": [],
          "ebs_optimized": false,
          "enable_primary_ipv6": null,
          "enclave_options": [
            {
              "enabled": false
            }
          ],
          "ephemeral_block_device": [],
          "force_destroy": false,
          "get_password_data": false,
          "hibernation": false,
          "host_id": "",
          "host_resource_group_arn": null,
          "iam_instance_profile": "",
          "id": "i-089da7901ee0d4811",
          "instance_initiated_shutdown_behavior": "stop",
          "instance_lifecycle": "",
          "instance_market_options": [],
          "instance_state": "running",
          "instance_type": "t3.micro",
          "ipv6_address_count": 0,
          "ipv6_addresses": [],
          "key_name": "",
          "launch_template": [],
          "maintenance_options": [
            {
              "auto_recovery": "default"
            }
          ],
          "metadata_options": [
            {
              "http_endpoint": "enabled",
              "http_protocol_ipv6": "disabled",
              "http_put_response_hop_limit": 1,
              "http_tokens": "optional",
              "instance_metadata_tags": "disabled"
            }
          ],
          "monitoring": false,
          "network_interface": [],
          "outpost_arn": "",
          "password_data": "",
          "placement_group": "",
          "placement_group_id": "",
          "placement_partition_number": 0,
          "primary_network_interface": [
            {
              "delete_on_termination": true,
              "network_interface_id": "eni-0bf6cec0b83035b7d"
            }
          ],
          "primary_network_interface_id": "eni-0bf6cec0b83035b7d",
          "private_dns": "ip-172-31-35-112.ec2.internal",
          "private_dns_name_options": [
            {
              "enable_resource_name_dns_a_record": false,
              "enable_resource_name_dns_aaaa_record": false,
              "hostname_type": "ip-name"
            }
          ],
          "private_ip": "172.31.35.112",
          "public_dns": "ec2-52-203-207-188.compute-1.amazonaws.com",
          "public_ip": "52.203.207.188",
          "region": "us-east-1",
          "root_block_device": [
            {
              "delete_on_termination": true,
              "device_name": "/dev/sda1",
              "encrypted": false,
              "iops": 3000,
              "kms_key_id": "",
              "tags": {},
              "tags_all": {},
              "throughput": 125,
              "volume_id": "vol-048137bd60287c0b5",
              "volume_size": 20,
              "volume_type": "gp3"
            }
          ],
          "secondary_network_interface": [],
          "secondary_private_ips": [],
          "security_groups": [
            "From Variables.tf file"
          ],
          "source_dest_check": true,
          "spot_instance_request_id": "",
          "subnet_id": "subnet-0d1f3e16025f18b59",
          "tags": {
            "Name": "catalogue"
          },
          "tags_all": {
            "Name": "catalogue"
          },
          "tenancy": "default",
          "timeouts": null,
          "user_data": null,
          "user_data_base64": null,
          "user_data_replace_on_change": false,
          "volume_tags": null,
          "vpc_security_group_ids": [
            "sg-0aae8942eb6f8581a"
          ]
        },
        {
          "ami": "ami-0220d79f3f480ecf5",
          "arn": "arn:aws:ec2:us-east-1:948966750052:instance/i-04672e69c30675345",
          "associate_public_ip_address": true,
          "availability_zone": "us-east-1d",
          "capacity_reservation_specification": [
            {
              "capacity_reservation_preference": "open",
              "capacity_reservation_target": []
            }
          ],
          "cpu_options": [
            {
              "amd_sev_snp": "",
              "core_count": 1,
              "nested_virtualization": "",
              "threads_per_core": 2
            }
          ],
          "credit_specification": [
            {
              "cpu_credits": "unlimited"
            }
          ],
          "disable_api_stop": false,
          "disable_api_termination": false,
          "ebs_block_device": [],
          "ebs_optimized": false,
          "enable_primary_ipv6": null,
          "enclave_options": [
            {
              "enabled": false
            }
          ],
          "ephemeral_block_device": [],
          "force_destroy": false,
          "get_password_data": false,
          "hibernation": false,
          "host_id": "",
          "host_resource_group_arn": null,
          "iam_instance_profile": "",
          "id": "i-04672e69c30675345",
          "instance_initiated_shutdown_behavior": "stop",
          "instance_lifecycle": "",
          "instance_market_options": [],
          "instance_state": "running",
          "instance_type": "t3.micro",
          "ipv6_address_count": 0,
          "ipv6_addresses": [],
          "key_name": "",
          "launch_template": [],
          "maintenance_options": [
            {
              "auto_recovery": "default"
            }
          ],
          "metadata_options": [
            {
              "http_endpoint": "enabled",
              "http_protocol_ipv6": "disabled",
              "http_put_response_hop_limit": 1,
              "http_tokens": "optional",
              "instance_metadata_tags": "disabled"
            }
          ],
          "monitoring": false,
          "network_interface": [],
          "outpost_arn": "",
          "password_data": "",
          "placement_group": "",
          "placement_group_id": "",
          "placement_partition_number": 0,
          "primary_network_interface": [
            {
              "delete_on_termination": true,
              "network_interface_id": "eni-014e2acf1b521b21c"
            }
          ],
          "primary_network_interface_id": "eni-014e2acf1b521b21c",
          "private_dns": "ip-172-31-47-160.ec2.internal",
          "private_dns_name_options": [
            {
              "enable_resource_name_dns_a_record": false,
              "enable_resource_name_dns_aaaa_record": false,
              "hostname_type": "ip-name"
            }
          ],
          "private_ip": "172.31.47.160",
          "public_dns": "ec2-52-90-217-182.compute-1.amazonaws.com",
          "public_ip": "52.90.217.182",
          "region": "us-east-1",
          "root_block_device": [
            {
              "delete_on_termination": true,
              "device_name": "/dev/sda1",
              "encrypted": false,
              "iops": 3000,
              "kms_key_id": "",
              "tags": {},
              "tags_all": {},
              "throughput": 125,
              "volume_id": "vol-0d00d6c8adf641aa0",
              "volume_size": 20,
              "volume_type": "gp3"
            }
          ],
          "secondary_network_interface": [],
          "secondary_private_ips": [],
          "security_groups": [
            "From Variables.tf file"
          ],
          "source_dest_check": true,
          "spot_instance_request_id": "",
          "subnet_id": "subnet-0d1f3e16025f18b59",
          "tags": {
            "Name": "redis"
          },
          "tags_all": {
            "Name": "redis"
          },
          "tenancy": "default",
          "timeouts": null,
          "user_data": null,
          "user_data_base64": null,
          "user_data_replace_on_change": false,
          "volume_tags": null,
          "vpc_security_group_ids": [
            "sg-0aae8942eb6f8581a"
          ]
        },
        {
          "ami": "ami-0220d79f3f480ecf5",
          "arn": "arn:aws:ec2:us-east-1:948966750052:instance/i-08da5b3c55bd76bdd",
          "associate_public_ip_address": true,
          "availability_zone": "us-east-1d",
          "capacity_reservation_specification": [
            {
              "capacity_reservation_preference": "open",
              "capacity_reservation_target": []
            }
          ],
          "cpu_options": [
            {
              "amd_sev_snp": "",
              "core_count": 1,
              "nested_virtualization": "",
              "threads_per_core": 2
            }
          ],
          "credit_specification": [
            {
              "cpu_credits": "unlimited"
            }
          ],
          "disable_api_stop": false,
          "disable_api_termination": false,
          "ebs_block_device": [],
          "ebs_optimized": false,
          "enable_primary_ipv6": null,
          "enclave_options": [
            {
              "enabled": false
            }
          ],
          "ephemeral_block_device": [],
          "force_destroy": false,
          "get_password_data": false,
          "hibernation": false,
          "host_id": "",
          "host_resource_group_arn": null,
          "iam_instance_profile": "",
          "id": "i-08da5b3c55bd76bdd",
          "instance_initiated_shutdown_behavior": "stop",
          "instance_lifecycle": "",
          "instance_market_options": [],
          "instance_state": "running",
          "instance_type": "t3.micro",
          "ipv6_address_count": 0,
          "ipv6_addresses": [],
          "key_name": "",
          "launch_template": [],
          "maintenance_options": [
            {
              "auto_recovery": "default"
            }
          ],
          "metadata_options": [
            {
              "http_endpoint": "enabled",
              "http_protocol_ipv6": "disabled",
              "http_put_response_hop_limit": 1,
              "http_tokens": "optional",
              "instance_metadata_tags": "disabled"
            }
          ],
          "monitoring": false,
          "network_interface": [],
          "outpost_arn": "",
          "password_data": "",
          "placement_group": "",
          "placement_group_id": "",
          "placement_partition_number": 0,
          "primary_network_interface": [
            {
              "delete_on_termination": true,
              "network_interface_id": "eni-0dc0f59c2dab860c7"
            }
          ],
          "primary_network_interface_id": "eni-0dc0f59c2dab860c7",
          "private_dns": "ip-172-31-33-13.ec2.internal",
          "private_dns_name_options": [
            {
              "enable_resource_name_dns_a_record": false,
              "enable_resource_name_dns_aaaa_record": false,
              "hostname_type": "ip-name"
            }
          ],
          "private_ip": "172.31.33.13",
          "public_dns": "ec2-54-172-233-0.compute-1.amazonaws.com",
          "public_ip": "54.172.233.0",
          "region": "us-east-1",
          "root_block_device": [
            {
              "delete_on_termination": true,
              "device_name": "/dev/sda1",
              "encrypted": false,
              "iops": 3000,
              "kms_key_id": "",
              "tags": {},
              "tags_all": {},
              "throughput": 125,
              "volume_id": "vol-043d1f6955017ce4b",
              "volume_size": 20,
              "volume_type": "gp3"
            }
          ],
          "secondary_network_interface": [],
          "secondary_private_ips": [],
          "security_groups": [
            "From Variables.tf file"
          ],
          "source_dest_check": true,
          "spot_instance_request_id": "",
          "subnet_id": "subnet-0d1f3e16025f18b59",
          "tags": {
            "Name": "rabbitmq"
          },
          "tags_all": {
            "Name": "rabbitmq"
          },
          "tenancy": "default",
          "timeouts": null,
          "user_data": null,
          "user_data_base64": null,
          "user_data_replace_on_change": false,
          "volume_tags": null,
          "vpc_security_group_ids": [
            "sg-0aae8942eb6f8581a"
          ]
        },
        {
          "ami": "ami-0220d79f3f480ecf5",
          "arn": "arn:aws:ec2:us-east-1:948966750052:instance/i-0ca49afd4963f2865",
          "associate_public_ip_address": true,
          "availability_zone": "us-east-1d",
          "capacity_reservation_specification": [
            {
              "capacity_reservation_preference": "open",
              "capacity_reservation_target": []
            }
          ],
          "cpu_options": [
            {
              "amd_sev_snp": "",
              "core_count": 1,
              "nested_virtualization": "",
              "threads_per_core": 2
            }
          ],
          "credit_specification": [
            {
              "cpu_credits": "unlimited"
            }
          ],
          "disable_api_stop": false,
          "disable_api_termination": false,
          "ebs_block_device": [],
          "ebs_optimized": false,
          "enable_primary_ipv6": null,
          "enclave_options": [
            {
              "enabled": false
            }
          ],
          "ephemeral_block_device": [],
          "force_destroy": false,
          "get_password_data": false,
          "hibernation": false,
          "host_id": "",
          "host_resource_group_arn": null,
          "iam_instance_profile": "",
          "id": "i-0ca49afd4963f2865",
          "instance_initiated_shutdown_behavior": "stop",
          "instance_lifecycle": "",
          "instance_market_options": [],
          "instance_state": "running",
          "instance_type": "t3.micro",
          "ipv6_address_count": 0,
          "ipv6_addresses": [],
          "key_name": "",
          "launch_template": [],
          "maintenance_options": [
            {
              "auto_recovery": "default"
            }
          ],
          "metadata_options": [
            {
              "http_endpoint": "enabled",
              "http_protocol_ipv6": "disabled",
              "http_put_response_hop_limit": 1,
              "http_tokens": "optional",
              "instance_metadata_tags": "disabled"
            }
          ],
          "monitoring": false,
          "network_interface": [],
          "outpost_arn": "",
          "password_data": "",
          "placement_group": "",
          "placement_group_id": "",
          "placement_partition_number": 0,
          "primary_network_interface": [
            {
              "delete_on_termination": true,
              "network_interface_id": "eni-054bd67baa84a1f9b"
            }
          ],
          "primary_network_interface_id": "eni-054bd67baa84a1f9b",
          "private_dns": "ip-172-31-39-198.ec2.internal",
          "private_dns_name_options": [
            {
              "enable_resource_name_dns_a_record": false,
              "enable_resource_name_dns_aaaa_record": false,
              "hostname_type": "ip-name"
            }
          ],
          "private_ip": "172.31.39.198",
          "public_dns": "ec2-35-175-251-62.compute-1.amazonaws.com",
          "public_ip": "35.175.251.62",
          "region": "us-east-1",
          "root_block_device": [
            {
              "delete_on_termination": true,
              "device_name": "/dev/sda1",
              "encrypted": false,
              "iops": 3000,
              "kms_key_id": "",
              "tags": {},
              "tags_all": {},
              "throughput": 125,
              "volume_id": "vol-06fc76e269280f9f8",
              "volume_size": 20,
              "volume_type": "gp3"
            }
          ],
          "secondary_network_interface": [],
          "secondary_private_ips": [],
          "security_groups": [
            "From Variables.tf file"
          ],
          "source_dest_check": true,
          "spot_instance_request_id": "",
          "subnet_id": "subnet-0d1f3e16025f18b59",
          "tags": {
            "Name": "user"
          },
          "tags_all": {
            "Name": "user"
          },
          "tenancy": "default",
          "timeouts": null,
          "user_data": null,
          "user_data_base64": null,
          "user_data_replace_on_change": false,
          "volume_tags": null,
          "vpc_security_group_ids": [
            "sg-0aae8942eb6f8581a"
          ]
        },
        {
          "ami": "ami-0220d79f3f480ecf5",
          "arn": "arn:aws:ec2:us-east-1:948966750052:instance/i-07e1b8d53c09c6868",
          "associate_public_ip_address": true,
          "availability_zone": "us-east-1d",
          "capacity_reservation_specification": [
            {
              "capacity_reservation_preference": "open",
              "capacity_reservation_target": []
            }
          ],
          "cpu_options": [
            {
              "amd_sev_snp": "",
              "core_count": 1,
              "nested_virtualization": "",
              "threads_per_core": 2
            }
          ],
          "credit_specification": [
            {
              "cpu_credits": "unlimited"
            }
          ],
          "disable_api_stop": false,
          "disable_api_termination": false,
          "ebs_block_device": [],
          "ebs_optimized": false,
          "enable_primary_ipv6": null,
          "enclave_options": [
            {
              "enabled": false
            }
          ],
          "ephemeral_block_device": [],
          "force_destroy": false,
          "get_password_data": false,
          "hibernation": false,
          "host_id": "",
          "host_resource_group_arn": null,
          "iam_instance_profile": "",
          "id": "i-07e1b8d53c09c6868",
          "instance_initiated_shutdown_behavior": "stop",
          "instance_lifecycle": "",
          "instance_market_options": [],
          "instance_state": "running",
          "instance_type": "t3.micro",
          "ipv6_address_count": 0,
          "ipv6_addresses": [],
          "key_name": "",
          "launch_template": [],
          "maintenance_options": [
            {
              "auto_recovery": "default"
            }
          ],
          "metadata_options": [
            {
              "http_endpoint": "enabled",
              "http_protocol_ipv6": "disabled",
              "http_put_response_hop_limit": 1,
              "http_tokens": "optional",
              "instance_metadata_tags": "disabled"
            }
          ],
          "monitoring": false,
          "network_interface": [],
          "outpost_arn": "",
          "password_data": "",
          "placement_group": "",
          "placement_group_id": "",
          "placement_partition_number": 0,
          "primary_network_interface": [
            {
              "delete_on_termination": true,
              "network_interface_id": "eni-0140458f99e165778"
            }
          ],
          "primary_network_interface_id": "eni-0140458f99e165778",
          "private_dns": "ip-172-31-38-164.ec2.internal",
          "private_dns_name_options": [
            {
              "enable_resource_name_dns_a_record": false,
              "enable_resource_name_dns_aaaa_record": false,
              "hostname_type": "ip-name"
            }
          ],
          "private_ip": "172.31.38.164",
          "public_dns": "ec2-54-224-63-170.compute-1.amazonaws.com",
          "public_ip": "54.224.63.170",
          "region": "us-east-1",
          "root_block_device": [
            {
              "delete_on_termination": true,
              "device_name": "/dev/sda1",
              "encrypted": false,
              "iops": 3000,
              "kms_key_id": "",
              "tags": {},
              "tags_all": {},
              "throughput": 125,
              "volume_id": "vol-0ce0624ffb5455583",
              "volume_size": 20,
              "volume_type": "gp3"
            }
          ],
          "secondary_network_interface": [],
          "secondary_private_ips": [],
          "security_groups": [
            "From Variables.tf file"
          ],
          "source_dest_check": true,
          "spot_instance_request_id": "",
          "subnet_id": "subnet-0d1f3e16025f18b59",
          "tags": {
            "Name": "cart"
          },
          "tags_all": {
            "Name": "cart"
          },
          "tenancy": "default",
          "timeouts": null,
          "user_data": null,
          "user_data_base64": null,
          "user_data_replace_on_change": false,
          "volume_tags": null,
          "vpc_security_group_ids": [
            "sg-0aae8942eb6f8581a"
          ]
        },
        {
          "ami": "ami-0220d79f3f480ecf5",
          "arn": "arn:aws:ec2:us-east-1:948966750052:instance/i-062e27f9c6a76d72a",
          "associate_public_ip_address": true,
          "availability_zone": "us-east-1d",
          "capacity_reservation_specification": [
            {
              "capacity_reservation_preference": "open",
              "capacity_reservation_target": []
            }
          ],
          "cpu_options": [
            {
              "amd_sev_snp": "",
              "core_count": 1,
              "nested_virtualization": "",
              "threads_per_core": 2
            }
          ],
          "credit_specification": [
            {
              "cpu_credits": "unlimited"
            }
          ],
          "disable_api_stop": false,
          "disable_api_termination": false,
          "ebs_block_device": [],
          "ebs_optimized": false,
          "enable_primary_ipv6": null,
          "enclave_options": [
            {
              "enabled": false
            }
          ],
          "ephemeral_block_device": [],
          "force_destroy": false,
          "get_password_data": false,
          "hibernation": false,
          "host_id": "",
          "host_resource_group_arn": null,
          "iam_instance_profile": "",
          "id": "i-062e27f9c6a76d72a",
          "instance_initiated_shutdown_behavior": "stop",
          "instance_lifecycle": "",
          "instance_market_options": [],
          "instance_state": "running",
          "instance_type": "t3.micro",
          "ipv6_address_count": 0,
          "ipv6_addresses": [],
          "key_name": "",
          "launch_template": [],
          "maintenance_options": [
            {
              "auto_recovery": "default"
            }
          ],
          "metadata_options": [
            {
              "http_endpoint": "enabled",
              "http_protocol_ipv6": "disabled",
              "http_put_response_hop_limit": 1,
              "http_tokens": "optional",
              "instance_metadata_tags": "disabled"
            }
          ],
          "monitoring": false,
          "network_interface": [],
          "outpost_arn": "",
          "password_data": "",
          "placement_group": "",
          "placement_group_id": "",
          "placement_partition_number": 0,
          "primary_network_interface": [
            {
              "delete_on_termination": true,
              "network_interface_id": "eni-0d8e3bdca0fe22f84"
            }
          ],
          "primary_network_interface_id": "eni-0d8e3bdca0fe22f84",
          "private_dns": "ip-172-31-46-233.ec2.internal",
          "private_dns_name_options": [
            {
              "enable_resource_name_dns_a_record": false,
              "enable_resource_name_dns_aaaa_record": false,
              "hostname_type": "ip-name"
            }
          ],
          "private_ip": "172.31.46.233",
          "public_dns": "ec2-98-91-245-222.compute-1.amazonaws.com",
          "public_ip": "98.91.245.222",
          "region": "us-east-1",
          "root_block_device": [
            {
              "delete_on_termination": true,
              "device_name": "/dev/sda1",
              "encrypted": false,
              "iops": 3000,
              "kms_key_id": "",
              "tags": {},
              "tags_all": {},
              "throughput": 125,
              "volume_id": "vol-07ac6d3dfd628c11b",
              "volume_size": 20,
              "volume_type": "gp3"
            }
          ],
          "secondary_network_interface": [],
          "secondary_private_ips": [],
          "security_groups": [
            "From Variables.tf file"
          ],
          "source_dest_check": true,
          "spot_instance_request_id": "",
          "subnet_id": "subnet-0d1f3e16025f18b59",
          "tags": {
            "Name": "shipping"
          },
          "tags_all": {
            "Name": "shipping"
          },
          "tenancy": "default",
          "timeouts": null,
          "user_data": null,
          "user_data_base64": null,
          "user_data_replace_on_change": false,
          "volume_tags": null,
          "vpc_security_group_ids": [
            "sg-0aae8942eb6f8581a"
          ]
        },
        {
          "ami": "ami-0220d79f3f480ecf5",
          "arn": "arn:aws:ec2:us-east-1:948966750052:instance/i-09c8607c9fed6fc84",
          "associate_public_ip_address": true,
          "availability_zone": "us-east-1d",
          "capacity_reservation_specification": [
            {
              "capacity_reservation_preference": "open",
              "capacity_reservation_target": []
            }
          ],
          "cpu_options": [
            {
              "amd_sev_snp": "",
              "core_count": 1,
              "nested_virtualization": "",
              "threads_per_core": 2
            }
          ],
          "credit_specification": [
            {
              "cpu_credits": "unlimited"
            }
          ],
          "disable_api_stop": false,
          "disable_api_termination": false,
          "ebs_block_device": [],
          "ebs_optimized": false,
          "enable_primary_ipv6": null,
          "enclave_options": [
            {
              "enabled": false
            }
          ],
          "ephemeral_block_device": [],
          "force_destroy": false,
          "get_password_data": false,
          "hibernation": false,
          "host_id": "",
          "host_resource_group_arn": null,
          "iam_instance_profile": "",
          "id": "i-09c8607c9fed6fc84",
          "instance_initiated_shutdown_behavior": "stop",
          "instance_lifecycle": "",
          "instance_market_options": [],
          "instance_state": "running",
          "instance_type": "t3.micro",
          "ipv6_address_count": 0,
          "ipv6_addresses": [],
          "key_name": "",
          "launch_template": [],
          "maintenance_options": [
            {
              "auto_recovery": "default"
            }
          ],
          "metadata_options": [
            {
              "http_endpoint": "enabled",
              "http_protocol_ipv6": "disabled",
              "http_put_response_hop_limit": 1,
              "http_tokens": "optional",
              "instance_metadata_tags": "disabled"
            }
          ],
          "monitoring": false,
          "network_interface": [],
          "outpost_arn": "",
          "password_data": "",
          "placement_group": "",
          "placement_group_id": "",
          "placement_partition_number": 0,
          "primary_network_interface": [
            {
              "delete_on_termination": true,
              "network_interface_id": "eni-0a97ede766989ab2a"
            }
          ],
          "primary_network_interface_id": "eni-0a97ede766989ab2a",
          "private_dns": "ip-172-31-40-140.ec2.internal",
          "private_dns_name_options": [
            {
              "enable_resource_name_dns_a_record": false,
              "enable_resource_name_dns_aaaa_record": false,
              "hostname_type": "ip-name"
            }
          ],
          "private_ip": "172.31.40.140",
          "public_dns": "ec2-54-80-94-179.compute-1.amazonaws.com",
          "public_ip": "54.80.94.179",
          "region": "us-east-1",
          "root_block_device": [
            {
              "delete_on_termination": true,
              "device_name": "/dev/sda1",
              "encrypted": false,
              "iops": 3000,
              "kms_key_id": "",
              "tags": {},
              "tags_all": {},
              "throughput": 125,
              "volume_id": "vol-03e74a6427f9768a2",
              "volume_size": 20,
              "volume_type": "gp3"
            }
          ],
          "secondary_network_interface": [],
          "secondary_private_ips": [],
          "security_groups": [
            "From Variables.tf file"
          ],
          "source_dest_check": true,
          "spot_instance_request_id": "",
          "subnet_id": "subnet-0d1f3e16025f18b59",
          "tags": {
            "Name": "payment"
          },
          "tags_all": {
            "Name": "payment"
          },
          "tenancy": "default",
          "timeouts": null,
          "user_data": null,
          "user_data_base64": null,
          "user_data_replace_on_change": false,
          "volume_tags": null,
          "vpc_security_group_ids": [
            "sg-0aae8942eb6f8581a"
          ]
        },
        {
          "ami": "ami-0220d79f3f480ecf5",
          "arn": "arn:aws:ec2:us-east-1:948966750052:instance/i-0122f92feafa0a620",
          "associate_public_ip_address": true,
          "availability_zone": "us-east-1d",
          "capacity_reservation_specification": [
            {
              "capacity_reservation_preference": "open",
              "capacity_reservation_target": []
            }
          ],
          "cpu_options": [
            {
              "amd_sev_snp": "",
              "core_count": 1,
              "nested_virtualization": "",
              "threads_per_core": 2
            }
          ],
          "credit_specification": [
            {
              "cpu_credits": "unlimited"
            }
          ],
          "disable_api_stop": false,
          "disable_api_termination": false,
          "ebs_block_device": [],
          "ebs_optimized": false,
          "enable_primary_ipv6": null,
          "enclave_options": [
            {
              "enabled": false
            }
          ],
          "ephemeral_block_device": [],
          "force_destroy": false,
          "get_password_data": false,
          "hibernation": false,
          "host_id": "",
          "host_resource_group_arn": null,
          "iam_instance_profile": "",
          "id": "i-0122f92feafa0a620",
          "instance_initiated_shutdown_behavior": "stop",
          "instance_lifecycle": "",
          "instance_market_options": [],
          "instance_state": "running",
          "instance_type": "t3.micro",
          "ipv6_address_count": 0,
          "ipv6_addresses": [],
          "key_name": "",
          "launch_template": [],
          "maintenance_options": [
            {
              "auto_recovery": "default"
            }
          ],
          "metadata_options": [
            {
              "http_endpoint": "enabled",
              "http_protocol_ipv6": "disabled",
              "http_put_response_hop_limit": 1,
              "http_tokens": "optional",
              "instance_metadata_tags": "disabled"
            }
          ],
          "monitoring": false,
          "network_interface": [],
          "outpost_arn": "",
          "password_data": "",
          "placement_group": "",
          "placement_group_id": "",
          "placement_partition_number": 0,
          "primary_network_interface": [
            {
              "delete_on_termination": true,
              "network_interface_id": "eni-0e7ab2487389ef8cb"
            }
          ],
          "primary_network_interface_id": "eni-0e7ab2487389ef8cb",
          "private_dns": "ip-172-31-34-188.ec2.internal",
          "private_dns_name_options": [
            {
              "enable_resource_name_dns_a_record": false,
              "enable_resource_name_dns_aaaa_record": false,
              "hostname_type": "ip-name"
            }
          ],
          "private_ip": "172.31.34.188",
          "public_dns": "ec2-3-95-254-156.compute-1.amazonaws.com",
          "public_ip": "3.95.254.156",
          "region": "us-east-1",
          "root_block_device": [
            {
              "delete_on_termination": true,
              "device_name": "/dev/sda1",
              "encrypted": false,
              "iops": 3000,
              "kms_key_id": "",
              "tags": {},
              "tags_all": {},
              "throughput": 125,
              "volume_id": "vol-0c7fe9b79c9b4ceed",
              "volume_size": 20,
              "volume_type": "gp3"
            }
          ],
          "secondary_network_interface": [],
          "secondary_private_ips": [],
          "security_groups": [
            "From Variables.tf file"
          ],
          "source_dest_check": true,
          "spot_instance_request_id": "",
          "subnet_id": "subnet-0d1f3e16025f18b59",
          "tags": {
            "Name": "frontend"
          },
          "tags_all": {
            "Name": "frontend"
          },
          "tenancy": "default",
          "timeouts": null,
          "user_data": null,
          "user_data_base64": null,
          "user_data_replace_on_change": false,
          "volume_tags": null,
          "vpc_security_group_ids": [
            "sg-0aae8942eb6f8581a"
          ]
        }
      ],
      "type": [
        "tuple",
        [
          [
            "object",
            {
              "ami": "string",
              "arn": "string",
              "associate_public_ip_address": "bool",
              "availability_zone": "string",
              "capacity_reservation_specification": [
                "list",
                [
                  "object",
                  {
                    "capacity_reservation_preference": "string",
                    "capacity_reservation_target": [
                      "list",
                      [
                        "object",
                        {
                          "capacity_reservation_id": "string",
                          "capacity_reservation_resource_group_arn": "string"
                        }
                      ]
                    ]
                  }
                ]
              ],
              "cpu_options": [
                "list",
                [
                  "object",
                  {
                    "amd_sev_snp": "string",
                    "core_count": "number",
                    "nested_virtualization": "string",
                    "threads_per_core": "number"
                  }
                ]
              ],
              "credit_specification": [
                "list",
                [
                  "object",
                  {
                    "cpu_credits": "string"
                  }
                ]
              ],
              "disable_api_stop": "bool",
              "disable_api_termination": "bool",
              "ebs_block_device": [
                "set",
                [
                  "object",
                  {
                    "delete_on_termination": "bool",
                    "device_name": "string",
                    "encrypted": "bool",
                    "iops": "number",
                    "kms_key_id": "string",
                    "snapshot_id": "string",
                    "tags": [
                      "map",
                      "string"
                    ],
                    "tags_all": [
                      "map",
                      "string"
                    ],
                    "throughput": "number",
                    "volume_id": "string",
                    "volume_size": "number",
                    "volume_type": "string"
                  }
                ]
              ],
              "ebs_optimized": "bool",
              "enable_primary_ipv6": "bool",
              "enclave_options": [
                "list",
                [
                  "object",
                  {
                    "enabled": "bool"
                  }
                ]
              ],
              "ephemeral_block_device": [
                "set",
                [
                  "object",
                  {
                    "device_name": "string",
                    "no_device": "bool",
                    "virtual_name": "string"
                  }
                ]
              ],
              "force_destroy": "bool",
              "get_password_data": "bool",
              "hibernation": "bool",
              "host_id": "string",
              "host_resource_group_arn": "string",
              "iam_instance_profile": "string",
              "id": "string",
              "instance_initiated_shutdown_behavior": "string",
              "instance_lifecycle": "string",
              "instance_market_options": [
                "list",
                [
                  "object",
                  {
                    "market_type": "string",
                    "spot_options": [
                      "list",
                      [
                        "object",
                        {
                          "instance_interruption_behavior": "string",
                          "max_price": "string",
                          "spot_instance_type": "string",
                          "valid_until": "string"
                        }
                      ]
                    ]
                  }
                ]
              ],
              "instance_state": "string",
              "instance_type": "string",
              "ipv6_address_count": "number",
              "ipv6_addresses": [
                "list",
                "string"
              ],
              "key_name": "string",
              "launch_template": [
                "list",
                [
                  "object",
                  {
                    "id": "string",
                    "name": "string",
                    "version": "string"
                  }
                ]
              ],
              "maintenance_options": [
                "list",
                [
                  "object",
                  {
                    "auto_recovery": "string"
                  }
                ]
              ],
              "metadata_options": [
                "list",
                [
                  "object",
                  {
                    "http_endpoint": "string",
                    "http_protocol_ipv6": "string",
                    "http_put_response_hop_limit": "number",
                    "http_tokens": "string",
                    "instance_metadata_tags": "string"
                  }
                ]
              ],
              "monitoring": "bool",
              "network_interface": [
                "set",
                [
                  "object",
                  {
                    "delete_on_termination": "bool",
                    "device_index": "number",
                    "network_card_index": "number",
                    "network_interface_id": "string"
                  }
                ]
              ],
              "outpost_arn": "string",
              "password_data": "string",
              "placement_group": "string",
              "placement_group_id": "string",
              "placement_partition_number": "number",
              "primary_network_interface": [
                "list",
                [
                  "object",
                  {
                    "delete_on_termination": "bool",
                    "network_interface_id": "string"
                  }
                ]
              ],
              "primary_network_interface_id": "string",
              "private_dns": "string",
              "private_dns_name_options": [
                "list",
                [
                  "object",
                  {
                    "enable_resource_name_dns_a_record": "bool",
                    "enable_resource_name_dns_aaaa_record": "bool",
                    "hostname_type": "string"
                  }
                ]
              ],
              "private_ip": "string",
              "public_dns": "string",
              "public_ip": "string",
              "region": "string",
              "root_block_device": [
                "list",
                [
                  "object",
                  {
                    "delete_on_termination": "bool",
                    "device_name": "string",
                    "encrypted": "bool",
                    "iops": "number",
                    "kms_key_id": "string",
                    "tags": [
                      "map",
                      "string"
                    ],
                    "tags_all": [
                      "map",
                      "string"
                    ],
                    "throughput": "number",
                    "volume_id": "string",
                    "volume_size": "number",
                    "volume_type": "string"
                  }
                ]
              ],
              "secondary_network_interface": [
                "set",
                [
                  "object",
                  {
                    "delete_on_termination": "bool",
                    "device_index": "number",
                    "interface_type": "string",
                    "mac_address": "string",
                    "network_card_index": "number",
                    "private_ip_address_count": "number",
                    "private_ip_addresses": [
                      "list",
                      "string"
                    ],
                    "secondary_interface_id": "string",
                    "secondary_network_id": "string",
                    "secondary_subnet_id": "string",
                    "source_dest_check": "bool",
                    "status": "string"
                  }
                ]
              ],
              "secondary_private_ips": [
                "set",
                "string"
              ],
              "security_groups": [
                "set",
                "string"
              ],
              "source_dest_check": "bool",
              "spot_instance_request_id": "string",
              "subnet_id": "string",
              "tags": [
                "map",
                "string"
              ],
              "tags_all": [
                "map",
                "string"
              ],
              "tenancy": "string",
              "timeouts": [
                "object",
                {
                  "create": "string",
                  "delete": "string",
                  "read": "string",
                  "update": "string"
                }
              ],
              "user_data": "string",
              "user_data_base64": "string",
              "user_data_replace_on_change": "bool",
              "volume_tags": [
                "map",
                "string"
              ],
              "vpc_security_group_ids": [
                "set",
                "string"
              ]
            }
          ],
          [
            "object",
            {
              "ami": "string",
              "arn": "string",
              "associate_public_ip_address": "bool",
              "availability_zone": "string",
              "capacity_reservation_specification": [
                "list",
                [
                  "object",
                  {
                    "capacity_reservation_preference": "string",
                    "capacity_reservation_target": [
                      "list",
                      [
                        "object",
                        {
                          "capacity_reservation_id": "string",
                          "capacity_reservation_resource_group_arn": "string"
                        }
                      ]
                    ]
                  }
                ]
              ],
              "cpu_options": [
                "list",
                [
                  "object",
                  {
                    "amd_sev_snp": "string",
                    "core_count": "number",
                    "nested_virtualization": "string",
                    "threads_per_core": "number"
                  }
                ]
              ],
              "credit_specification": [
                "list",
                [
                  "object",
                  {
                    "cpu_credits": "string"
                  }
                ]
              ],
              "disable_api_stop": "bool",
              "disable_api_termination": "bool",
              "ebs_block_device": [
                "set",
                [
                  "object",
                  {
                    "delete_on_termination": "bool",
                    "device_name": "string",
                    "encrypted": "bool",
                    "iops": "number",
                    "kms_key_id": "string",
                    "snapshot_id": "string",
                    "tags": [
                      "map",
                      "string"
                    ],
                    "tags_all": [
                      "map",
                      "string"
                    ],
                    "throughput": "number",
                    "volume_id": "string",
                    "volume_size": "number",
                    "volume_type": "string"
                  }
                ]
              ],
              "ebs_optimized": "bool",
              "enable_primary_ipv6": "bool",
              "enclave_options": [
                "list",
                [
                  "object",
                  {
                    "enabled": "bool"
                  }
                ]
              ],
              "ephemeral_block_device": [
                "set",
                [
                  "object",
                  {
                    "device_name": "string",
                    "no_device": "bool",
                    "virtual_name": "string"
                  }
                ]
              ],
              "force_destroy": "bool",
              "get_password_data": "bool",
              "hibernation": "bool",
              "host_id": "string",
              "host_resource_group_arn": "string",
              "iam_instance_profile": "string",
              "id": "string",
              "instance_initiated_shutdown_behavior": "string",
              "instance_lifecycle": "string",
              "instance_market_options": [
                "list",
                [
                  "object",
                  {
                    "market_type": "string",
                    "spot_options": [
                      "list",
                      [
                        "object",
                        {
                          "instance_interruption_behavior": "string",
                          "max_price": "string",
                          "spot_instance_type": "string",
                          "valid_until": "string"
                        }
                      ]
                    ]
                  }
                ]
              ],
              "instance_state": "string",
              "instance_type": "string",
              "ipv6_address_count": "number",
              "ipv6_addresses": [
                "list",
                "string"
              ],
              "key_name": "string",
              "launch_template": [
                "list",
                [
                  "object",
                  {
                    "id": "string",
                    "name": "string",
                    "version": "string"
                  }
                ]
              ],
              "maintenance_options": [
                "list",
                [
                  "object",
                  {
                    "auto_recovery": "string"
                  }
                ]
              ],
              "metadata_options": [
                "list",
                [
                  "object",
                  {
                    "http_endpoint": "string",
                    "http_protocol_ipv6": "string",
                    "http_put_response_hop_limit": "number",
                    "http_tokens": "string",
                    "instance_metadata_tags": "string"
                  }
                ]
              ],
              "monitoring": "bool",
              "network_interface": [
                "set",
                [
                  "object",
                  {
                    "delete_on_termination": "bool",
                    "device_index": "number",
                    "network_card_index": "number",
                    "network_interface_id": "string"
                  }
                ]
              ],
              "outpost_arn": "string",
              "password_data": "string",
              "placement_group": "string",
              "placement_group_id": "string",
              "placement_partition_number": "number",
              "primary_network_interface": [
                "list",
                [
                  "object",
                  {
                    "delete_on_termination": "bool",
                    "network_interface_id": "string"
                  }
                ]
              ],
              "primary_network_interface_id": "string",
              "private_dns": "string",
              "private_dns_name_options": [
                "list",
                [
                  "object",
                  {
                    "enable_resource_name_dns_a_record": "bool",
                    "enable_resource_name_dns_aaaa_record": "bool",
                    "hostname_type": "string"
                  }
                ]
              ],
              "private_ip": "string",
              "public_dns": "string",
              "public_ip": "string",
              "region": "string",
              "root_block_device": [
                "list",
                [
                  "object",
                  {
                    "delete_on_termination": "bool",
                    "device_name": "string",
                    "encrypted": "bool",
                    "iops": "number",
                    "kms_key_id": "string",
                    "tags": [
                      "map",
                      "string"
                    ],
                    "tags_all": [
                      "map",
                      "string"
                    ],
                    "throughput": "number",
                    "volume_id": "string",
                    "volume_size": "number",
                    "volume_type": "string"
                  }
                ]
              ],
              "secondary_network_interface": [
                "set",
                [
                  "object",
                  {
                    "delete_on_termination": "bool",
                    "device_index": "number",
                    "interface_type": "string",
                    "mac_address": "string",
                    "network_card_index": "number",
                    "private_ip_address_count": "number",
                    "private_ip_addresses": [
                      "list",
                      "string"
                    ],
                    "secondary_interface_id": "string",
                    "secondary_network_id": "string",
                    "secondary_subnet_id": "string",
                    "source_dest_check": "bool",
                    "status": "string"
                  }
                ]
              ],
              "secondary_private_ips": [
                "set",
                "string"
              ],
              "security_groups": [
                "set",
                "string"
              ],
              "source_dest_check": "bool",
              "spot_instance_request_id": "string",
              "subnet_id": "string",
              "tags": [
                "map",
                "string"
              ],
              "tags_all": [
                "map",
                "string"
              ],
              "tenancy": "string",
              "timeouts": [
                "object",
                {
                  "create": "string",
                  "delete": "string",
                  "read": "string",
                  "update": "string"
                }
              ],
              "user_data": "string",
              "user_data_base64": "string",
              "user_data_replace_on_change": "bool",
              "volume_tags": [
                "map",
                "string"
              ],
              "vpc_security_group_ids": [
                "set",
                "string"
              ]
            }
          ],
          [
            "object",
            {
              "ami": "string",
              "arn": "string",
              "associate_public_ip_address": "bool",
              "availability_zone": "string",
              "capacity_reservation_specification": [
                "list",
                [
                  "object",
                  {
                    "capacity_reservation_preference": "string",
                    "capacity_reservation_target": [
                      "list",
                      [
                        "object",
                        {
                          "capacity_reservation_id": "string",
                          "capacity_reservation_resource_group_arn": "string"
                        }
                      ]
                    ]
                  }
                ]
              ],
              "cpu_options": [
                "list",
                [
                  "object",
                  {
                    "amd_sev_snp": "string",
                    "core_count": "number",
                    "nested_virtualization": "string",
                    "threads_per_core": "number"
                  }
                ]
              ],
              "credit_specification": [
                "list",
                [
                  "object",
                  {
                    "cpu_credits": "string"
                  }
                ]
              ],
              "disable_api_stop": "bool",
              "disable_api_termination": "bool",
              "ebs_block_device": [
                "set",
                [
                  "object",
                  {
                    "delete_on_termination": "bool",
                    "device_name": "string",
                    "encrypted": "bool",
                    "iops": "number",
                    "kms_key_id": "string",
                    "snapshot_id": "string",
                    "tags": [
                      "map",
                      "string"
                    ],
                    "tags_all": [
                      "map",
                      "string"
                    ],
                    "throughput": "number",
                    "volume_id": "string",
                    "volume_size": "number",
                    "volume_type": "string"
                  }
                ]
              ],
              "ebs_optimized": "bool",
              "enable_primary_ipv6": "bool",
              "enclave_options": [
                "list",
                [
                  "object",
                  {
                    "enabled": "bool"
                  }
                ]
              ],
              "ephemeral_block_device": [
                "set",
                [
                  "object",
                  {
                    "device_name": "string",
                    "no_device": "bool",
                    "virtual_name": "string"
                  }
                ]
              ],
              "force_destroy": "bool",
              "get_password_data": "bool",
              "hibernation": "bool",
              "host_id": "string",
              "host_resource_group_arn": "string",
              "iam_instance_profile": "string",
              "id": "string",
              "instance_initiated_shutdown_behavior": "string",
              "instance_lifecycle": "string",
              "instance_market_options": [
                "list",
                [
                  "object",
                  {
                    "market_type": "string",
                    "spot_options": [
                      "list",
                      [
                        "object",
                        {
                          "instance_interruption_behavior": "string",
                          "max_price": "string",
                          "spot_instance_type": "string",
                          "valid_until": "string"
                        }
                      ]
                    ]
                  }
                ]
              ],
              "instance_state": "string",
              "instance_type": "string",
              "ipv6_address_count": "number",
              "ipv6_addresses": [
                "list",
                "string"
              ],
              "key_name": "string",
              "launch_template": [
                "list",
                [
                  "object",
                  {
                    "id": "string",
                    "name": "string",
                    "version": "string"
                  }
                ]
              ],
              "maintenance_options": [
                "list",
                [
                  "object",
                  {
                    "auto_recovery": "string"
                  }
                ]
              ],
              "metadata_options": [
                "list",
                [
                  "object",
                  {
                    "http_endpoint": "string",
                    "http_protocol_ipv6": "string",
                    "http_put_response_hop_limit": "number",
                    "http_tokens": "string",
                    "instance_metadata_tags": "string"
                  }
                ]
              ],
              "monitoring": "bool",
              "network_interface": [
                "set",
                [
                  "object",
                  {
                    "delete_on_termination": "bool",
                    "device_index": "number",
                    "network_card_index": "number",
                    "network_interface_id": "string"
                  }
                ]
              ],
              "outpost_arn": "string",
              "password_data": "string",
              "placement_group": "string",
              "placement_group_id": "string",
              "placement_partition_number": "number",
              "primary_network_interface": [
                "list",
                [
                  "object",
                  {
                    "delete_on_termination": "bool",
                    "network_interface_id": "string"
                  }
                ]
              ],
              "primary_network_interface_id": "string",
              "private_dns": "string",
              "private_dns_name_options": [
                "list",
                [
                  "object",
                  {
                    "enable_resource_name_dns_a_record": "bool",
                    "enable_resource_name_dns_aaaa_record": "bool",
                    "hostname_type": "string"
                  }
                ]
              ],
              "private_ip": "string",
              "public_dns": "string",
              "public_ip": "string",
              "region": "string",
              "root_block_device": [
                "list",
                [
                  "object",
                  {
                    "delete_on_termination": "bool",
                    "device_name": "string",
                    "encrypted": "bool",
                    "iops": "number",
                    "kms_key_id": "string",
                    "tags": [
                      "map",
                      "string"
                    ],
                    "tags_all": [
                      "map",
                      "string"
                    ],
                    "throughput": "number",
                    "volume_id": "string",
                    "volume_size": "number",
                    "volume_type": "string"
                  }
                ]
              ],
              "secondary_network_interface": [
                "set",
                [
                  "object",
                  {
                    "delete_on_termination": "bool",
                    "device_index": "number",
                    "interface_type": "string",
                    "mac_address": "string",
                    "network_card_index": "number",
                    "private_ip_address_count": "number",
                    "private_ip_addresses": [
                      "list",
                      "string"
                    ],
                    "secondary_interface_id": "string",
                    "secondary_network_id": "string",
                    "secondary_subnet_id": "string",
                    "source_dest_check": "bool",
                    "status": "string"
                  }
                ]
              ],
              "secondary_private_ips": [
                "set",
                "string"
              ],
              "security_groups": [
                "set",
                "string"
              ],
              "source_dest_check": "bool",
              "spot_instance_request_id": "string",
              "subnet_id": "string",
              "tags": [
                "map",
                "string"
              ],
              "tags_all": [
                "map",
                "string"
              ],
              "tenancy": "string",
              "timeouts": [
                "object",
                {
                  "create": "string",
                  "delete": "string",
                  "read": "string",
                  "update": "string"
                }
              ],
              "user_data": "string",
              "user_data_base64": "string",
              "user_data_replace_on_change": "bool",
              "volume_tags": [
                "map",
                "string"
              ],
              "vpc_security_group_ids": [
                "set",
                "string"
              ]
            }
          ],
          [
            "object",
            {
              "ami": "string",
              "arn": "string",
              "associate_public_ip_address": "bool",
              "availability_zone": "string",
              "capacity_reservation_specification": [
                "list",
                [
                  "object",
                  {
                    "capacity_reservation_preference": "string",
                    "capacity_reservation_target": [
                      "list",
                      [
                        "object",
                        {
                          "capacity_reservation_id": "string",
                          "capacity_reservation_resource_group_arn": "string"
                        }
                      ]
                    ]
                  }
                ]
              ],
              "cpu_options": [
                "list",
                [
                  "object",
                  {
                    "amd_sev_snp": "string",
                    "core_count": "number",
                    "nested_virtualization": "string",
                    "threads_per_core": "number"
                  }
                ]
              ],
              "credit_specification": [
                "list",
                [
                  "object",
                  {
                    "cpu_credits": "string"
                  }
                ]
              ],
              "disable_api_stop": "bool",
              "disable_api_termination": "bool",
              "ebs_block_device": [
                "set",
                [
                  "object",
                  {
                    "delete_on_termination": "bool",
                    "device_name": "string",
                    "encrypted": "bool",
                    "iops": "number",
                    "kms_key_id": "string",
                    "snapshot_id": "string",
                    "tags": [
                      "map",
                      "string"
                    ],
                    "tags_all": [
                      "map",
                      "string"
                    ],
                    "throughput": "number",
                    "volume_id": "string",
                    "volume_size": "number",
                    "volume_type": "string"
                  }
                ]
              ],
              "ebs_optimized": "bool",
              "enable_primary_ipv6": "bool",
              "enclave_options": [
                "list",
                [
                  "object",
                  {
                    "enabled": "bool"
                  }
                ]
              ],
              "ephemeral_block_device": [
                "set",
                [
                  "object",
                  {
                    "device_name": "string",
                    "no_device": "bool",
                    "virtual_name": "string"
                  }
                ]
              ],
              "force_destroy": "bool",
              "get_password_data": "bool",
              "hibernation": "bool",
              "host_id": "string",
              "host_resource_group_arn": "string",
              "iam_instance_profile": "string",
              "id": "string",
              "instance_initiated_shutdown_behavior": "string",
              "instance_lifecycle": "string",
              "instance_market_options": [
                "list",
                [
                  "object",
                  {
                    "market_type": "string",
                    "spot_options": [
                      "list",
                      [
                        "object",
                        {
                          "instance_interruption_behavior": "string",
                          "max_price": "string",
                          "spot_instance_type": "string",
                          "valid_until": "string"
                        }
                      ]
                    ]
                  }
                ]
              ],
              "instance_state": "string",
              "instance_type": "string",
              "ipv6_address_count": "number",
              "ipv6_addresses": [
                "list",
                "string"
              ],
              "key_name": "string",
              "launch_template": [
                "list",
                [
                  "object",
                  {
                    "id": "string",
                    "name": "string",
                    "version": "string"
                  }
                ]
              ],
              "maintenance_options": [
                "list",
                [
                  "object",
                  {
                    "auto_recovery": "string"
                  }
                ]
              ],
              "metadata_options": [
                "list",
                [
                  "object",
                  {
                    "http_endpoint": "string",
                    "http_protocol_ipv6": "string",
                    "http_put_response_hop_limit": "number",
                    "http_tokens": "string",
                    "instance_metadata_tags": "string"
                  }
                ]
              ],
              "monitoring": "bool",
              "network_interface": [
                "set",
                [
                  "object",
                  {
                    "delete_on_termination": "bool",
                    "device_index": "number",
                    "network_card_index": "number",
                    "network_interface_id": "string"
                  }
                ]
              ],
              "outpost_arn": "string",
              "password_data": "string",
              "placement_group": "string",
              "placement_group_id": "string",
              "placement_partition_number": "number",
              "primary_network_interface": [
                "list",
                [
                  "object",
                  {
                    "delete_on_termination": "bool",
                    "network_interface_id": "string"
                  }
                ]
              ],
              "primary_network_interface_id": "string",
              "private_dns": "string",
              "private_dns_name_options": [
                "list",
                [
                  "object",
                  {
                    "enable_resource_name_dns_a_record": "bool",
                    "enable_resource_name_dns_aaaa_record": "bool",
                    "hostname_type": "string"
                  }
                ]
              ],
              "private_ip": "string",
              "public_dns": "string",
              "public_ip": "string",
              "region": "string",
              "root_block_device": [
                "list",
                [
                  "object",
                  {
                    "delete_on_termination": "bool",
                    "device_name": "string",
                    "encrypted": "bool",
                    "iops": "number",
                    "kms_key_id": "string",
                    "tags": [
                      "map",
                      "string"
                    ],
                    "tags_all": [
                      "map",
                      "string"
                    ],
                    "throughput": "number",
                    "volume_id": "string",
                    "volume_size": "number",
                    "volume_type": "string"
                  }
                ]
              ],
              "secondary_network_interface": [
                "set",
                [
                  "object",
                  {
                    "delete_on_termination": "bool",
                    "device_index": "number",
                    "interface_type": "string",
                    "mac_address": "string",
                    "network_card_index": "number",
                    "private_ip_address_count": "number",
                    "private_ip_addresses": [
                      "list",
                      "string"
                    ],
                    "secondary_interface_id": "string",
                    "secondary_network_id": "string",
                    "secondary_subnet_id": "string",
                    "source_dest_check": "bool",
                    "status": "string"
                  }
                ]
              ],
              "secondary_private_ips": [
                "set",
                "string"
              ],
              "security_groups": [
                "set",
                "string"
              ],
              "source_dest_check": "bool",
              "spot_instance_request_id": "string",
              "subnet_id": "string",
              "tags": [
                "map",
                "string"
              ],
              "tags_all": [
                "map",
                "string"
              ],
              "tenancy": "string",
              "timeouts": [
                "object",
                {
                  "create": "string",
                  "delete": "string",
                  "read": "string",
                  "update": "string"
                }
              ],
              "user_data": "string",
              "user_data_base64": "string",
              "user_data_replace_on_change": "bool",
              "volume_tags": [
                "map",
                "string"
              ],
              "vpc_security_group_ids": [
                "set",
                "string"
              ]
            }
          ],
          [
            "object",
            {
              "ami": "string",
              "arn": "string",
              "associate_public_ip_address": "bool",
              "availability_zone": "string",
              "capacity_reservation_specification": [
                "list",
                [
                  "object",
                  {
                    "capacity_reservation_preference": "string",
                    "capacity_reservation_target": [
                      "list",
                      [
                        "object",
                        {
                          "capacity_reservation_id": "string",
                          "capacity_reservation_resource_group_arn": "string"
                        }
                      ]
                    ]
                  }
                ]
              ],
              "cpu_options": [
                "list",
                [
                  "object",
                  {
                    "amd_sev_snp": "string",
                    "core_count": "number",
                    "nested_virtualization": "string",
                    "threads_per_core": "number"
                  }
                ]
              ],
              "credit_specification": [
                "list",
                [
                  "object",
                  {
                    "cpu_credits": "string"
                  }
                ]
              ],
              "disable_api_stop": "bool",
              "disable_api_termination": "bool",
              "ebs_block_device": [
                "set",
                [
                  "object",
                  {
                    "delete_on_termination": "bool",
                    "device_name": "string",
                    "encrypted": "bool",
                    "iops": "number",
                    "kms_key_id": "string",
                    "snapshot_id": "string",
                    "tags": [
                      "map",
                      "string"
                    ],
                    "tags_all": [
                      "map",
                      "string"
                    ],
                    "throughput": "number",
                    "volume_id": "string",
                    "volume_size": "number",
                    "volume_type": "string"
                  }
                ]
              ],
              "ebs_optimized": "bool",
              "enable_primary_ipv6": "bool",
              "enclave_options": [
                "list",
                [
                  "object",
                  {
                    "enabled": "bool"
                  }
                ]
              ],
              "ephemeral_block_device": [
                "set",
                [
                  "object",
                  {
                    "device_name": "string",
                    "no_device": "bool",
                    "virtual_name": "string"
                  }
                ]
              ],
              "force_destroy": "bool",
              "get_password_data": "bool",
              "hibernation": "bool",
              "host_id": "string",
              "host_resource_group_arn": "string",
              "iam_instance_profile": "string",
              "id": "string",
              "instance_initiated_shutdown_behavior": "string",
              "instance_lifecycle": "string",
              "instance_market_options": [
                "list",
                [
                  "object",
                  {
                    "market_type": "string",
                    "spot_options": [
                      "list",
                      [
                        "object",
                        {
                          "instance_interruption_behavior": "string",
                          "max_price": "string",
                          "spot_instance_type": "string",
                          "valid_until": "string"
                        }
                      ]
                    ]
                  }
                ]
              ],
              "instance_state": "string",
              "instance_type": "string",
              "ipv6_address_count": "number",
              "ipv6_addresses": [
                "list",
                "string"
              ],
              "key_name": "string",
              "launch_template": [
                "list",
                [
                  "object",
                  {
                    "id": "string",
                    "name": "string",
                    "version": "string"
                  }
                ]
              ],
              "maintenance_options": [
                "list",
                [
                  "object",
                  {
                    "auto_recovery": "string"
                  }
                ]
              ],
              "metadata_options": [
                "list",
                [
                  "object",
                  {
                    "http_endpoint": "string",
                    "http_protocol_ipv6": "string",
                    "http_put_response_hop_limit": "number",
                    "http_tokens": "string",
                    "instance_metadata_tags": "string"
                  }
                ]
              ],
              "monitoring": "bool",
              "network_interface": [
                "set",
                [
                  "object",
                  {
                    "delete_on_termination": "bool",
                    "device_index": "number",
                    "network_card_index": "number",
                    "network_interface_id": "string"
                  }
                ]
              ],
              "outpost_arn": "string",
              "password_data": "string",
              "placement_group": "string",
              "placement_group_id": "string",
              "placement_partition_number": "number",
              "primary_network_interface": [
                "list",
                [
                  "object",
                  {
                    "delete_on_termination": "bool",
                    "network_interface_id": "string"
                  }
                ]
              ],
              "primary_network_interface_id": "string",
              "private_dns": "string",
              "private_dns_name_options": [
                "list",
                [
                  "object",
                  {
                    "enable_resource_name_dns_a_record": "bool",
                    "enable_resource_name_dns_aaaa_record": "bool",
                    "hostname_type": "string"
                  }
                ]
              ],
              "private_ip": "string",
              "public_dns": "string",
              "public_ip": "string",
              "region": "string",
              "root_block_device": [
                "list",
                [
                  "object",
                  {
                    "delete_on_termination": "bool",
                    "device_name": "string",
                    "encrypted": "bool",
                    "iops": "number",
                    "kms_key_id": "string",
                    "tags": [
                      "map",
                      "string"
                    ],
                    "tags_all": [
                      "map",
                      "string"
                    ],
                    "throughput": "number",
                    "volume_id": "string",
                    "volume_size": "number",
                    "volume_type": "string"
                  }
                ]
              ],
              "secondary_network_interface": [
                "set",
                [
                  "object",
                  {
                    "delete_on_termination": "bool",
                    "device_index": "number",
                    "interface_type": "string",
                    "mac_address": "string",
                    "network_card_index": "number",
                    "private_ip_address_count": "number",
                    "private_ip_addresses": [
                      "list",
                      "string"
                    ],
                    "secondary_interface_id": "string",
                    "secondary_network_id": "string",
                    "secondary_subnet_id": "string",
                    "source_dest_check": "bool",
                    "status": "string"
                  }
                ]
              ],
              "secondary_private_ips": [
                "set",
                "string"
              ],
              "security_groups": [
                "set",
                "string"
              ],
              "source_dest_check": "bool",
              "spot_instance_request_id": "string",
              "subnet_id": "string",
              "tags": [
                "map",
                "string"
              ],
              "tags_all": [
                "map",
                "string"
              ],
              "tenancy": "string",
              "timeouts": [
                "object",
                {
                  "create": "string",
                  "delete": "string",
                  "read": "string",
                  "update": "string"
                }
              ],
              "user_data": "string",
              "user_data_base64": "string",
              "user_data_replace_on_change": "bool",
              "volume_tags": [
                "map",
                "string"
              ],
              "vpc_security_group_ids": [
                "set",
                "string"
              ]
            }
          ],
          [
            "object",
            {
              "ami": "string",
              "arn": "string",
              "associate_public_ip_address": "bool",
              "availability_zone": "string",
              "capacity_reservation_specification": [
                "list",
                [
                  "object",
                  {
                    "capacity_reservation_preference": "string",
                    "capacity_reservation_target": [
                      "list",
                      [
                        "object",
                        {
                          "capacity_reservation_id": "string",
                          "capacity_reservation_resource_group_arn": "string"
                        }
                      ]
                    ]
                  }
                ]
              ],
              "cpu_options": [
                "list",
                [
                  "object",
                  {
                    "amd_sev_snp": "string",
                    "core_count": "number",
                    "nested_virtualization": "string",
                    "threads_per_core": "number"
                  }
                ]
              ],
              "credit_specification": [
                "list",
                [
                  "object",
                  {
                    "cpu_credits": "string"
                  }
                ]
              ],
              "disable_api_stop": "bool",
              "disable_api_termination": "bool",
              "ebs_block_device": [
                "set",
                [
                  "object",
                  {
                    "delete_on_termination": "bool",
                    "device_name": "string",
                    "encrypted": "bool",
                    "iops": "number",
                    "kms_key_id": "string",
                    "snapshot_id": "string",
                    "tags": [
                      "map",
                      "string"
                    ],
                    "tags_all": [
                      "map",
                      "string"
                    ],
                    "throughput": "number",
                    "volume_id": "string",
                    "volume_size": "number",
                    "volume_type": "string"
                  }
                ]
              ],
              "ebs_optimized": "bool",
              "enable_primary_ipv6": "bool",
              "enclave_options": [
                "list",
                [
                  "object",
                  {
                    "enabled": "bool"
                  }
                ]
              ],
              "ephemeral_block_device": [
                "set",
                [
                  "object",
                  {
                    "device_name": "string",
                    "no_device": "bool",
                    "virtual_name": "string"
                  }
                ]
              ],
              "force_destroy": "bool",
              "get_password_data": "bool",
              "hibernation": "bool",
              "host_id": "string",
              "host_resource_group_arn": "string",
              "iam_instance_profile": "string",
              "id": "string",
              "instance_initiated_shutdown_behavior": "string",
              "instance_lifecycle": "string",
              "instance_market_options": [
                "list",
                [
                  "object",
                  {
                    "market_type": "string",
                    "spot_options": [
                      "list",
                      [
                        "object",
                        {
                          "instance_interruption_behavior": "string",
                          "max_price": "string",
                          "spot_instance_type": "string",
                          "valid_until": "string"
                        }
                      ]
                    ]
                  }
                ]
              ],
              "instance_state": "string",
              "instance_type": "string",
              "ipv6_address_count": "number",
              "ipv6_addresses": [
                "list",
                "string"
              ],
              "key_name": "string",
              "launch_template": [
                "list",
                [
                  "object",
                  {
                    "id": "string",
                    "name": "string",
                    "version": "string"
                  }
                ]
              ],
              "maintenance_options": [
                "list",
                [
                  "object",
                  {
                    "auto_recovery": "string"
                  }
                ]
              ],
              "metadata_options": [
                "list",
                [
                  "object",
                  {
                    "http_endpoint": "string",
                    "http_protocol_ipv6": "string",
                    "http_put_response_hop_limit": "number",
                    "http_tokens": "string",
                    "instance_metadata_tags": "string"
                  }
                ]
              ],
              "monitoring": "bool",
              "network_interface": [
                "set",
                [
                  "object",
                  {
                    "delete_on_termination": "bool",
                    "device_index": "number",
                    "network_card_index": "number",
                    "network_interface_id": "string"
                  }
                ]
              ],
              "outpost_arn": "string",
              "password_data": "string",
              "placement_group": "string",
              "placement_group_id": "string",
              "placement_partition_number": "number",
              "primary_network_interface": [
                "list",
                [
                  "object",
                  {
                    "delete_on_termination": "bool",
                    "network_interface_id": "string"
                  }
                ]
              ],
              "primary_network_interface_id": "string",
              "private_dns": "string",
              "private_dns_name_options": [
                "list",
                [
                  "object",
                  {
                    "enable_resource_name_dns_a_record": "bool",
                    "enable_resource_name_dns_aaaa_record": "bool",
                    "hostname_type": "string"
                  }
                ]
              ],
              "private_ip": "string",
              "public_dns": "string",
              "public_ip": "string",
              "region": "string",
              "root_block_device": [
                "list",
                [
                  "object",
                  {
                    "delete_on_termination": "bool",
                    "device_name": "string",
                    "encrypted": "bool",
                    "iops": "number",
                    "kms_key_id": "string",
                    "tags": [
                      "map",
                      "string"
                    ],
                    "tags_all": [
                      "map",
                      "string"
                    ],
                    "throughput": "number",
                    "volume_id": "string",
                    "volume_size": "number",
                    "volume_type": "string"
                  }
                ]
              ],
              "secondary_network_interface": [
                "set",
                [
                  "object",
                  {
                    "delete_on_termination": "bool",
                    "device_index": "number",
                    "interface_type": "string",
                    "mac_address": "string",
                    "network_card_index": "number",
                    "private_ip_address_count": "number",
                    "private_ip_addresses": [
                      "list",
                      "string"
                    ],
                    "secondary_interface_id": "string",
                    "secondary_network_id": "string",
                    "secondary_subnet_id": "string",
                    "source_dest_check": "bool",
                    "status": "string"
                  }
                ]
              ],
              "secondary_private_ips": [
                "set",
                "string"
              ],
              "security_groups": [
                "set",
                "string"
              ],
              "source_dest_check": "bool",
              "spot_instance_request_id": "string",
              "subnet_id": "string",
              "tags": [
                "map",
                "string"
              ],
              "tags_all": [
                "map",
                "string"
              ],
              "tenancy": "string",
              "timeouts": [
                "object",
                {
                  "create": "string",
                  "delete": "string",
                  "read": "string",
                  "update": "string"
                }
              ],
              "user_data": "string",
              "user_data_base64": "string",
              "user_data_replace_on_change": "bool",
              "volume_tags": [
                "map",
                "string"
              ],
              "vpc_security_group_ids": [
                "set",
                "string"
              ]
            }
          ],
          [
            "object",
            {
              "ami": "string",
              "arn": "string",
              "associate_public_ip_address": "bool",
              "availability_zone": "string",
              "capacity_reservation_specification": [
                "list",
                [
                  "object",
                  {
                    "capacity_reservation_preference": "string",
                    "capacity_reservation_target": [
                      "list",
                      [
                        "object",
                        {
                          "capacity_reservation_id": "string",
                          "capacity_reservation_resource_group_arn": "string"
                        }
                      ]
                    ]
                  }
                ]
              ],
              "cpu_options": [
                "list",
                [
                  "object",
                  {
                    "amd_sev_snp": "string",
                    "core_count": "number",
                    "nested_virtualization": "string",
                    "threads_per_core": "number"
                  }
                ]
              ],
              "credit_specification": [
                "list",
                [
                  "object",
                  {
                    "cpu_credits": "string"
                  }
                ]
              ],
              "disable_api_stop": "bool",
              "disable_api_termination": "bool",
              "ebs_block_device": [
                "set",
                [
                  "object",
                  {
                    "delete_on_termination": "bool",
                    "device_name": "string",
                    "encrypted": "bool",
                    "iops": "number",
                    "kms_key_id": "string",
                    "snapshot_id": "string",
                    "tags": [
                      "map",
                      "string"
                    ],
                    "tags_all": [
                      "map",
                      "string"
                    ],
                    "throughput": "number",
                    "volume_id": "string",
                    "volume_size": "number",
                    "volume_type": "string"
                  }
                ]
              ],
              "ebs_optimized": "bool",
              "enable_primary_ipv6": "bool",
              "enclave_options": [
                "list",
                [
                  "object",
                  {
                    "enabled": "bool"
                  }
                ]
              ],
              "ephemeral_block_device": [
                "set",
                [
                  "object",
                  {
                    "device_name": "string",
                    "no_device": "bool",
                    "virtual_name": "string"
                  }
                ]
              ],
              "force_destroy": "bool",
              "get_password_data": "bool",
              "hibernation": "bool",
              "host_id": "string",
              "host_resource_group_arn": "string",
              "iam_instance_profile": "string",
              "id": "string",
              "instance_initiated_shutdown_behavior": "string",
              "instance_lifecycle": "string",
              "instance_market_options": [
                "list",
                [
                  "object",
                  {
                    "market_type": "string",
                    "spot_options": [
                      "list",
                      [
                        "object",
                        {
                          "instance_interruption_behavior": "string",
                          "max_price": "string",
                          "spot_instance_type": "string",
                          "valid_until": "string"
                        }
                      ]
                    ]
                  }
                ]
              ],
              "instance_state": "string",
              "instance_type": "string",
              "ipv6_address_count": "number",
              "ipv6_addresses": [
                "list",
                "string"
              ],
              "key_name": "string",
              "launch_template": [
                "list",
                [
                  "object",
                  {
                    "id": "string",
                    "name": "string",
                    "version": "string"
                  }
                ]
              ],
              "maintenance_options": [
                "list",
                [
                  "object",
                  {
                    "auto_recovery": "string"
                  }
                ]
              ],
              "metadata_options": [
                "list",
                [
                  "object",
                  {
                    "http_endpoint": "string",
                    "http_protocol_ipv6": "string",
                    "http_put_response_hop_limit": "number",
                    "http_tokens": "string",
                    "instance_metadata_tags": "string"
                  }
                ]
              ],
              "monitoring": "bool",
              "network_interface": [
                "set",
                [
                  "object",
                  {
                    "delete_on_termination": "bool",
                    "device_index": "number",
                    "network_card_index": "number",
                    "network_interface_id": "string"
                  }
                ]
              ],
              "outpost_arn": "string",
              "password_data": "string",
              "placement_group": "string",
              "placement_group_id": "string",
              "placement_partition_number": "number",
              "primary_network_interface": [
                "list",
                [
                  "object",
                  {
                    "delete_on_termination": "bool",
                    "network_interface_id": "string"
                  }
                ]
              ],
              "primary_network_interface_id": "string",
              "private_dns": "string",
              "private_dns_name_options": [
                "list",
                [
                  "object",
                  {
                    "enable_resource_name_dns_a_record": "bool",
                    "enable_resource_name_dns_aaaa_record": "bool",
                    "hostname_type": "string"
                  }
                ]
              ],
              "private_ip": "string",
              "public_dns": "string",
              "public_ip": "string",
              "region": "string",
              "root_block_device": [
                "list",
                [
                  "object",
                  {
                    "delete_on_termination": "bool",
                    "device_name": "string",
                    "encrypted": "bool",
                    "iops": "number",
                    "kms_key_id": "string",
                    "tags": [
                      "map",
                      "string"
                    ],
                    "tags_all": [
                      "map",
                      "string"
                    ],
                    "throughput": "number",
                    "volume_id": "string",
                    "volume_size": "number",
                    "volume_type": "string"
                  }
                ]
              ],
              "secondary_network_interface": [
                "set",
                [
                  "object",
                  {
                    "delete_on_termination": "bool",
                    "device_index": "number",
                    "interface_type": "string",
                    "mac_address": "string",
                    "network_card_index": "number",
                    "private_ip_address_count": "number",
                    "private_ip_addresses": [
                      "list",
                      "string"
                    ],
                    "secondary_interface_id": "string",
                    "secondary_network_id": "string",
                    "secondary_subnet_id": "string",
                    "source_dest_check": "bool",
                    "status": "string"
                  }
                ]
              ],
              "secondary_private_ips": [
                "set",
                "string"
              ],
              "security_groups": [
                "set",
                "string"
              ],
              "source_dest_check": "bool",
              "spot_instance_request_id": "string",
              "subnet_id": "string",
              "tags": [
                "map",
                "string"
              ],
              "tags_all": [
                "map",
                "string"
              ],
              "tenancy": "string",
              "timeouts": [
                "object",
                {
                  "create": "string",
                  "delete": "string",
                  "read": "string",
                  "update": "string"
                }
              ],
              "user_data": "string",
              "user_data_base64": "string",
              "user_data_replace_on_change": "bool",
              "volume_tags": [
                "map",
                "string"
              ],
              "vpc_security_group_ids": [
                "set",
                "string"
              ]
            }
          ],
          [
            "object",
            {
              "ami": "string",
              "arn": "string",
              "associate_public_ip_address": "bool",
              "availability_zone": "string",
              "capacity_reservation_specification": [
                "list",
                [
                  "object",
                  {
                    "capacity_reservation_preference": "string",
                    "capacity_reservation_target": [
                      "list",
                      [
                        "object",
                        {
                          "capacity_reservation_id": "string",
                          "capacity_reservation_resource_group_arn": "string"
                        }
                      ]
                    ]
                  }
                ]
              ],
              "cpu_options": [
                "list",
                [
                  "object",
                  {
                    "amd_sev_snp": "string",
                    "core_count": "number",
                    "nested_virtualization": "string",
                    "threads_per_core": "number"
                  }
                ]
              ],
              "credit_specification": [
                "list",
                [
                  "object",
                  {
                    "cpu_credits": "string"
                  }
                ]
              ],
              "disable_api_stop": "bool",
              "disable_api_termination": "bool",
              "ebs_block_device": [
                "set",
                [
                  "object",
                  {
                    "delete_on_termination": "bool",
                    "device_name": "string",
                    "encrypted": "bool",
                    "iops": "number",
                    "kms_key_id": "string",
                    "snapshot_id": "string",
                    "tags": [
                      "map",
                      "string"
                    ],
                    "tags_all": [
                      "map",
                      "string"
                    ],
                    "throughput": "number",
                    "volume_id": "string",
                    "volume_size": "number",
                    "volume_type": "string"
                  }
                ]
              ],
              "ebs_optimized": "bool",
              "enable_primary_ipv6": "bool",
              "enclave_options": [
                "list",
                [
                  "object",
                  {
                    "enabled": "bool"
                  }
                ]
              ],
              "ephemeral_block_device": [
                "set",
                [
                  "object",
                  {
                    "device_name": "string",
                    "no_device": "bool",
                    "virtual_name": "string"
                  }
                ]
              ],
              "force_destroy": "bool",
              "get_password_data": "bool",
              "hibernation": "bool",
              "host_id": "string",
              "host_resource_group_arn": "string",
              "iam_instance_profile": "string",
              "id": "string",
              "instance_initiated_shutdown_behavior": "string",
              "instance_lifecycle": "string",
              "instance_market_options": [
                "list",
                [
                  "object",
                  {
                    "market_type": "string",
                    "spot_options": [
                      "list",
                      [
                        "object",
                        {
                          "instance_interruption_behavior": "string",
                          "max_price": "string",
                          "spot_instance_type": "string",
                          "valid_until": "string"
                        }
                      ]
                    ]
                  }
                ]
              ],
              "instance_state": "string",
              "instance_type": "string",
              "ipv6_address_count": "number",
              "ipv6_addresses": [
                "list",
                "string"
              ],
              "key_name": "string",
              "launch_template": [
                "list",
                [
                  "object",
                  {
                    "id": "string",
                    "name": "string",
                    "version": "string"
                  }
                ]
              ],
              "maintenance_options": [
                "list",
                [
                  "object",
                  {
                    "auto_recovery": "string"
                  }
                ]
              ],
              "metadata_options": [
                "list",
                [
                  "object",
                  {
                    "http_endpoint": "string",
                    "http_protocol_ipv6": "string",
                    "http_put_response_hop_limit": "number",
                    "http_tokens": "string",
                    "instance_metadata_tags": "string"
                  }
                ]
              ],
              "monitoring": "bool",
              "network_interface": [
                "set",
                [
                  "object",
                  {
                    "delete_on_termination": "bool",
                    "device_index": "number",
                    "network_card_index": "number",
                    "network_interface_id": "string"
                  }
                ]
              ],
              "outpost_arn": "string",
              "password_data": "string",
              "placement_group": "string",
              "placement_group_id": "string",
              "placement_partition_number": "number",
              "primary_network_interface": [
                "list",
                [
                  "object",
                  {
                    "delete_on_termination": "bool",
                    "network_interface_id": "string"
                  }
                ]
              ],
              "primary_network_interface_id": "string",
              "private_dns": "string",
              "private_dns_name_options": [
                "list",
                [
                  "object",
                  {
                    "enable_resource_name_dns_a_record": "bool",
                    "enable_resource_name_dns_aaaa_record": "bool",
                    "hostname_type": "string"
                  }
                ]
              ],
              "private_ip": "string",
              "public_dns": "string",
              "public_ip": "string",
              "region": "string",
              "root_block_device": [
                "list",
                [
                  "object",
                  {
                    "delete_on_termination": "bool",
                    "device_name": "string",
                    "encrypted": "bool",
                    "iops": "number",
                    "kms_key_id": "string",
                    "tags": [
                      "map",
                      "string"
                    ],
                    "tags_all": [
                      "map",
                      "string"
                    ],
                    "throughput": "number",
                    "volume_id": "string",
                    "volume_size": "number",
                    "volume_type": "string"
                  }
                ]
              ],
              "secondary_network_interface": [
                "set",
                [
                  "object",
                  {
                    "delete_on_termination": "bool",
                    "device_index": "number",
                    "interface_type": "string",
                    "mac_address": "string",
                    "network_card_index": "number",
                    "private_ip_address_count": "number",
                    "private_ip_addresses": [
                      "list",
                      "string"
                    ],
                    "secondary_interface_id": "string",
                    "secondary_network_id": "string",
                    "secondary_subnet_id": "string",
                    "source_dest_check": "bool",
                    "status": "string"
                  }
                ]
              ],
              "secondary_private_ips": [
                "set",
                "string"
              ],
              "security_groups": [
                "set",
                "string"
              ],
              "source_dest_check": "bool",
              "spot_instance_request_id": "string",
              "subnet_id": "string",
              "tags": [
                "map",
                "string"
              ],
              "tags_all": [
                "map",
                "string"
              ],
              "tenancy": "string",
              "timeouts": [
                "object",
                {
                  "create": "string",
                  "delete": "string",
                  "read": "string",
                  "update": "string"
                }
              ],
              "user_data": "string",
              "user_data_base64": "string",
              "user_data_replace_on_change": "bool",
              "volume_tags": [
                "map",
                "string"
              ],
              "vpc_security_group_ids": [
                "set",
                "string"
              ]
            }
          ],
          [
            "object",
            {
              "ami": "string",
              "arn": "string",
              "associate_public_ip_address": "bool",
              "availability_zone": "string",
              "capacity_reservation_specification": [
                "list",
                [
                  "object",
                  {
                    "capacity_reservation_preference": "string",
                    "capacity_reservation_target": [
                      "list",
                      [
                        "object",
                        {
                          "capacity_reservation_id": "string",
                          "capacity_reservation_resource_group_arn": "string"
                        }
                      ]
                    ]
                  }
                ]
              ],
              "cpu_options": [
                "list",
                [
                  "object",
                  {
                    "amd_sev_snp": "string",
                    "core_count": "number",
                    "nested_virtualization": "string",
                    "threads_per_core": "number"
                  }
                ]
              ],
              "credit_specification": [
                "list",
                [
                  "object",
                  {
                    "cpu_credits": "string"
                  }
                ]
              ],
              "disable_api_stop": "bool",
              "disable_api_termination": "bool",
              "ebs_block_device": [
                "set",
                [
                  "object",
                  {
                    "delete_on_termination": "bool",
                    "device_name": "string",
                    "encrypted": "bool",
                    "iops": "number",
                    "kms_key_id": "string",
                    "snapshot_id": "string",
                    "tags": [
                      "map",
                      "string"
                    ],
                    "tags_all": [
                      "map",
                      "string"
                    ],
                    "throughput": "number",
                    "volume_id": "string",
                    "volume_size": "number",
                    "volume_type": "string"
                  }
                ]
              ],
              "ebs_optimized": "bool",
              "enable_primary_ipv6": "bool",
              "enclave_options": [
                "list",
                [
                  "object",
                  {
                    "enabled": "bool"
                  }
                ]
              ],
              "ephemeral_block_device": [
                "set",
                [
                  "object",
                  {
                    "device_name": "string",
                    "no_device": "bool",
                    "virtual_name": "string"
                  }
                ]
              ],
              "force_destroy": "bool",
              "get_password_data": "bool",
              "hibernation": "bool",
              "host_id": "string",
              "host_resource_group_arn": "string",
              "iam_instance_profile": "string",
              "id": "string",
              "instance_initiated_shutdown_behavior": "string",
              "instance_lifecycle": "string",
              "instance_market_options": [
                "list",
                [
                  "object",
                  {
                    "market_type": "string",
                    "spot_options": [
                      "list",
                      [
                        "object",
                        {
                          "instance_interruption_behavior": "string",
                          "max_price": "string",
                          "spot_instance_type": "string",
                          "valid_until": "string"
                        }
                      ]
                    ]
                  }
                ]
              ],
              "instance_state": "string",
              "instance_type": "string",
              "ipv6_address_count": "number",
              "ipv6_addresses": [
                "list",
                "string"
              ],
              "key_name": "string",
              "launch_template": [
                "list",
                [
                  "object",
                  {
                    "id": "string",
                    "name": "string",
                    "version": "string"
                  }
                ]
              ],
              "maintenance_options": [
                "list",
                [
                  "object",
                  {
                    "auto_recovery": "string"
                  }
                ]
              ],
              "metadata_options": [
                "list",
                [
                  "object",
                  {
                    "http_endpoint": "string",
                    "http_protocol_ipv6": "string",
                    "http_put_response_hop_limit": "number",
                    "http_tokens": "string",
                    "instance_metadata_tags": "string"
                  }
                ]
              ],
              "monitoring": "bool",
              "network_interface": [
                "set",
                [
                  "object",
                  {
                    "delete_on_termination": "bool",
                    "device_index": "number",
                    "network_card_index": "number",
                    "network_interface_id": "string"
                  }
                ]
              ],
              "outpost_arn": "string",
              "password_data": "string",
              "placement_group": "string",
              "placement_group_id": "string",
              "placement_partition_number": "number",
              "primary_network_interface": [
                "list",
                [
                  "object",
                  {
                    "delete_on_termination": "bool",
                    "network_interface_id": "string"
                  }
                ]
              ],
              "primary_network_interface_id": "string",
              "private_dns": "string",
              "private_dns_name_options": [
                "list",
                [
                  "object",
                  {
                    "enable_resource_name_dns_a_record": "bool",
                    "enable_resource_name_dns_aaaa_record": "bool",
                    "hostname_type": "string"
                  }
                ]
              ],
              "private_ip": "string",
              "public_dns": "string",
              "public_ip": "string",
              "region": "string",
              "root_block_device": [
                "list",
                [
                  "object",
                  {
                    "delete_on_termination": "bool",
                    "device_name": "string",
                    "encrypted": "bool",
                    "iops": "number",
                    "kms_key_id": "string",
                    "tags": [
                      "map",
                      "string"
                    ],
                    "tags_all": [
                      "map",
                      "string"
                    ],
                    "throughput": "number",
                    "volume_id": "string",
                    "volume_size": "number",
                    "volume_type": "string"
                  }
                ]
              ],
              "secondary_network_interface": [
                "set",
                [
                  "object",
                  {
                    "delete_on_termination": "bool",
                    "device_index": "number",
                    "interface_type": "string",
                    "mac_address": "string",
                    "network_card_index": "number",
                    "private_ip_address_count": "number",
                    "private_ip_addresses": [
                      "list",
                      "string"
                    ],
                    "secondary_interface_id": "string",
                    "secondary_network_id": "string",
                    "secondary_subnet_id": "string",
                    "source_dest_check": "bool",
                    "status": "string"
                  }
                ]
              ],
              "secondary_private_ips": [
                "set",
                "string"
              ],
              "security_groups": [
                "set",
                "string"
              ],
              "source_dest_check": "bool",
              "spot_instance_request_id": "string",
              "subnet_id": "string",
              "tags": [
                "map",
                "string"
              ],
              "tags_all": [
                "map",
                "string"
              ],
              "tenancy": "string",
              "timeouts": [
                "object",
                {
                  "create": "string",
                  "delete": "string",
                  "read": "string",
                  "update": "string"
                }
              ],
              "user_data": "string",
              "user_data_base64": "string",
              "user_data_replace_on_change": "bool",
              "volume_tags": [
                "map",
                "string"
              ],
              "vpc_security_group_ids": [
                "set",
                "string"
              ]
            }
          ],
          [
            "object",
            {
              "ami": "string",
              "arn": "string",
              "associate_public_ip_address": "bool",
              "availability_zone": "string",
              "capacity_reservation_specification": [
                "list",
                [
                  "object",
                  {
                    "capacity_reservation_preference": "string",
                    "capacity_reservation_target": [
                      "list",
                      [
                        "object",
                        {
                          "capacity_reservation_id": "string",
                          "capacity_reservation_resource_group_arn": "string"
                        }
                      ]
                    ]
                  }
                ]
              ],
              "cpu_options": [
                "list",
                [
                  "object",
                  {
                    "amd_sev_snp": "string",
                    "core_count": "number",
                    "nested_virtualization": "string",
                    "threads_per_core": "number"
                  }
                ]
              ],
              "credit_specification": [
                "list",
                [
                  "object",
                  {
                    "cpu_credits": "string"
                  }
                ]
              ],
              "disable_api_stop": "bool",
              "disable_api_termination": "bool",
              "ebs_block_device": [
                "set",
                [
                  "object",
                  {
                    "delete_on_termination": "bool",
                    "device_name": "string",
                    "encrypted": "bool",
                    "iops": "number",
                    "kms_key_id": "string",
                    "snapshot_id": "string",
                    "tags": [
                      "map",
                      "string"
                    ],
                    "tags_all": [
                      "map",
                      "string"
                    ],
                    "throughput": "number",
                    "volume_id": "string",
                    "volume_size": "number",
                    "volume_type": "string"
                  }
                ]
              ],
              "ebs_optimized": "bool",
              "enable_primary_ipv6": "bool",
              "enclave_options": [
                "list",
                [
                  "object",
                  {
                    "enabled": "bool"
                  }
                ]
              ],
              "ephemeral_block_device": [
                "set",
                [
                  "object",
                  {
                    "device_name": "string",
                    "no_device": "bool",
                    "virtual_name": "string"
                  }
                ]
              ],
              "force_destroy": "bool",
              "get_password_data": "bool",
              "hibernation": "bool",
              "host_id": "string",
              "host_resource_group_arn": "string",
              "iam_instance_profile": "string",
              "id": "string",
              "instance_initiated_shutdown_behavior": "string",
              "instance_lifecycle": "string",
              "instance_market_options": [
                "list",
                [
                  "object",
                  {
                    "market_type": "string",
                    "spot_options": [
                      "list",
                      [
                        "object",
                        {
                          "instance_interruption_behavior": "string",
                          "max_price": "string",
                          "spot_instance_type": "string",
                          "valid_until": "string"
                        }
                      ]
                    ]
                  }
                ]
              ],
              "instance_state": "string",
              "instance_type": "string",
              "ipv6_address_count": "number",
              "ipv6_addresses": [
                "list",
                "string"
              ],
              "key_name": "string",
              "launch_template": [
                "list",
                [
                  "object",
                  {
                    "id": "string",
                    "name": "string",
                    "version": "string"
                  }
                ]
              ],
              "maintenance_options": [
                "list",
                [
                  "object",
                  {
                    "auto_recovery": "string"
                  }
                ]
              ],
              "metadata_options": [
                "list",
                [
                  "object",
                  {
                    "http_endpoint": "string",
                    "http_protocol_ipv6": "string",
                    "http_put_response_hop_limit": "number",
                    "http_tokens": "string",
                    "instance_metadata_tags": "string"
                  }
                ]
              ],
              "monitoring": "bool",
              "network_interface": [
                "set",
                [
                  "object",
                  {
                    "delete_on_termination": "bool",
                    "device_index": "number",
                    "network_card_index": "number",
                    "network_interface_id": "string"
                  }
                ]
              ],
              "outpost_arn": "string",
              "password_data": "string",
              "placement_group": "string",
              "placement_group_id": "string",
              "placement_partition_number": "number",
              "primary_network_interface": [
                "list",
                [
                  "object",
                  {
                    "delete_on_termination": "bool",
                    "network_interface_id": "string"
                  }
                ]
              ],
              "primary_network_interface_id": "string",
              "private_dns": "string",
              "private_dns_name_options": [
                "list",
                [
                  "object",
                  {
                    "enable_resource_name_dns_a_record": "bool",
                    "enable_resource_name_dns_aaaa_record": "bool",
                    "hostname_type": "string"
                  }
                ]
              ],
              "private_ip": "string",
              "public_dns": "string",
              "public_ip": "string",
              "region": "string",
              "root_block_device": [
                "list",
                [
                  "object",
                  {
                    "delete_on_termination": "bool",
                    "device_name": "string",
                    "encrypted": "bool",
                    "iops": "number",
                    "kms_key_id": "string",
                    "tags": [
                      "map",
                      "string"
                    ],
                    "tags_all": [
                      "map",
                      "string"
                    ],
                    "throughput": "number",
                    "volume_id": "string",
                    "volume_size": "number",
                    "volume_type": "string"
                  }
                ]
              ],
              "secondary_network_interface": [
                "set",
                [
                  "object",
                  {
                    "delete_on_termination": "bool",
                    "device_index": "number",
                    "interface_type": "string",
                    "mac_address": "string",
                    "network_card_index": "number",
                    "private_ip_address_count": "number",
                    "private_ip_addresses": [
                      "list",
                      "string"
                    ],
                    "secondary_interface_id": "string",
                    "secondary_network_id": "string",
                    "secondary_subnet_id": "string",
                    "source_dest_check": "bool",
                    "status": "string"
                  }
                ]
              ],
              "secondary_private_ips": [
                "set",
                "string"
              ],
              "security_groups": [
                "set",
                "string"
              ],
              "source_dest_check": "bool",
              "spot_instance_request_id": "string",
              "subnet_id": "string",
              "tags": [
                "map",
                "string"
              ],
              "tags_all": [
                "map",
                "string"
              ],
              "tenancy": "string",
              "timeouts": [
                "object",
                {
                  "create": "string",
                  "delete": "string",
                  "read": "string",
                  "update": "string"
                }
              ],
              "user_data": "string",
              "user_data_base64": "string",
              "user_data_replace_on_change": "bool",
              "volume_tags": [
                "map",
                "string"
              ],
              "vpc_security_group_ids": [
                "set",
                "string"
              ]
            }
          ]
        ]
      ]
    }
  },
  "resources": [
    {
      "mode": "managed",
      "type": "aws_instance",
      "name": "testserver01",
      "provider": "provider[\"registry.terraform.io/hashicorp/aws\"]",
      "instances": [
        {
          "index_key": 0,
          "schema_version": 2,
          "attributes": {
            "ami": "ami-0220d79f3f480ecf5",
            "arn": "arn:aws:ec2:us-east-1:948966750052:instance/i-0cf26add177bca0fc",
            "associate_public_ip_address": true,
            "availability_zone": "us-east-1d",
            "capacity_reservation_specification": [
              {
                "capacity_reservation_preference": "open",
                "capacity_reservation_target": []
              }
            ],
            "cpu_options": [
              {
                "amd_sev_snp": "",
                "core_count": 1,
                "nested_virtualization": "",
                "threads_per_core": 2
              }
            ],
            "credit_specification": [
              {
                "cpu_credits": "unlimited"
              }
            ],
            "disable_api_stop": false,
            "disable_api_termination": false,
            "ebs_block_device": [],
            "ebs_optimized": false,
            "enable_primary_ipv6": null,
            "enclave_options": [
              {
                "enabled": false
              }
            ],
            "ephemeral_block_device": [],
            "force_destroy": false,
            "get_password_data": false,
            "hibernation": false,
            "host_id": "",
            "host_resource_group_arn": null,
            "iam_instance_profile": "",
            "id": "i-0cf26add177bca0fc",
            "instance_initiated_shutdown_behavior": "stop",
            "instance_lifecycle": "",
            "instance_market_options": [],
            "instance_state": "running",
            "instance_type": "t3.micro",
            "ipv6_address_count": 0,
            "ipv6_addresses": [],
            "key_name": "",
            "launch_template": [],
            "maintenance_options": [
              {
                "auto_recovery": "default"
              }
            ],
            "metadata_options": [
              {
                "http_endpoint": "enabled",
                "http_protocol_ipv6": "disabled",
                "http_put_response_hop_limit": 1,
                "http_tokens": "optional",
                "instance_metadata_tags": "disabled"
              }
            ],
            "monitoring": false,
            "network_interface": [],
            "outpost_arn": "",
            "password_data": "",
            "placement_group": "",
            "placement_group_id": "",
            "placement_partition_number": 0,
            "primary_network_interface": [
              {
                "delete_on_termination": true,
                "network_interface_id": "eni-0fc74876e1a8dc4c5"
              }
            ],
            "primary_network_interface_id": "eni-0fc74876e1a8dc4c5",
            "private_dns": "ip-172-31-45-119.ec2.internal",
            "private_dns_name_options": [
              {
                "enable_resource_name_dns_a_record": false,
                "enable_resource_name_dns_aaaa_record": false,
                "hostname_type": "ip-name"
              }
            ],
            "private_ip": "172.31.45.119",
            "public_dns": "ec2-98-91-174-196.compute-1.amazonaws.com",
            "public_ip": "98.91.174.196",
            "region": "us-east-1",
            "root_block_device": [
              {
                "delete_on_termination": true,
                "device_name": "/dev/sda1",
                "encrypted": false,
                "iops": 3000,
                "kms_key_id": "",
                "tags": {},
                "tags_all": {},
                "throughput": 125,
                "volume_id": "vol-0d3b3919f754f5a24",
                "volume_size": 20,
                "volume_type": "gp3"
              }
            ],
            "secondary_network_interface": [],
            "secondary_private_ips": [],
            "security_groups": [
              "From Variables.tf file"
            ],
            "source_dest_check": true,
            "spot_instance_request_id": "",
            "subnet_id": "subnet-0d1f3e16025f18b59",
            "tags": {
              "Name": "mongodb"
            },
            "tags_all": {
              "Name": "mongodb"
            },
            "tenancy": "default",
            "timeouts": null,
            "user_data": null,
            "user_data_base64": null,
            "user_data_replace_on_change": false,
            "volume_tags": null,
            "vpc_security_group_ids": [
              "sg-0aae8942eb6f8581a"
            ]
          },
          "sensitive_attributes": [],
          "identity_schema_version": 0,
          "identity": {
            "account_id": "948966750052",
            "id": "i-0cf26add177bca0fc",
            "region": "us-east-1"
          },
          "private": "eyJlMmJmYjczMC1lY2FhLTExZTYtOGY4OC0zNDM2M2JjN2M0YzAiOnsiY3JlYXRlIjo2MDAwMDAwMDAwMDAsImRlbGV0ZSI6MTIwMDAwMDAwMDAwMCwicmVhZCI6OTAwMDAwMDAwMDAwLCJ1cGRhdGUiOjYwMDAwMDAwMDAwMH0sInNjaGVtYV92ZXJzaW9uIjoiMiJ9",
          "dependencies": [
            "aws_security_group.testserver_sg"
          ]
        },
        {
          "index_key": 1,
          "schema_version": 2,
          "attributes": {
            "ami": "ami-0220d79f3f480ecf5",
            "arn": "arn:aws:ec2:us-east-1:948966750052:instance/i-04f958b1df9143537",
            "associate_public_ip_address": true,
            "availability_zone": "us-east-1d",
            "capacity_reservation_specification": [
              {
                "capacity_reservation_preference": "open",
                "capacity_reservation_target": []
              }
            ],
            "cpu_options": [
              {
                "amd_sev_snp": "",
                "core_count": 1,
                "nested_virtualization": "",
                "threads_per_core": 2
              }
            ],
            "credit_specification": [
              {
                "cpu_credits": "unlimited"
              }
            ],
            "disable_api_stop": false,
            "disable_api_termination": false,
            "ebs_block_device": [],
            "ebs_optimized": false,
            "enable_primary_ipv6": null,
            "enclave_options": [
              {
                "enabled": false
              }
            ],
            "ephemeral_block_device": [],
            "force_destroy": false,
            "get_password_data": false,
            "hibernation": false,
            "host_id": "",
            "host_resource_group_arn": null,
            "iam_instance_profile": "",
            "id": "i-04f958b1df9143537",
            "instance_initiated_shutdown_behavior": "stop",
            "instance_lifecycle": "",
            "instance_market_options": [],
            "instance_state": "running",
            "instance_type": "t3.micro",
            "ipv6_address_count": 0,
            "ipv6_addresses": [],
            "key_name": "",
            "launch_template": [],
            "maintenance_options": [
              {
                "auto_recovery": "default"
              }
            ],
            "metadata_options": [
              {
                "http_endpoint": "enabled",
                "http_protocol_ipv6": "disabled",
                "http_put_response_hop_limit": 1,
                "http_tokens": "optional",
                "instance_metadata_tags": "disabled"
              }
            ],
            "monitoring": false,
            "network_interface": [],
            "outpost_arn": "",
            "password_data": "",
            "placement_group": "",
            "placement_group_id": "",
            "placement_partition_number": 0,
            "primary_network_interface": [
              {
                "delete_on_termination": true,
                "network_interface_id": "eni-0c209724e5160e105"
              }
            ],
            "primary_network_interface_id": "eni-0c209724e5160e105",
            "private_dns": "ip-172-31-41-45.ec2.internal",
            "private_dns_name_options": [
              {
                "enable_resource_name_dns_a_record": false,
                "enable_resource_name_dns_aaaa_record": false,
                "hostname_type": "ip-name"
              }
            ],
            "private_ip": "172.31.41.45",
            "public_dns": "ec2-54-161-26-218.compute-1.amazonaws.com",
            "public_ip": "54.161.26.218",
            "region": "us-east-1",
            "root_block_device": [
              {
                "delete_on_termination": true,
                "device_name": "/dev/sda1",
                "encrypted": false,
                "iops": 3000,
                "kms_key_id": "",
                "tags": {},
                "tags_all": {},
                "throughput": 125,
                "volume_id": "vol-094337b2a7e431c04",
                "volume_size": 20,
                "volume_type": "gp3"
              }
            ],
            "secondary_network_interface": [],
            "secondary_private_ips": [],
            "security_groups": [
              "From Variables.tf file"
            ],
            "source_dest_check": true,
            "spot_instance_request_id": "",
            "subnet_id": "subnet-0d1f3e16025f18b59",
            "tags": {
              "Name": "mysql"
            },
            "tags_all": {
              "Name": "mysql"
            },
            "tenancy": "default",
            "timeouts": null,
            "user_data": null,
            "user_data_base64": null,
            "user_data_replace_on_change": false,
            "volume_tags": null,
            "vpc_security_group_ids": [
              "sg-0aae8942eb6f8581a"
            ]
          },
          "sensitive_attributes": [],
          "identity_schema_version": 0,
          "identity": {
            "account_id": "948966750052",
            "id": "i-04f958b1df9143537",
            "region": "us-east-1"
          },
          "private": "eyJlMmJmYjczMC1lY2FhLTExZTYtOGY4OC0zNDM2M2JjN2M0YzAiOnsiY3JlYXRlIjo2MDAwMDAwMDAwMDAsImRlbGV0ZSI6MTIwMDAwMDAwMDAwMCwicmVhZCI6OTAwMDAwMDAwMDAwLCJ1cGRhdGUiOjYwMDAwMDAwMDAwMH0sInNjaGVtYV92ZXJzaW9uIjoiMiJ9",
          "dependencies": [
            "aws_security_group.testserver_sg"
          ]
        },
        {
          "index_key": 2,
          "schema_version": 2,
          "attributes": {
            "ami": "ami-0220d79f3f480ecf5",
            "arn": "arn:aws:ec2:us-east-1:948966750052:instance/i-089da7901ee0d4811",
            "associate_public_ip_address": true,
            "availability_zone": "us-east-1d",
            "capacity_reservation_specification": [
              {
                "capacity_reservation_preference": "open",
                "capacity_reservation_target": []
              }
            ],
            "cpu_options": [
              {
                "amd_sev_snp": "",
                "core_count": 1,
                "nested_virtualization": "",
                "threads_per_core": 2
              }
            ],
            "credit_specification": [
              {
                "cpu_credits": "unlimited"
              }
            ],
            "disable_api_stop": false,
            "disable_api_termination": false,
            "ebs_block_device": [],
            "ebs_optimized": false,
            "enable_primary_ipv6": null,
            "enclave_options": [
              {
                "enabled": false
              }
            ],
            "ephemeral_block_device": [],
            "force_destroy": false,
            "get_password_data": false,
            "hibernation": false,
            "host_id": "",
            "host_resource_group_arn": null,
            "iam_instance_profile": "",
            "id": "i-089da7901ee0d4811",
            "instance_initiated_shutdown_behavior": "stop",
            "instance_lifecycle": "",
            "instance_market_options": [],
            "instance_state": "running",
            "instance_type": "t3.micro",
            "ipv6_address_count": 0,
            "ipv6_addresses": [],
            "key_name": "",
            "launch_template": [],
            "maintenance_options": [
              {
                "auto_recovery": "default"
              }
            ],
            "metadata_options": [
              {
                "http_endpoint": "enabled",
                "http_protocol_ipv6": "disabled",
                "http_put_response_hop_limit": 1,
                "http_tokens": "optional",
                "instance_metadata_tags": "disabled"
              }
            ],
            "monitoring": false,
            "network_interface": [],
            "outpost_arn": "",
            "password_data": "",
            "placement_group": "",
            "placement_group_id": "",
            "placement_partition_number": 0,
            "primary_network_interface": [
              {
                "delete_on_termination": true,
                "network_interface_id": "eni-0bf6cec0b83035b7d"
              }
            ],
            "primary_network_interface_id": "eni-0bf6cec0b83035b7d",
            "private_dns": "ip-172-31-35-112.ec2.internal",
            "private_dns_name_options": [
              {
                "enable_resource_name_dns_a_record": false,
                "enable_resource_name_dns_aaaa_record": false,
                "hostname_type": "ip-name"
              }
            ],
            "private_ip": "172.31.35.112",
            "public_dns": "ec2-52-203-207-188.compute-1.amazonaws.com",
            "public_ip": "52.203.207.188",
            "region": "us-east-1",
            "root_block_device": [
              {
                "delete_on_termination": true,
                "device_name": "/dev/sda1",
                "encrypted": false,
                "iops": 3000,
                "kms_key_id": "",
                "tags": {},
                "tags_all": {},
                "throughput": 125,
                "volume_id": "vol-048137bd60287c0b5",
                "volume_size": 20,
                "volume_type": "gp3"
              }
            ],
            "secondary_network_interface": [],
            "secondary_private_ips": [],
            "security_groups": [
              "From Variables.tf file"
            ],
            "source_dest_check": true,
            "spot_instance_request_id": "",
            "subnet_id": "subnet-0d1f3e16025f18b59",
            "tags": {
              "Name": "catalogue"
            },
            "tags_all": {
              "Name": "catalogue"
            },
            "tenancy": "default",
            "timeouts": null,
            "user_data": null,
            "user_data_base64": null,
            "user_data_replace_on_change": false,
            "volume_tags": null,
            "vpc_security_group_ids": [
              "sg-0aae8942eb6f8581a"
            ]
          },
          "sensitive_attributes": [],
          "identity_schema_version": 0,
          "identity": {
            "account_id": "948966750052",
            "id": "i-089da7901ee0d4811",
            "region": "us-east-1"
          },
          "private": "eyJlMmJmYjczMC1lY2FhLTExZTYtOGY4OC0zNDM2M2JjN2M0YzAiOnsiY3JlYXRlIjo2MDAwMDAwMDAwMDAsImRlbGV0ZSI6MTIwMDAwMDAwMDAwMCwicmVhZCI6OTAwMDAwMDAwMDAwLCJ1cGRhdGUiOjYwMDAwMDAwMDAwMH0sInNjaGVtYV92ZXJzaW9uIjoiMiJ9",
          "dependencies": [
            "aws_security_group.testserver_sg"
          ]
        },
        {
          "index_key": 3,
          "schema_version": 2,
          "attributes": {
            "ami": "ami-0220d79f3f480ecf5",
            "arn": "arn:aws:ec2:us-east-1:948966750052:instance/i-04672e69c30675345",
            "associate_public_ip_address": true,
            "availability_zone": "us-east-1d",
            "capacity_reservation_specification": [
              {
                "capacity_reservation_preference": "open",
                "capacity_reservation_target": []
              }
            ],
            "cpu_options": [
              {
                "amd_sev_snp": "",
                "core_count": 1,
                "nested_virtualization": "",
                "threads_per_core": 2
              }
            ],
            "credit_specification": [
              {
                "cpu_credits": "unlimited"
              }
            ],
            "disable_api_stop": false,
            "disable_api_termination": false,
            "ebs_block_device": [],
            "ebs_optimized": false,
            "enable_primary_ipv6": null,
            "enclave_options": [
              {
                "enabled": false
              }
            ],
            "ephemeral_block_device": [],
            "force_destroy": false,
            "get_password_data": false,
            "hibernation": false,
            "host_id": "",
            "host_resource_group_arn": null,
            "iam_instance_profile": "",
            "id": "i-04672e69c30675345",
            "instance_initiated_shutdown_behavior": "stop",
            "instance_lifecycle": "",
            "instance_market_options": [],
            "instance_state": "running",
            "instance_type": "t3.micro",
            "ipv6_address_count": 0,
            "ipv6_addresses": [],
            "key_name": "",
            "launch_template": [],
            "maintenance_options": [
              {
                "auto_recovery": "default"
              }
            ],
            "metadata_options": [
              {
                "http_endpoint": "enabled",
                "http_protocol_ipv6": "disabled",
                "http_put_response_hop_limit": 1,
                "http_tokens": "optional",
                "instance_metadata_tags": "disabled"
              }
            ],
            "monitoring": false,
            "network_interface": [],
            "outpost_arn": "",
            "password_data": "",
            "placement_group": "",
            "placement_group_id": "",
            "placement_partition_number": 0,
            "primary_network_interface": [
              {
                "delete_on_termination": true,
                "network_interface_id": "eni-014e2acf1b521b21c"
              }
            ],
            "primary_network_interface_id": "eni-014e2acf1b521b21c",
            "private_dns": "ip-172-31-47-160.ec2.internal",
            "private_dns_name_options": [
              {
                "enable_resource_name_dns_a_record": false,
                "enable_resource_name_dns_aaaa_record": false,
                "hostname_type": "ip-name"
              }
            ],
            "private_ip": "172.31.47.160",
            "public_dns": "ec2-52-90-217-182.compute-1.amazonaws.com",
            "public_ip": "52.90.217.182",
            "region": "us-east-1",
            "root_block_device": [
              {
                "delete_on_termination": true,
                "device_name": "/dev/sda1",
                "encrypted": false,
                "iops": 3000,
                "kms_key_id": "",
                "tags": {},
                "tags_all": {},
                "throughput": 125,
                "volume_id": "vol-0d00d6c8adf641aa0",
                "volume_size": 20,
                "volume_type": "gp3"
              }
            ],
            "secondary_network_interface": [],
            "secondary_private_ips": [],
            "security_groups": [
              "From Variables.tf file"
            ],
            "source_dest_check": true,
            "spot_instance_request_id": "",
            "subnet_id": "subnet-0d1f3e16025f18b59",
            "tags": {
              "Name": "redis"
            },
            "tags_all": {
              "Name": "redis"
            },
            "tenancy": "default",
            "timeouts": null,
            "user_data": null,
            "user_data_base64": null,
            "user_data_replace_on_change": false,
            "volume_tags": null,
            "vpc_security_group_ids": [
              "sg-0aae8942eb6f8581a"
            ]
          },
          "sensitive_attributes": [],
          "identity_schema_version": 0,
          "identity": {
            "account_id": "948966750052",
            "id": "i-04672e69c30675345",
            "region": "us-east-1"
          },
          "private": "eyJlMmJmYjczMC1lY2FhLTExZTYtOGY4OC0zNDM2M2JjN2M0YzAiOnsiY3JlYXRlIjo2MDAwMDAwMDAwMDAsImRlbGV0ZSI6MTIwMDAwMDAwMDAwMCwicmVhZCI6OTAwMDAwMDAwMDAwLCJ1cGRhdGUiOjYwMDAwMDAwMDAwMH0sInNjaGVtYV92ZXJzaW9uIjoiMiJ9",
          "dependencies": [
            "aws_security_group.testserver_sg"
          ]
        },
        {
          "index_key": 4,
          "schema_version": 2,
          "attributes": {
            "ami": "ami-0220d79f3f480ecf5",
            "arn": "arn:aws:ec2:us-east-1:948966750052:instance/i-08da5b3c55bd76bdd",
            "associate_public_ip_address": true,
            "availability_zone": "us-east-1d",
            "capacity_reservation_specification": [
              {
                "capacity_reservation_preference": "open",
                "capacity_reservation_target": []
              }
            ],
            "cpu_options": [
              {
                "amd_sev_snp": "",
                "core_count": 1,
                "nested_virtualization": "",
                "threads_per_core": 2
              }
            ],
            "credit_specification": [
              {
                "cpu_credits": "unlimited"
              }
            ],
            "disable_api_stop": false,
            "disable_api_termination": false,
            "ebs_block_device": [],
            "ebs_optimized": false,
            "enable_primary_ipv6": null,
            "enclave_options": [
              {
                "enabled": false
              }
            ],
            "ephemeral_block_device": [],
            "force_destroy": false,
            "get_password_data": false,
            "hibernation": false,
            "host_id": "",
            "host_resource_group_arn": null,
            "iam_instance_profile": "",
            "id": "i-08da5b3c55bd76bdd",
            "instance_initiated_shutdown_behavior": "stop",
            "instance_lifecycle": "",
            "instance_market_options": [],
            "instance_state": "running",
            "instance_type": "t3.micro",
            "ipv6_address_count": 0,
            "ipv6_addresses": [],
            "key_name": "",
            "launch_template": [],
            "maintenance_options": [
              {
                "auto_recovery": "default"
              }
            ],
            "metadata_options": [
              {
                "http_endpoint": "enabled",
                "http_protocol_ipv6": "disabled",
                "http_put_response_hop_limit": 1,
                "http_tokens": "optional",
                "instance_metadata_tags": "disabled"
              }
            ],
            "monitoring": false,
            "network_interface": [],
            "outpost_arn": "",
            "password_data": "",
            "placement_group": "",
            "placement_group_id": "",
            "placement_partition_number": 0,
            "primary_network_interface": [
              {
                "delete_on_termination": true,
                "network_interface_id": "eni-0dc0f59c2dab860c7"
              }
            ],
            "primary_network_interface_id": "eni-0dc0f59c2dab860c7",
            "private_dns": "ip-172-31-33-13.ec2.internal",
            "private_dns_name_options": [
              {
                "enable_resource_name_dns_a_record": false,
                "enable_resource_name_dns_aaaa_record": false,
                "hostname_type": "ip-name"
              }
            ],
            "private_ip": "172.31.33.13",
            "public_dns": "ec2-54-172-233-0.compute-1.amazonaws.com",
            "public_ip": "54.172.233.0",
            "region": "us-east-1",
            "root_block_device": [
              {
                "delete_on_termination": true,
                "device_name": "/dev/sda1",
                "encrypted": false,
                "iops": 3000,
                "kms_key_id": "",
                "tags": {},
                "tags_all": {},
                "throughput": 125,
                "volume_id": "vol-043d1f6955017ce4b",
                "volume_size": 20,
                "volume_type": "gp3"
              }
            ],
            "secondary_network_interface": [],
            "secondary_private_ips": [],
            "security_groups": [
              "From Variables.tf file"
            ],
            "source_dest_check": true,
            "spot_instance_request_id": "",
            "subnet_id": "subnet-0d1f3e16025f18b59",
            "tags": {
              "Name": "rabbitmq"
            },
            "tags_all": {
              "Name": "rabbitmq"
            },
            "tenancy": "default",
            "timeouts": null,
            "user_data": null,
            "user_data_base64": null,
            "user_data_replace_on_change": false,
            "volume_tags": null,
            "vpc_security_group_ids": [
              "sg-0aae8942eb6f8581a"
            ]
          },
          "sensitive_attributes": [],
          "identity_schema_version": 0,
          "identity": {
            "account_id": "948966750052",
            "id": "i-08da5b3c55bd76bdd",
            "region": "us-east-1"
          },
          "private": "eyJlMmJmYjczMC1lY2FhLTExZTYtOGY4OC0zNDM2M2JjN2M0YzAiOnsiY3JlYXRlIjo2MDAwMDAwMDAwMDAsImRlbGV0ZSI6MTIwMDAwMDAwMDAwMCwicmVhZCI6OTAwMDAwMDAwMDAwLCJ1cGRhdGUiOjYwMDAwMDAwMDAwMH0sInNjaGVtYV92ZXJzaW9uIjoiMiJ9",
          "dependencies": [
            "aws_security_group.testserver_sg"
          ]
        },
        {
          "index_key": 5,
          "schema_version": 2,
          "attributes": {
            "ami": "ami-0220d79f3f480ecf5",
            "arn": "arn:aws:ec2:us-east-1:948966750052:instance/i-0ca49afd4963f2865",
            "associate_public_ip_address": true,
            "availability_zone": "us-east-1d",
            "capacity_reservation_specification": [
              {
                "capacity_reservation_preference": "open",
                "capacity_reservation_target": []
              }
            ],
            "cpu_options": [
              {
                "amd_sev_snp": "",
                "core_count": 1,
                "nested_virtualization": "",
                "threads_per_core": 2
              }
            ],
            "credit_specification": [
              {
                "cpu_credits": "unlimited"
              }
            ],
            "disable_api_stop": false,
            "disable_api_termination": false,
            "ebs_block_device": [],
            "ebs_optimized": false,
            "enable_primary_ipv6": null,
            "enclave_options": [
              {
                "enabled": false
              }
            ],
            "ephemeral_block_device": [],
            "force_destroy": false,
            "get_password_data": false,
            "hibernation": false,
            "host_id": "",
            "host_resource_group_arn": null,
            "iam_instance_profile": "",
            "id": "i-0ca49afd4963f2865",
            "instance_initiated_shutdown_behavior": "stop",
            "instance_lifecycle": "",
            "instance_market_options": [],
            "instance_state": "running",
            "instance_type": "t3.micro",
            "ipv6_address_count": 0,
            "ipv6_addresses": [],
            "key_name": "",
            "launch_template": [],
            "maintenance_options": [
              {
                "auto_recovery": "default"
              }
            ],
            "metadata_options": [
              {
                "http_endpoint": "enabled",
                "http_protocol_ipv6": "disabled",
                "http_put_response_hop_limit": 1,
                "http_tokens": "optional",
                "instance_metadata_tags": "disabled"
              }
            ],
            "monitoring": false,
            "network_interface": [],
            "outpost_arn": "",
            "password_data": "",
            "placement_group": "",
            "placement_group_id": "",
            "placement_partition_number": 0,
            "primary_network_interface": [
              {
                "delete_on_termination": true,
                "network_interface_id": "eni-054bd67baa84a1f9b"
              }
            ],
            "primary_network_interface_id": "eni-054bd67baa84a1f9b",
            "private_dns": "ip-172-31-39-198.ec2.internal",
            "private_dns_name_options": [
              {
                "enable_resource_name_dns_a_record": false,
                "enable_resource_name_dns_aaaa_record": false,
                "hostname_type": "ip-name"
              }
            ],
            "private_ip": "172.31.39.198",
            "public_dns": "ec2-35-175-251-62.compute-1.amazonaws.com",
            "public_ip": "35.175.251.62",
            "region": "us-east-1",
            "root_block_device": [
              {
                "delete_on_termination": true,
                "device_name": "/dev/sda1",
                "encrypted": false,
                "iops": 3000,
                "kms_key_id": "",
                "tags": {},
                "tags_all": {},
                "throughput": 125,
                "volume_id": "vol-06fc76e269280f9f8",
                "volume_size": 20,
                "volume_type": "gp3"
              }
            ],
            "secondary_network_interface": [],
            "secondary_private_ips": [],
            "security_groups": [
              "From Variables.tf file"
            ],
            "source_dest_check": true,
            "spot_instance_request_id": "",
            "subnet_id": "subnet-0d1f3e16025f18b59",
            "tags": {
              "Name": "user"
            },
            "tags_all": {
              "Name": "user"
            },
            "tenancy": "default",
            "timeouts": null,
            "user_data": null,
            "user_data_base64": null,
            "user_data_replace_on_change": false,
            "volume_tags": null,
            "vpc_security_group_ids": [
              "sg-0aae8942eb6f8581a"
            ]
          },
          "sensitive_attributes": [],
          "identity_schema_version": 0,
          "identity": {
            "account_id": "948966750052",
            "id": "i-0ca49afd4963f2865",
            "region": "us-east-1"
          },
          "private": "eyJlMmJmYjczMC1lY2FhLTExZTYtOGY4OC0zNDM2M2JjN2M0YzAiOnsiY3JlYXRlIjo2MDAwMDAwMDAwMDAsImRlbGV0ZSI6MTIwMDAwMDAwMDAwMCwicmVhZCI6OTAwMDAwMDAwMDAwLCJ1cGRhdGUiOjYwMDAwMDAwMDAwMH0sInNjaGVtYV92ZXJzaW9uIjoiMiJ9",
          "dependencies": [
            "aws_security_group.testserver_sg"
          ]
        },
        {
          "index_key": 6,
          "schema_version": 2,
          "attributes": {
            "ami": "ami-0220d79f3f480ecf5",
            "arn": "arn:aws:ec2:us-east-1:948966750052:instance/i-07e1b8d53c09c6868",
            "associate_public_ip_address": true,
            "availability_zone": "us-east-1d",
            "capacity_reservation_specification": [
              {
                "capacity_reservation_preference": "open",
                "capacity_reservation_target": []
              }
            ],
            "cpu_options": [
              {
                "amd_sev_snp": "",
                "core_count": 1,
                "nested_virtualization": "",
                "threads_per_core": 2
              }
            ],
            "credit_specification": [
              {
                "cpu_credits": "unlimited"
              }
            ],
            "disable_api_stop": false,
            "disable_api_termination": false,
            "ebs_block_device": [],
            "ebs_optimized": false,
            "enable_primary_ipv6": null,
            "enclave_options": [
              {
                "enabled": false
              }
            ],
            "ephemeral_block_device": [],
            "force_destroy": false,
            "get_password_data": false,
            "hibernation": false,
            "host_id": "",
            "host_resource_group_arn": null,
            "iam_instance_profile": "",
            "id": "i-07e1b8d53c09c6868",
            "instance_initiated_shutdown_behavior": "stop",
            "instance_lifecycle": "",
            "instance_market_options": [],
            "instance_state": "running",
            "instance_type": "t3.micro",
            "ipv6_address_count": 0,
            "ipv6_addresses": [],
            "key_name": "",
            "launch_template": [],
            "maintenance_options": [
              {
                "auto_recovery": "default"
              }
            ],
            "metadata_options": [
              {
                "http_endpoint": "enabled",
                "http_protocol_ipv6": "disabled",
                "http_put_response_hop_limit": 1,
                "http_tokens": "optional",
                "instance_metadata_tags": "disabled"
              }
            ],
            "monitoring": false,
            "network_interface": [],
            "outpost_arn": "",
            "password_data": "",
            "placement_group": "",
            "placement_group_id": "",
            "placement_partition_number": 0,
            "primary_network_interface": [
              {
                "delete_on_termination": true,
                "network_interface_id": "eni-0140458f99e165778"
              }
            ],
            "primary_network_interface_id": "eni-0140458f99e165778",
            "private_dns": "ip-172-31-38-164.ec2.internal",
            "private_dns_name_options": [
              {
                "enable_resource_name_dns_a_record": false,
                "enable_resource_name_dns_aaaa_record": false,
                "hostname_type": "ip-name"
              }
            ],
            "private_ip": "172.31.38.164",
            "public_dns": "ec2-54-224-63-170.compute-1.amazonaws.com",
            "public_ip": "54.224.63.170",
            "region": "us-east-1",
            "root_block_device": [
              {
                "delete_on_termination": true,
                "device_name": "/dev/sda1",
                "encrypted": false,
                "iops": 3000,
                "kms_key_id": "",
                "tags": {},
                "tags_all": {},
                "throughput": 125,
                "volume_id": "vol-0ce0624ffb5455583",
                "volume_size": 20,
                "volume_type": "gp3"
              }
            ],
            "secondary_network_interface": [],
            "secondary_private_ips": [],
            "security_groups": [
              "From Variables.tf file"
            ],
            "source_dest_check": true,
            "spot_instance_request_id": "",
            "subnet_id": "subnet-0d1f3e16025f18b59",
            "tags": {
              "Name": "cart"
            },
            "tags_all": {
              "Name": "cart"
            },
            "tenancy": "default",
            "timeouts": null,
            "user_data": null,
            "user_data_base64": null,
            "user_data_replace_on_change": false,
            "volume_tags": null,
            "vpc_security_group_ids": [
              "sg-0aae8942eb6f8581a"
            ]
          },
          "sensitive_attributes": [],
          "identity_schema_version": 0,
          "identity": {
            "account_id": "948966750052",
            "id": "i-07e1b8d53c09c6868",
            "region": "us-east-1"
          },
          "private": "eyJlMmJmYjczMC1lY2FhLTExZTYtOGY4OC0zNDM2M2JjN2M0YzAiOnsiY3JlYXRlIjo2MDAwMDAwMDAwMDAsImRlbGV0ZSI6MTIwMDAwMDAwMDAwMCwicmVhZCI6OTAwMDAwMDAwMDAwLCJ1cGRhdGUiOjYwMDAwMDAwMDAwMH0sInNjaGVtYV92ZXJzaW9uIjoiMiJ9",
          "dependencies": [
            "aws_security_group.testserver_sg"
          ]
        },
        {
          "index_key": 7,
          "schema_version": 2,
          "attributes": {
            "ami": "ami-0220d79f3f480ecf5",
            "arn": "arn:aws:ec2:us-east-1:948966750052:instance/i-062e27f9c6a76d72a",
            "associate_public_ip_address": true,
            "availability_zone": "us-east-1d",
            "capacity_reservation_specification": [
              {
                "capacity_reservation_preference": "open",
                "capacity_reservation_target": []
              }
            ],
            "cpu_options": [
              {
                "amd_sev_snp": "",
                "core_count": 1,
                "nested_virtualization": "",
                "threads_per_core": 2
              }
            ],
            "credit_specification": [
              {
                "cpu_credits": "unlimited"
              }
            ],
            "disable_api_stop": false,
            "disable_api_termination": false,
            "ebs_block_device": [],
            "ebs_optimized": false,
            "enable_primary_ipv6": null,
            "enclave_options": [
              {
                "enabled": false
              }
            ],
            "ephemeral_block_device": [],
            "force_destroy": false,
            "get_password_data": false,
            "hibernation": false,
            "host_id": "",
            "host_resource_group_arn": null,
            "iam_instance_profile": "",
            "id": "i-062e27f9c6a76d72a",
            "instance_initiated_shutdown_behavior": "stop",
            "instance_lifecycle": "",
            "instance_market_options": [],
            "instance_state": "running",
            "instance_type": "t3.micro",
            "ipv6_address_count": 0,
            "ipv6_addresses": [],
            "key_name": "",
            "launch_template": [],
            "maintenance_options": [
              {
                "auto_recovery": "default"
              }
            ],
            "metadata_options": [
              {
                "http_endpoint": "enabled",
                "http_protocol_ipv6": "disabled",
                "http_put_response_hop_limit": 1,
                "http_tokens": "optional",
                "instance_metadata_tags": "disabled"
              }
            ],
            "monitoring": false,
            "network_interface": [],
            "outpost_arn": "",
            "password_data": "",
            "placement_group": "",
            "placement_group_id": "",
            "placement_partition_number": 0,
            "primary_network_interface": [
              {
                "delete_on_termination": true,
                "network_interface_id": "eni-0d8e3bdca0fe22f84"
              }
            ],
            "primary_network_interface_id": "eni-0d8e3bdca0fe22f84",
            "private_dns": "ip-172-31-46-233.ec2.internal",
            "private_dns_name_options": [
              {
                "enable_resource_name_dns_a_record": false,
                "enable_resource_name_dns_aaaa_record": false,
                "hostname_type": "ip-name"
              }
            ],
            "private_ip": "172.31.46.233",
            "public_dns": "ec2-98-91-245-222.compute-1.amazonaws.com",
            "public_ip": "98.91.245.222",
            "region": "us-east-1",
            "root_block_device": [
              {
                "delete_on_termination": true,
                "device_name": "/dev/sda1",
                "encrypted": false,
                "iops": 3000,
                "kms_key_id": "",
                "tags": {},
                "tags_all": {},
                "throughput": 125,
                "volume_id": "vol-07ac6d3dfd628c11b",
                "volume_size": 20,
                "volume_type": "gp3"
              }
            ],
            "secondary_network_interface": [],
            "secondary_private_ips": [],
            "security_groups": [
              "From Variables.tf file"
            ],
            "source_dest_check": true,
            "spot_instance_request_id": "",
            "subnet_id": "subnet-0d1f3e16025f18b59",
            "tags": {
              "Name": "shipping"
            },
            "tags_all": {
              "Name": "shipping"
            },
            "tenancy": "default",
            "timeouts": null,
            "user_data": null,
            "user_data_base64": null,
            "user_data_replace_on_change": false,
            "volume_tags": null,
            "vpc_security_group_ids": [
              "sg-0aae8942eb6f8581a"
            ]
          },
          "sensitive_attributes": [],
          "identity_schema_version": 0,
          "identity": {
            "account_id": "948966750052",
            "id": "i-062e27f9c6a76d72a",
            "region": "us-east-1"
          },
          "private": "eyJlMmJmYjczMC1lY2FhLTExZTYtOGY4OC0zNDM2M2JjN2M0YzAiOnsiY3JlYXRlIjo2MDAwMDAwMDAwMDAsImRlbGV0ZSI6MTIwMDAwMDAwMDAwMCwicmVhZCI6OTAwMDAwMDAwMDAwLCJ1cGRhdGUiOjYwMDAwMDAwMDAwMH0sInNjaGVtYV92ZXJzaW9uIjoiMiJ9",
          "dependencies": [
            "aws_security_group.testserver_sg"
          ]
        },
        {
          "index_key": 8,
          "schema_version": 2,
          "attributes": {
            "ami": "ami-0220d79f3f480ecf5",
            "arn": "arn:aws:ec2:us-east-1:948966750052:instance/i-09c8607c9fed6fc84",
            "associate_public_ip_address": true,
            "availability_zone": "us-east-1d",
            "capacity_reservation_specification": [
              {
                "capacity_reservation_preference": "open",
                "capacity_reservation_target": []
              }
            ],
            "cpu_options": [
              {
                "amd_sev_snp": "",
                "core_count": 1,
                "nested_virtualization": "",
                "threads_per_core": 2
              }
            ],
            "credit_specification": [
              {
                "cpu_credits": "unlimited"
              }
            ],
            "disable_api_stop": false,
            "disable_api_termination": false,
            "ebs_block_device": [],
            "ebs_optimized": false,
            "enable_primary_ipv6": null,
            "enclave_options": [
              {
                "enabled": false
              }
            ],
            "ephemeral_block_device": [],
            "force_destroy": false,
            "get_password_data": false,
            "hibernation": false,
            "host_id": "",
            "host_resource_group_arn": null,
            "iam_instance_profile": "",
            "id": "i-09c8607c9fed6fc84",
            "instance_initiated_shutdown_behavior": "stop",
            "instance_lifecycle": "",
            "instance_market_options": [],
            "instance_state": "running",
            "instance_type": "t3.micro",
            "ipv6_address_count": 0,
            "ipv6_addresses": [],
            "key_name": "",
            "launch_template": [],
            "maintenance_options": [
              {
                "auto_recovery": "default"
              }
            ],
            "metadata_options": [
              {
                "http_endpoint": "enabled",
                "http_protocol_ipv6": "disabled",
                "http_put_response_hop_limit": 1,
                "http_tokens": "optional",
                "instance_metadata_tags": "disabled"
              }
            ],
            "monitoring": false,
            "network_interface": [],
            "outpost_arn": "",
            "password_data": "",
            "placement_group": "",
            "placement_group_id": "",
            "placement_partition_number": 0,
            "primary_network_interface": [
              {
                "delete_on_termination": true,
                "network_interface_id": "eni-0a97ede766989ab2a"
              }
            ],
            "primary_network_interface_id": "eni-0a97ede766989ab2a",
            "private_dns": "ip-172-31-40-140.ec2.internal",
            "private_dns_name_options": [
              {
                "enable_resource_name_dns_a_record": false,
                "enable_resource_name_dns_aaaa_record": false,
                "hostname_type": "ip-name"
              }
            ],
            "private_ip": "172.31.40.140",
            "public_dns": "ec2-54-80-94-179.compute-1.amazonaws.com",
            "public_ip": "54.80.94.179",
            "region": "us-east-1",
            "root_block_device": [
              {
                "delete_on_termination": true,
                "device_name": "/dev/sda1",
                "encrypted": false,
                "iops": 3000,
                "kms_key_id": "",
                "tags": {},
                "tags_all": {},
                "throughput": 125,
                "volume_id": "vol-03e74a6427f9768a2",
                "volume_size": 20,
                "volume_type": "gp3"
              }
            ],
            "secondary_network_interface": [],
            "secondary_private_ips": [],
            "security_groups": [
              "From Variables.tf file"
            ],
            "source_dest_check": true,
            "spot_instance_request_id": "",
            "subnet_id": "subnet-0d1f3e16025f18b59",
            "tags": {
              "Name": "payment"
            },
            "tags_all": {
              "Name": "payment"
            },
            "tenancy": "default",
            "timeouts": null,
            "user_data": null,
            "user_data_base64": null,
            "user_data_replace_on_change": false,
            "volume_tags": null,
            "vpc_security_group_ids": [
              "sg-0aae8942eb6f8581a"
            ]
          },
          "sensitive_attributes": [],
          "identity_schema_version": 0,
          "identity": {
            "account_id": "948966750052",
            "id": "i-09c8607c9fed6fc84",
            "region": "us-east-1"
          },
          "private": "eyJlMmJmYjczMC1lY2FhLTExZTYtOGY4OC0zNDM2M2JjN2M0YzAiOnsiY3JlYXRlIjo2MDAwMDAwMDAwMDAsImRlbGV0ZSI6MTIwMDAwMDAwMDAwMCwicmVhZCI6OTAwMDAwMDAwMDAwLCJ1cGRhdGUiOjYwMDAwMDAwMDAwMH0sInNjaGVtYV92ZXJzaW9uIjoiMiJ9",
          "dependencies": [
            "aws_security_group.testserver_sg"
          ]
        },
        {
          "index_key": 9,
          "schema_version": 2,
          "attributes": {
            "ami": "ami-0220d79f3f480ecf5",
            "arn": "arn:aws:ec2:us-east-1:948966750052:instance/i-0122f92feafa0a620",
            "associate_public_ip_address": true,
            "availability_zone": "us-east-1d",
            "capacity_reservation_specification": [
              {
                "capacity_reservation_preference": "open",
                "capacity_reservation_target": []
              }
            ],
            "cpu_options": [
              {
                "amd_sev_snp": "",
                "core_count": 1,
                "nested_virtualization": "",
                "threads_per_core": 2
              }
            ],
            "credit_specification": [
              {
                "cpu_credits": "unlimited"
              }
            ],
            "disable_api_stop": false,
            "disable_api_termination": false,
            "ebs_block_device": [],
            "ebs_optimized": false,
            "enable_primary_ipv6": null,
            "enclave_options": [
              {
                "enabled": false
              }
            ],
            "ephemeral_block_device": [],
            "force_destroy": false,
            "get_password_data": false,
            "hibernation": false,
            "host_id": "",
            "host_resource_group_arn": null,
            "iam_instance_profile": "",
            "id": "i-0122f92feafa0a620",
            "instance_initiated_shutdown_behavior": "stop",
            "instance_lifecycle": "",
            "instance_market_options": [],
            "instance_state": "running",
            "instance_type": "t3.micro",
            "ipv6_address_count": 0,
            "ipv6_addresses": [],
            "key_name": "",
            "launch_template": [],
            "maintenance_options": [
              {
                "auto_recovery": "default"
              }
            ],
            "metadata_options": [
              {
                "http_endpoint": "enabled",
                "http_protocol_ipv6": "disabled",
                "http_put_response_hop_limit": 1,
                "http_tokens": "optional",
                "instance_metadata_tags": "disabled"
              }
            ],
            "monitoring": false,
            "network_interface": [],
            "outpost_arn": "",
            "password_data": "",
            "placement_group": "",
            "placement_group_id": "",
            "placement_partition_number": 0,
            "primary_network_interface": [
              {
                "delete_on_termination": true,
                "network_interface_id": "eni-0e7ab2487389ef8cb"
              }
            ],
            "primary_network_interface_id": "eni-0e7ab2487389ef8cb",
            "private_dns": "ip-172-31-34-188.ec2.internal",
            "private_dns_name_options": [
              {
                "enable_resource_name_dns_a_record": false,
                "enable_resource_name_dns_aaaa_record": false,
                "hostname_type": "ip-name"
              }
            ],
            "private_ip": "172.31.34.188",
            "public_dns": "ec2-3-95-254-156.compute-1.amazonaws.com",
            "public_ip": "3.95.254.156",
            "region": "us-east-1",
            "root_block_device": [
              {
                "delete_on_termination": true,
                "device_name": "/dev/sda1",
                "encrypted": false,
                "iops": 3000,
                "kms_key_id": "",
                "tags": {},
                "tags_all": {},
                "throughput": 125,
                "volume_id": "vol-0c7fe9b79c9b4ceed",
                "volume_size": 20,
                "volume_type": "gp3"
              }
            ],
            "secondary_network_interface": [],
            "secondary_private_ips": [],
            "security_groups": [
              "From Variables.tf file"
            ],
            "source_dest_check": true,
            "spot_instance_request_id": "",
            "subnet_id": "subnet-0d1f3e16025f18b59",
            "tags": {
              "Name": "frontend"
            },
            "tags_all": {
              "Name": "frontend"
            },
            "tenancy": "default",
            "timeouts": null,
            "user_data": null,
            "user_data_base64": null,
            "user_data_replace_on_change": false,
            "volume_tags": null,
            "vpc_security_group_ids": [
              "sg-0aae8942eb6f8581a"
            ]
          },
          "sensitive_attributes": [],
          "identity_schema_version": 0,
          "identity": {
            "account_id": "948966750052",
            "id": "i-0122f92feafa0a620",
            "region": "us-east-1"
          },
          "private": "eyJlMmJmYjczMC1lY2FhLTExZTYtOGY4OC0zNDM2M2JjN2M0YzAiOnsiY3JlYXRlIjo2MDAwMDAwMDAwMDAsImRlbGV0ZSI6MTIwMDAwMDAwMDAwMCwicmVhZCI6OTAwMDAwMDAwMDAwLCJ1cGRhdGUiOjYwMDAwMDAwMDAwMH0sInNjaGVtYV92ZXJzaW9uIjoiMiJ9",
          "dependencies": [
            "aws_security_group.testserver_sg"
          ]
        }
      ]
    },
    {
      "mode": "managed",
      "type": "aws_route53_record",
      "name": "www",
      "provider": "provider[\"registry.terraform.io/hashicorp/aws\"]",
      "instances": [
        {
          "index_key": 0,
          "schema_version": 2,
          "attributes": {
            "alias": [],
            "allow_overwrite": null,
            "cidr_routing_policy": [],
            "failover_routing_policy": [],
            "fqdn": "mongodb.tzpcsystems.xyz",
            "geolocation_routing_policy": [],
            "geoproximity_routing_policy": [],
            "health_check_id": "",
            "id": "Z0818741Y2022YQ09YCS_mongodb.tzpcsystems.xyz_A",
            "latency_routing_policy": [],
            "multivalue_answer_routing_policy": false,
            "name": "mongodb.tzpcsystems.xyz",
            "records": [
              "172.31.45.119"
            ],
            "set_identifier": "",
            "timeouts": null,
            "ttl": 1,
            "type": "A",
            "weighted_routing_policy": [],
            "zone_id": "Z0818741Y2022YQ09YCS"
          },
          "sensitive_attributes": [],
          "identity_schema_version": 0,
          "identity": {
            "account_id": "948966750052",
            "name": "mongodb.tzpcsystems.xyz",
            "set_identifier": null,
            "type": "A",
            "zone_id": "Z0818741Y2022YQ09YCS"
          },
          "private": "eyJlMmJmYjczMC1lY2FhLTExZTYtOGY4OC0zNDM2M2JjN2M0YzAiOnsiY3JlYXRlIjoxODAwMDAwMDAwMDAwLCJkZWxldGUiOjE4MDAwMDAwMDAwMDAsInVwZGF0ZSI6MTgwMDAwMDAwMDAwMH0sInNjaGVtYV92ZXJzaW9uIjoiMiJ9",
          "dependencies": [
            "aws_instance.testserver01",
            "aws_security_group.testserver_sg"
          ]
        },
        {
          "index_key": 1,
          "schema_version": 2,
          "attributes": {
            "alias": [],
            "allow_overwrite": null,
            "cidr_routing_policy": [],
            "failover_routing_policy": [],
            "fqdn": "mysql.tzpcsystems.xyz",
            "geolocation_routing_policy": [],
            "geoproximity_routing_policy": [],
            "health_check_id": "",
            "id": "Z0818741Y2022YQ09YCS_mysql.tzpcsystems.xyz_A",
            "latency_routing_policy": [],
            "multivalue_answer_routing_policy": false,
            "name": "mysql.tzpcsystems.xyz",
            "records": [
              "172.31.41.45"
            ],
            "set_identifier": "",
            "timeouts": null,
            "ttl": 1,
            "type": "A",
            "weighted_routing_policy": [],
            "zone_id": "Z0818741Y2022YQ09YCS"
          },
          "sensitive_attributes": [],
          "identity_schema_version": 0,
          "identity": {
            "account_id": "948966750052",
            "name": "mysql.tzpcsystems.xyz",
            "set_identifier": null,
            "type": "A",
            "zone_id": "Z0818741Y2022YQ09YCS"
          },
          "private": "eyJlMmJmYjczMC1lY2FhLTExZTYtOGY4OC0zNDM2M2JjN2M0YzAiOnsiY3JlYXRlIjoxODAwMDAwMDAwMDAwLCJkZWxldGUiOjE4MDAwMDAwMDAwMDAsInVwZGF0ZSI6MTgwMDAwMDAwMDAwMH0sInNjaGVtYV92ZXJzaW9uIjoiMiJ9",
          "dependencies": [
            "aws_instance.testserver01",
            "aws_security_group.testserver_sg"
          ]
        },
        {
          "index_key": 2,
          "schema_version": 2,
          "attributes": {
            "alias": [],
            "allow_overwrite": null,
            "cidr_routing_policy": [],
            "failover_routing_policy": [],
            "fqdn": "catalogue.tzpcsystems.xyz",
            "geolocation_routing_policy": [],
            "geoproximity_routing_policy": [],
            "health_check_id": "",
            "id": "Z0818741Y2022YQ09YCS_catalogue.tzpcsystems.xyz_A",
            "latency_routing_policy": [],
            "multivalue_answer_routing_policy": false,
            "name": "catalogue.tzpcsystems.xyz",
            "records": [
              "172.31.35.112"
            ],
            "set_identifier": "",
            "timeouts": null,
            "ttl": 1,
            "type": "A",
            "weighted_routing_policy": [],
            "zone_id": "Z0818741Y2022YQ09YCS"
          },
          "sensitive_attributes": [],
          "identity_schema_version": 0,
          "identity": {
            "account_id": "948966750052",
            "name": "catalogue.tzpcsystems.xyz",
            "set_identifier": null,
            "type": "A",
            "zone_id": "Z0818741Y2022YQ09YCS"
          },
          "private": "eyJlMmJmYjczMC1lY2FhLTExZTYtOGY4OC0zNDM2M2JjN2M0YzAiOnsiY3JlYXRlIjoxODAwMDAwMDAwMDAwLCJkZWxldGUiOjE4MDAwMDAwMDAwMDAsInVwZGF0ZSI6MTgwMDAwMDAwMDAwMH0sInNjaGVtYV92ZXJzaW9uIjoiMiJ9",
          "dependencies": [
            "aws_instance.testserver01",
            "aws_security_group.testserver_sg"
          ]
        },
        {
          "index_key": 3,
          "schema_version": 2,
          "attributes": {
            "alias": [],
            "allow_overwrite": null,
            "cidr_routing_policy": [],
            "failover_routing_policy": [],
            "fqdn": "redis.tzpcsystems.xyz",
            "geolocation_routing_policy": [],
            "geoproximity_routing_policy": [],
            "health_check_id": "",
            "id": "Z0818741Y2022YQ09YCS_redis.tzpcsystems.xyz_A",
            "latency_routing_policy": [],
            "multivalue_answer_routing_policy": false,
            "name": "redis.tzpcsystems.xyz",
            "records": [
              "172.31.47.160"
            ],
            "set_identifier": "",
            "timeouts": null,
            "ttl": 1,
            "type": "A",
            "weighted_routing_policy": [],
            "zone_id": "Z0818741Y2022YQ09YCS"
          },
          "sensitive_attributes": [],
          "identity_schema_version": 0,
          "identity": {
            "account_id": "948966750052",
            "name": "redis.tzpcsystems.xyz",
            "set_identifier": null,
            "type": "A",
            "zone_id": "Z0818741Y2022YQ09YCS"
          },
          "private": "eyJlMmJmYjczMC1lY2FhLTExZTYtOGY4OC0zNDM2M2JjN2M0YzAiOnsiY3JlYXRlIjoxODAwMDAwMDAwMDAwLCJkZWxldGUiOjE4MDAwMDAwMDAwMDAsInVwZGF0ZSI6MTgwMDAwMDAwMDAwMH0sInNjaGVtYV92ZXJzaW9uIjoiMiJ9",
          "dependencies": [
            "aws_instance.testserver01",
            "aws_security_group.testserver_sg"
          ]
        },
        {
          "index_key": 4,
          "schema_version": 2,
          "attributes": {
            "alias": [],
            "allow_overwrite": null,
            "cidr_routing_policy": [],
            "failover_routing_policy": [],
            "fqdn": "rabbitmq.tzpcsystems.xyz",
            "geolocation_routing_policy": [],
            "geoproximity_routing_policy": [],
            "health_check_id": "",
            "id": "Z0818741Y2022YQ09YCS_rabbitmq.tzpcsystems.xyz_A",
            "latency_routing_policy": [],
            "multivalue_answer_routing_policy": false,
            "name": "rabbitmq.tzpcsystems.xyz",
            "records": [
              "172.31.33.13"
            ],
            "set_identifier": "",
            "timeouts": null,
            "ttl": 1,
            "type": "A",
            "weighted_routing_policy": [],
            "zone_id": "Z0818741Y2022YQ09YCS"
          },
          "sensitive_attributes": [],
          "identity_schema_version": 0,
          "identity": {
            "account_id": "948966750052",
            "name": "rabbitmq.tzpcsystems.xyz",
            "set_identifier": null,
            "type": "A",
            "zone_id": "Z0818741Y2022YQ09YCS"
          },
          "private": "eyJlMmJmYjczMC1lY2FhLTExZTYtOGY4OC0zNDM2M2JjN2M0YzAiOnsiY3JlYXRlIjoxODAwMDAwMDAwMDAwLCJkZWxldGUiOjE4MDAwMDAwMDAwMDAsInVwZGF0ZSI6MTgwMDAwMDAwMDAwMH0sInNjaGVtYV92ZXJzaW9uIjoiMiJ9",
          "dependencies": [
            "aws_instance.testserver01",
            "aws_security_group.testserver_sg"
          ]
        },
        {
          "index_key": 5,
          "schema_version": 2,
          "attributes": {
            "alias": [],
            "allow_overwrite": null,
            "cidr_routing_policy": [],
            "failover_routing_policy": [],
            "fqdn": "user.tzpcsystems.xyz",
            "geolocation_routing_policy": [],
            "geoproximity_routing_policy": [],
            "health_check_id": "",
            "id": "Z0818741Y2022YQ09YCS_user.tzpcsystems.xyz_A",
            "latency_routing_policy": [],
            "multivalue_answer_routing_policy": false,
            "name": "user.tzpcsystems.xyz",
            "records": [
              "172.31.39.198"
            ],
            "set_identifier": "",
            "timeouts": null,
            "ttl": 1,
            "type": "A",
            "weighted_routing_policy": [],
            "zone_id": "Z0818741Y2022YQ09YCS"
          },
          "sensitive_attributes": [],
          "identity_schema_version": 0,
          "identity": {
            "account_id": "948966750052",
            "name": "user.tzpcsystems.xyz",
            "set_identifier": null,
            "type": "A",
            "zone_id": "Z0818741Y2022YQ09YCS"
          },
          "private": "eyJlMmJmYjczMC1lY2FhLTExZTYtOGY4OC0zNDM2M2JjN2M0YzAiOnsiY3JlYXRlIjoxODAwMDAwMDAwMDAwLCJkZWxldGUiOjE4MDAwMDAwMDAwMDAsInVwZGF0ZSI6MTgwMDAwMDAwMDAwMH0sInNjaGVtYV92ZXJzaW9uIjoiMiJ9",
          "dependencies": [
            "aws_instance.testserver01",
            "aws_security_group.testserver_sg"
          ]
        },
        {
          "index_key": 6,
          "schema_version": 2,
          "attributes": {
            "alias": [],
            "allow_overwrite": null,
            "cidr_routing_policy": [],
            "failover_routing_policy": [],
            "fqdn": "cart.tzpcsystems.xyz",
            "geolocation_routing_policy": [],
            "geoproximity_routing_policy": [],
            "health_check_id": "",
            "id": "Z0818741Y2022YQ09YCS_cart.tzpcsystems.xyz_A",
            "latency_routing_policy": [],
            "multivalue_answer_routing_policy": false,
            "name": "cart.tzpcsystems.xyz",
            "records": [
              "172.31.38.164"
            ],
            "set_identifier": "",
            "timeouts": null,
            "ttl": 1,
            "type": "A",
            "weighted_routing_policy": [],
            "zone_id": "Z0818741Y2022YQ09YCS"
          },
          "sensitive_attributes": [],
          "identity_schema_version": 0,
          "identity": {
            "account_id": "948966750052",
            "name": "cart.tzpcsystems.xyz",
            "set_identifier": null,
            "type": "A",
            "zone_id": "Z0818741Y2022YQ09YCS"
          },
          "private": "eyJlMmJmYjczMC1lY2FhLTExZTYtOGY4OC0zNDM2M2JjN2M0YzAiOnsiY3JlYXRlIjoxODAwMDAwMDAwMDAwLCJkZWxldGUiOjE4MDAwMDAwMDAwMDAsInVwZGF0ZSI6MTgwMDAwMDAwMDAwMH0sInNjaGVtYV92ZXJzaW9uIjoiMiJ9",
          "dependencies": [
            "aws_instance.testserver01",
            "aws_security_group.testserver_sg"
          ]
        },
        {
          "index_key": 7,
          "schema_version": 2,
          "attributes": {
            "alias": [],
            "allow_overwrite": null,
            "cidr_routing_policy": [],
            "failover_routing_policy": [],
            "fqdn": "shipping.tzpcsystems.xyz",
            "geolocation_routing_policy": [],
            "geoproximity_routing_policy": [],
            "health_check_id": "",
            "id": "Z0818741Y2022YQ09YCS_shipping.tzpcsystems.xyz_A",
            "latency_routing_policy": [],
            "multivalue_answer_routing_policy": false,
            "name": "shipping.tzpcsystems.xyz",
            "records": [
              "172.31.46.233"
            ],
            "set_identifier": "",
            "timeouts": null,
            "ttl": 1,
            "type": "A",
            "weighted_routing_policy": [],
            "zone_id": "Z0818741Y2022YQ09YCS"
          },
          "sensitive_attributes": [],
          "identity_schema_version": 0,
          "identity": {
            "account_id": "948966750052",
            "name": "shipping.tzpcsystems.xyz",
            "set_identifier": null,
            "type": "A",
            "zone_id": "Z0818741Y2022YQ09YCS"
          },
          "private": "eyJlMmJmYjczMC1lY2FhLTExZTYtOGY4OC0zNDM2M2JjN2M0YzAiOnsiY3JlYXRlIjoxODAwMDAwMDAwMDAwLCJkZWxldGUiOjE4MDAwMDAwMDAwMDAsInVwZGF0ZSI6MTgwMDAwMDAwMDAwMH0sInNjaGVtYV92ZXJzaW9uIjoiMiJ9",
          "dependencies": [
            "aws_instance.testserver01",
            "aws_security_group.testserver_sg"
          ]
        },
        {
          "index_key": 8,
          "schema_version": 2,
          "attributes": {
            "alias": [],
            "allow_overwrite": null,
            "cidr_routing_policy": [],
            "failover_routing_policy": [],
            "fqdn": "payment.tzpcsystems.xyz",
            "geolocation_routing_policy": [],
            "geoproximity_routing_policy": [],
            "health_check_id": "",
            "id": "Z0818741Y2022YQ09YCS_payment.tzpcsystems.xyz_A",
            "latency_routing_policy": [],
            "multivalue_answer_routing_policy": false,
            "name": "payment.tzpcsystems.xyz",
            "records": [
              "172.31.40.140"
            ],
            "set_identifier": "",
            "timeouts": null,
            "ttl": 1,
            "type": "A",
            "weighted_routing_policy": [],
            "zone_id": "Z0818741Y2022YQ09YCS"
          },
          "sensitive_attributes": [],
          "identity_schema_version": 0,
          "identity": {
            "account_id": "948966750052",
            "name": "payment.tzpcsystems.xyz",
            "set_identifier": null,
            "type": "A",
            "zone_id": "Z0818741Y2022YQ09YCS"
          },
          "private": "eyJlMmJmYjczMC1lY2FhLTExZTYtOGY4OC0zNDM2M2JjN2M0YzAiOnsiY3JlYXRlIjoxODAwMDAwMDAwMDAwLCJkZWxldGUiOjE4MDAwMDAwMDAwMDAsInVwZGF0ZSI6MTgwMDAwMDAwMDAwMH0sInNjaGVtYV92ZXJzaW9uIjoiMiJ9",
          "dependencies": [
            "aws_instance.testserver01",
            "aws_security_group.testserver_sg"
          ]
        },
        {
          "index_key": 9,
          "schema_version": 2,
          "attributes": {
            "alias": [],
            "allow_overwrite": null,
            "cidr_routing_policy": [],
            "failover_routing_policy": [],
            "fqdn": "frontend.tzpcsystems.xyz",
            "geolocation_routing_policy": [],
            "geoproximity_routing_policy": [],
            "health_check_id": "",
            "id": "Z0818741Y2022YQ09YCS_frontend.tzpcsystems.xyz_A",
            "latency_routing_policy": [],
            "multivalue_answer_routing_policy": false,
            "name": "frontend.tzpcsystems.xyz",
            "records": [
              "172.31.34.188"
            ],
            "set_identifier": "",
            "timeouts": null,
            "ttl": 1,
            "type": "A",
            "weighted_routing_policy": [],
            "zone_id": "Z0818741Y2022YQ09YCS"
          },
          "sensitive_attributes": [],
          "identity_schema_version": 0,
          "identity": {
            "account_id": "948966750052",
            "name": "frontend.tzpcsystems.xyz",
            "set_identifier": null,
            "type": "A",
            "zone_id": "Z0818741Y2022YQ09YCS"
          },
          "private": "eyJlMmJmYjczMC1lY2FhLTExZTYtOGY4OC0zNDM2M2JjN2M0YzAiOnsiY3JlYXRlIjoxODAwMDAwMDAwMDAwLCJkZWxldGUiOjE4MDAwMDAwMDAwMDAsInVwZGF0ZSI6MTgwMDAwMDAwMDAwMH0sInNjaGVtYV92ZXJzaW9uIjoiMiJ9",
          "dependencies": [
            "aws_instance.testserver01",
            "aws_security_group.testserver_sg"
          ]
        }
      ]
    },
    {
      "mode": "managed",
      "type": "aws_security_group",
      "name": "testserver_sg",
      "provider": "provider[\"registry.terraform.io/hashicorp/aws\"]",
      "instances": [
        {
          "schema_version": 1,
          "attributes": {
            "arn": "arn:aws:ec2:us-east-1:948966750052:security-group/sg-0aae8942eb6f8581a",
            "description": "Allow all traffic",
            "egress": [
              {
                "cidr_blocks": [
                  "0.0.0.0/0"
                ],
                "description": "",
                "from_port": 0,
                "ipv6_cidr_blocks": [
                  "::/0"
                ],
                "prefix_list_ids": [],
                "protocol": "-1",
                "security_groups": [],
                "self": false,
                "to_port": 0
              }
            ],
            "id": "sg-0aae8942eb6f8581a",
            "ingress": [
              {
                "cidr_blocks": [
                  "0.0.0.0/0"
                ],
                "description": "",
                "from_port": 0,
                "ipv6_cidr_blocks": [
                  "::/0"
                ],
                "prefix_list_ids": [],
                "protocol": "-1",
                "security_groups": [],
                "self": false,
                "to_port": 0
              }
            ],
            "name": "From Variables.tf file",
            "name_prefix": "",
            "owner_id": "948966750052",
            "region": "us-east-1",
            "revoke_rules_on_delete": false,
            "tags": {
              "Name": "testserver01",
              "terraform": "true"
            },
            "tags_all": {
              "Name": "testserver01",
              "terraform": "true"
            },
            "timeouts": null,
            "vpc_id": "vpc-00d9de542572a13ec"
          },
          "sensitive_attributes": [],
          "identity_schema_version": 0,
          "identity": {
            "account_id": "948966750052",
            "id": "sg-0aae8942eb6f8581a",
            "region": "us-east-1"
          },
          "private": "eyJlMmJmYjczMC1lY2FhLTExZTYtOGY4OC0zNDM2M2JjN2M0YzAiOnsiY3JlYXRlIjo2MDAwMDAwMDAwMDAsImRlbGV0ZSI6OTAwMDAwMDAwMDAwfSwic2NoZW1hX3ZlcnNpb24iOiIxIn0=",
          "create_before_destroy": true
        }
      ]
    }
  ],
  "check_results": null
}
